cd tests && go test -run '' -count=1 -v -timeout 600m
=== RUN   TestRunCompleteExampleOtherVersion
=== PAUSE TestRunCompleteExampleOtherVersion
=== RUN   TestPlanICDVersions
=== PAUSE TestPlanICDVersions
=== RUN   TestRunRestoredDBExample
=== PAUSE TestRunRestoredDBExample
=== RUN   TestRunStandardSolutionSchematics
=== PAUSE TestRunStandardSolutionSchematics
=== RUN   TestRunStandardUpgradeSolution
=== PAUSE TestRunStandardUpgradeSolution
=== RUN   TestRunExistingInstance
=== PAUSE TestRunExistingInstance
=== RUN   TestRunStandardSolutionIBMKeys
=== PAUSE TestRunStandardSolutionIBMKeys
=== CONT  TestRunCompleteExampleOtherVersion
=== CONT  TestRunStandardUpgradeSolution
=== CONT  TestRunStandardSolutionIBMKeys
=== CONT  TestRunRestoredDBExample
=== CONT  TestRunStandardSolutionSchematics
=== CONT  TestRunExistingInstance
=== CONT  TestPlanICDVersions
TestRunRestoredDBExample 2025-02-23T18:36:23+05:30 tests.go:75: TEMP CREATED:  /var/folders/7h/xm7wtf_j44j8zpcwyyz23kbc0000gn/T/terraform-mongo-restored-tmpaok4122674307
TestRunExistingInstance 2025-02-23T18:36:23+05:30 pr_test.go:156: Tempdir:  /var/folders/7h/xm7wtf_j44j8zpcwyyz23kbc0000gn/T/mongodb-t-ujp0he-l22ltm1542836640/terraform-ibm-icd-mongodb
TestRunExistingInstance 2025-02-23T18:36:23+05:30 retry.go:91: terraform [workspace list]
TestRunExistingInstance 2025-02-23T18:36:23+05:30 logger.go:67: Running command terraform with args [workspace list]
TestRunStandardSolutionIBMKeys 2025-02-23T18:36:23+05:30 tests.go:75: TEMP CREATED:  /var/folders/7h/xm7wtf_j44j8zpcwyyz23kbc0000gn/T/terraform-mongodb-icd-key-zqz3wy1305121850
TestRunRestoredDBExample 2025-02-23T18:36:23+05:30 tests.go:582: START: Init / Apply / Consistency Check
TestRunRestoredDBExample 2025-02-23T18:36:23+05:30 tests.go:661: START: Init / Apply
TestRunRestoredDBExample 2025-02-23T18:36:23+05:30 retry.go:91: terraform [init -upgrade=true]
TestRunRestoredDBExample 2025-02-23T18:36:23+05:30 logger.go:67: Running command terraform with args [init -upgrade=true]
TestRunStandardSolutionIBMKeys 2025-02-23T18:36:23+05:30 tests.go:582: START: Init / Apply / Consistency Check
TestRunStandardSolutionIBMKeys 2025-02-23T18:36:23+05:30 tests.go:661: START: Init / Apply
TestRunStandardSolutionIBMKeys 2025-02-23T18:36:23+05:30 retry.go:91: terraform [init -upgrade=true]
TestRunStandardSolutionIBMKeys 2025-02-23T18:36:23+05:30 logger.go:67: Running command terraform with args [init -upgrade=true]
TestRunExistingInstance 2025-02-23T18:36:23+05:30 logger.go:67: * default
TestRunExistingInstance 2025-02-23T18:36:23+05:30 logger.go:67: 
TestRunExistingInstance 2025-02-23T18:36:23+05:30 retry.go:91: terraform [workspace new mongodb-t-ujp0he]
TestRunExistingInstance 2025-02-23T18:36:23+05:30 logger.go:67: Running command terraform with args [workspace new mongodb-t-ujp0he]
TestRunRestoredDBExample 2025-02-23T18:36:23+05:30 logger.go:67: [0m[1mInitializing the backend...[0m
TestRunRestoredDBExample 2025-02-23T18:36:23+05:30 logger.go:67: [0m[1mUpgrading modules...[0m
TestRunStandardSolutionIBMKeys 2025-02-23T18:36:23+05:30 logger.go:67: [0m[1mInitializing the backend...[0m
TestRunStandardSolutionIBMKeys 2025-02-23T18:36:23+05:30 logger.go:67: [0m[1mUpgrading modules...[0m
TestRunExistingInstance 2025-02-23T18:36:23+05:30 logger.go:67: [0m[32m[1mCreated and switched to workspace "mongodb-t-ujp0he"![0m[32m
TestRunExistingInstance 2025-02-23T18:36:23+05:30 logger.go:67: 
TestRunExistingInstance 2025-02-23T18:36:23+05:30 logger.go:67: You're now on a new, empty workspace. Workspaces isolate their state,
TestRunExistingInstance 2025-02-23T18:36:23+05:30 logger.go:67: so if you run "terraform plan" Terraform will not see any existing state
TestRunExistingInstance 2025-02-23T18:36:23+05:30 logger.go:67: for this configuration.[0m
TestRunExistingInstance 2025-02-23T18:36:23+05:30 retry.go:91: terraform [workspace show]
TestRunExistingInstance 2025-02-23T18:36:23+05:30 logger.go:67: Running command terraform with args [workspace show]
TestRunExistingInstance 2025-02-23T18:36:23+05:30 logger.go:67: mongodb-t-ujp0he
TestRunExistingInstance 2025-02-23T18:36:23+05:30 retry.go:91: terraform [init -upgrade=true]
TestRunExistingInstance 2025-02-23T18:36:23+05:30 logger.go:67: Running command terraform with args [init -upgrade=true]
TestRunExistingInstance 2025-02-23T18:36:23+05:30 logger.go:67: [0m[1mInitializing the backend...[0m
TestRunExistingInstance 2025-02-23T18:36:23+05:30 logger.go:67: [0m[1mUpgrading modules...[0m
TestRunExistingInstance 2025-02-23T18:36:23+05:30 logger.go:67: - database in ../..
TestRunExistingInstance 2025-02-23T18:36:23+05:30 logger.go:67: Downloading registry.terraform.io/terraform-ibm-modules/common-utilities/ibm 1.1.0 for database.backup_key_crn_parser...
TestRunStandardSolutionIBMKeys 2025-02-23T18:36:23+05:30 logger.go:67: Downloading registry.terraform.io/terraform-ibm-modules/kms-all-inclusive/ibm 4.19.7 for kms...
TestRunRestoredDBExample 2025-02-23T18:36:23+05:30 logger.go:67: Downloading registry.terraform.io/terraform-ibm-modules/resource-group/ibm 1.1.6 for resource_group...
=== RUN   TestPlanICDVersions/7.0
=== PAUSE TestPlanICDVersions/7.0
=== RUN   TestPlanICDVersions/6.0
=== PAUSE TestPlanICDVersions/6.0
=== CONT  TestPlanICDVersions/7.0
=== CONT  TestPlanICDVersions/6.0
TestRunExistingInstance 2025-02-23T18:36:25+05:30 logger.go:67: - database.backup_key_crn_parser in .terraform/modules/database.backup_key_crn_parser/modules/crn-parser
TestRunExistingInstance 2025-02-23T18:36:25+05:30 logger.go:67: Downloading registry.terraform.io/terraform-ibm-modules/cbr/ibm 1.29.0 for database.cbr_rule...
TestRunStandardSolutionIBMKeys 2025-02-23T18:36:25+05:30 logger.go:67: - kms in .terraform/modules/kms
TestRunStandardSolutionIBMKeys 2025-02-23T18:36:26+05:30 logger.go:67: Downloading registry.terraform.io/terraform-ibm-modules/kms-key/ibm 1.3.1 for kms.existing_key_ring_keys...
TestRunRestoredDBExample 2025-02-23T18:36:26+05:30 logger.go:67: - resource_group in .terraform/modules/resource_group
TestRunRestoredDBExample 2025-02-23T18:36:26+05:30 logger.go:67: - restored_icd_mongodb in ../..
TestRunRestoredDBExample 2025-02-23T18:36:26+05:30 logger.go:67: Downloading registry.terraform.io/terraform-ibm-modules/common-utilities/ibm 1.1.0 for restored_icd_mongodb.backup_key_crn_parser...
2025/02/23 18:36:27 Region eu-de VPC count: 1
2025/02/23 18:36:27 --- new best region is eu-de
2025/02/23 18:36:27 Region eu-de VPC count: 1
2025/02/23 18:36:27 --- new best region is eu-de
TestRunExistingInstance 2025-02-23T18:36:28+05:30 logger.go:67: - database.cbr_rule in .terraform/modules/database.cbr_rule/modules/cbr-rule-module
TestRunExistingInstance 2025-02-23T18:36:28+05:30 logger.go:67: Downloading registry.terraform.io/terraform-ibm-modules/common-utilities/ibm 1.1.0 for database.kms_key_crn_parser...
TestRunExistingInstance 2025-02-23T18:36:28+05:30 logger.go:67: - database.kms_key_crn_parser in .terraform/modules/database.kms_key_crn_parser/modules/crn-parser
TestRunExistingInstance 2025-02-23T18:36:28+05:30 logger.go:67: Downloading registry.terraform.io/terraform-ibm-modules/resource-group/ibm 1.1.6 for resource_group...
TestRunStandardSolutionIBMKeys 2025-02-23T18:36:28+05:30 logger.go:67: - kms.existing_key_ring_keys in .terraform/modules/kms.existing_key_ring_keys
TestRunStandardSolutionIBMKeys 2025-02-23T18:36:28+05:30 logger.go:67: Downloading registry.terraform.io/terraform-ibm-modules/key-protect/ibm 2.10.0 for kms.key_protect...
TestRunRestoredDBExample 2025-02-23T18:36:28+05:30 logger.go:67: - restored_icd_mongodb.backup_key_crn_parser in .terraform/modules/restored_icd_mongodb.backup_key_crn_parser/modules/crn-parser
TestRunRestoredDBExample 2025-02-23T18:36:28+05:30 logger.go:67: Downloading registry.terraform.io/terraform-ibm-modules/cbr/ibm 1.29.0 for restored_icd_mongodb.cbr_rule...
2025/02/23 18:36:28 Region eu-de VPC count: 1
2025/02/23 18:36:28 --- new best region is eu-de
2025/02/23 18:36:29 Region us-south VPC count: 12
2025/02/23 18:36:29 Best region was found!: eu-de
=== NAME  TestRunStandardSolutionSchematics
    tests.go:329: [SCHEMATICS] Random Workspace region chosen: us
    schematics.go:136: [SCHEMATICS] Schematics API for region us: https://us.schematics.cloud.ibm.com
2025/02/23 18:36:30 Region us-south VPC count: 12
2025/02/23 18:36:30 Best region was found!: eu-de
TestRunCompleteExampleOtherVersion 2025-02-23T18:36:30+05:30 tests.go:75: TEMP CREATED:  /var/folders/7h/xm7wtf_j44j8zpcwyyz23kbc0000gn/T/terraform-mongodb-complete-test-ede05r3823344689
TestRunCompleteExampleOtherVersion 2025-02-23T18:36:30+05:30 tests.go:582: START: Init / Apply / Consistency Check
TestRunCompleteExampleOtherVersion 2025-02-23T18:36:30+05:30 tests.go:661: START: Init / Apply
TestRunCompleteExampleOtherVersion 2025-02-23T18:36:30+05:30 retry.go:91: terraform [init -upgrade=true]
TestRunCompleteExampleOtherVersion 2025-02-23T18:36:30+05:30 logger.go:67: Running command terraform with args [init -upgrade=true]
TestRunCompleteExampleOtherVersion 2025-02-23T18:36:30+05:30 logger.go:67: [0m[1mInitializing the backend...[0m
TestRunCompleteExampleOtherVersion 2025-02-23T18:36:30+05:30 logger.go:67: [0m[1mUpgrading modules...[0m
TestRunCompleteExampleOtherVersion 2025-02-23T18:36:30+05:30 logger.go:67: - icd_mongodb in ../..
TestRunCompleteExampleOtherVersion 2025-02-23T18:36:30+05:30 logger.go:67: Downloading registry.terraform.io/terraform-ibm-modules/common-utilities/ibm 1.1.0 for icd_mongodb.backup_key_crn_parser...
TestRunExistingInstance 2025-02-23T18:36:30+05:30 logger.go:67: - resource_group in .terraform/modules/resource_group
TestRunExistingInstance 2025-02-23T18:36:30+05:30 logger.go:67: [0m[1mInitializing provider plugins...[0m
TestRunExistingInstance 2025-02-23T18:36:30+05:30 logger.go:67: - Finding hashicorp/time versions matching ">= 0.9.1, < 1.0.0"...
TestRunExistingInstance 2025-02-23T18:36:30+05:30 logger.go:67: - Finding ibm-cloud/ibm versions matching ">= 1.49.0, >= 1.70.0, 1.70.0, < 2.0.0"...
2025/02/23 18:36:30 Region us-south VPC count: 12
2025/02/23 18:36:30 Best region was found!: eu-de
TestRunExistingInstance 2025-02-23T18:36:30+05:30 logger.go:67: - Finding phillbaker/mongodb versions matching ">= 2.0.7"...
TestRunStandardUpgradeSolution 2025-02-23T18:36:30+05:30 tests.go:341: PR Branch: test-coverage
TestRunRestoredDBExample 2025-02-23T18:36:30+05:30 logger.go:67: - restored_icd_mongodb.cbr_rule in .terraform/modules/restored_icd_mongodb.cbr_rule/modules/cbr-rule-module
TestRunRestoredDBExample 2025-02-23T18:36:30+05:30 logger.go:67: Downloading registry.terraform.io/terraform-ibm-modules/common-utilities/ibm 1.1.0 for restored_icd_mongodb.kms_key_crn_parser...
TestRunRestoredDBExample 2025-02-23T18:36:30+05:30 logger.go:67: - restored_icd_mongodb.kms_key_crn_parser in .terraform/modules/restored_icd_mongodb.kms_key_crn_parser/modules/crn-parser
TestRunRestoredDBExample 2025-02-23T18:36:30+05:30 logger.go:67: [0m[1mInitializing provider plugins...[0m
TestRunRestoredDBExample 2025-02-23T18:36:30+05:30 logger.go:67: - Finding ibm-cloud/ibm versions matching ">= 1.49.0, >= 1.70.0, < 2.0.0"...
TestRunRestoredDBExample 2025-02-23T18:36:30+05:30 logger.go:67: - Finding hashicorp/time versions matching ">= 0.9.1, < 1.0.0"...
TestRunStandardSolutionIBMKeys 2025-02-23T18:36:31+05:30 logger.go:67: - kms.key_protect in .terraform/modules/kms.key_protect
TestRunStandardSolutionIBMKeys 2025-02-23T18:36:31+05:30 logger.go:67: Downloading registry.terraform.io/terraform-ibm-modules/cbr/ibm 1.29.0 for kms.key_protect.cbr_rule...
TestRunRestoredDBExample 2025-02-23T18:36:31+05:30 logger.go:67: - Installing hashicorp/time v0.12.1...
TestRunExistingInstance 2025-02-23T18:36:31+05:30 logger.go:67: - Installing hashicorp/time v0.12.1...
    tests.go:100: [SCHEMATICS] Creating Test Workspace
TestRunStandardUpgradeSolution 2025-02-23T18:36:31+05:30 tests.go:349: Base Repo: https://github.com/terraform-ibm-modules/terraform-ibm-icd-mongodb.git
TestRunStandardUpgradeSolution 2025-02-23T18:36:31+05:30 tests.go:350: Base Branch: main
TestRunStandardUpgradeSolution 2025-02-23T18:36:31+05:30 git.go:400: Remote name: upstream-ya055x
TestRunExistingInstance 2025-02-23T18:36:31+05:30 logger.go:67: - Installed hashicorp/time v0.12.1 (signed by HashiCorp)
TestRunRestoredDBExample 2025-02-23T18:36:31+05:30 logger.go:67: - Installed hashicorp/time v0.12.1 (signed by HashiCorp)
TestRunStandardUpgradeSolution 2025-02-23T18:36:32+05:30 git.go:415: Fetch output:
 []
Commit Messages (main): 
TestRunStandardUpgradeSolution 2025-02-23T18:36:32+05:30 tests.go:382: Temporarily disabling UseTerraformWorkspace in Upgrade Test as temporary directories are used instead of workspaces
TestRunStandardUpgradeSolution 2025-02-23T18:36:32+05:30 tests.go:403: TEMP PR DIR CREATED:  /var/folders/7h/xm7wtf_j44j8zpcwyyz23kbc0000gn/T/terraform-pr-mongodb-st-da-upg-wqj45p848702331
TestRunStandardUpgradeSolution 2025-02-23T18:36:32+05:30 tests.go:415: TEMP UPGRADE BASE DIR CREATED:  /var/folders/7h/xm7wtf_j44j8zpcwyyz23kbc0000gn/T/terraform-base-mongodb-st-da-upg-wqj45p2116203492
TestRunStandardUpgradeSolution 2025-02-23T18:36:32+05:30 tests.go:438: Copied current code to PR branch dir: /var/folders/7h/xm7wtf_j44j8zpcwyyz23kbc0000gn/T/terraform-pr-mongodb-st-da-upg-wqj45p848702331
TestRunCompleteExampleOtherVersion 2025-02-23T18:36:32+05:30 logger.go:67: - icd_mongodb.backup_key_crn_parser in .terraform/modules/icd_mongodb.backup_key_crn_parser/modules/crn-parser
TestRunCompleteExampleOtherVersion 2025-02-23T18:36:32+05:30 logger.go:67: Downloading registry.terraform.io/terraform-ibm-modules/cbr/ibm 1.29.0 for icd_mongodb.cbr_rule...
2025/02/23 18:36:32 Region us-south VPC count: 12
2025/02/23 18:36:32 --- new best region is us-south
2025/02/23 18:36:32 Best region was found!: us-south
2025/02/23 18:36:32 Error getting least vpc region
TestPlanICDVersions/6.0 2025-02-23T18:36:32+05:30 tests.go:75: TEMP CREATED:  /var/folders/7h/xm7wtf_j44j8zpcwyyz23kbc0000gn/T/terraform--f0zulz913650281
TestPlanICDVersions/7.0 2025-02-23T18:36:32+05:30 tests.go:75: TEMP CREATED:  /var/folders/7h/xm7wtf_j44j8zpcwyyz23kbc0000gn/T/terraform--2qbilr3162798947
TestPlanICDVersions/6.0 2025-02-23T18:36:32+05:30 tests.go:618: START: Init / Plan / Show w/Struct
TestPlanICDVersions/6.0 2025-02-23T18:36:32+05:30 retry.go:91: terraform [init -upgrade=true]
TestPlanICDVersions/7.0 2025-02-23T18:36:32+05:30 tests.go:618: START: Init / Plan / Show w/Struct
TestPlanICDVersions/7.0 2025-02-23T18:36:32+05:30 retry.go:91: terraform [init -upgrade=true]
TestRunStandardUpgradeSolution 2025-02-23T18:36:33+05:30 git.go:491: Cloned base repo and branch with authentication
TestRunStandardUpgradeSolution 2025-02-23T18:36:33+05:30 tests.go:473: Init / Apply on Base repo: https://github.com/terraform-ibm-modules/terraform-ibm-icd-mongodb.git
TestRunStandardUpgradeSolution 2025-02-23T18:36:33+05:30 tests.go:474: Init / Apply on Base branch: main
TestRunStandardUpgradeSolution 2025-02-23T18:36:33+05:30 tests.go:475: Init / Apply on Base branch dir: /var/folders/7h/xm7wtf_j44j8zpcwyyz23kbc0000gn/T/terraform-base-mongodb-st-da-upg-wqj45p2116203492/solutions/standard
TestRunStandardUpgradeSolution 2025-02-23T18:36:33+05:30 retry.go:91: terraform [init -upgrade=true]
TestRunStandardUpgradeSolution 2025-02-23T18:36:33+05:30 logger.go:67: Running command terraform with args [init -upgrade=true]
TestRunStandardUpgradeSolution 2025-02-23T18:36:33+05:30 logger.go:67: [0m[1mInitializing the backend...[0m
TestRunStandardUpgradeSolution 2025-02-23T18:36:33+05:30 logger.go:67: [0m[1mUpgrading modules...[0m
TestRunStandardUpgradeSolution 2025-02-23T18:36:33+05:30 logger.go:67: Downloading registry.terraform.io/terraform-ibm-modules/kms-all-inclusive/ibm 4.19.8 for kms...
TestRunStandardSolutionIBMKeys 2025-02-23T18:36:33+05:30 logger.go:67: - kms.key_protect.cbr_rule in .terraform/modules/kms.key_protect.cbr_rule/modules/cbr-rule-module
TestRunStandardSolutionIBMKeys 2025-02-23T18:36:33+05:30 logger.go:67: Downloading registry.terraform.io/terraform-ibm-modules/kms-key-ring/ibm 2.5.0 for kms.kms_key_rings...
TestRunExistingInstance 2025-02-23T18:36:34+05:30 logger.go:67: - Installing ibm-cloud/ibm v1.70.0...
TestRunRestoredDBExample 2025-02-23T18:36:34+05:30 logger.go:67: - Installing ibm-cloud/ibm v1.75.2...
TestRunCompleteExampleOtherVersion 2025-02-23T18:36:34+05:30 logger.go:67: - icd_mongodb.cbr_rule in .terraform/modules/icd_mongodb.cbr_rule/modules/cbr-rule-module
TestRunCompleteExampleOtherVersion 2025-02-23T18:36:34+05:30 logger.go:67: Downloading registry.terraform.io/terraform-ibm-modules/common-utilities/ibm 1.1.0 for icd_mongodb.kms_key_crn_parser...
TestRunCompleteExampleOtherVersion 2025-02-23T18:36:35+05:30 logger.go:67: - icd_mongodb.kms_key_crn_parser in .terraform/modules/icd_mongodb.kms_key_crn_parser/modules/crn-parser
TestRunCompleteExampleOtherVersion 2025-02-23T18:36:35+05:30 logger.go:67: Downloading registry.terraform.io/terraform-ibm-modules/kms-all-inclusive/ibm 4.19.7 for key_protect_all_inclusive...
TestRunStandardUpgradeSolution 2025-02-23T18:36:35+05:30 logger.go:67: - kms in .terraform/modules/kms
TestRunStandardUpgradeSolution 2025-02-23T18:36:35+05:30 logger.go:67: Downloading registry.terraform.io/terraform-ibm-modules/kms-key/ibm 1.4.0 for kms.existing_key_ring_keys...
TestRunStandardSolutionIBMKeys 2025-02-23T18:36:36+05:30 logger.go:67: - kms.kms_key_rings in .terraform/modules/kms.kms_key_rings
TestRunStandardSolutionIBMKeys 2025-02-23T18:36:36+05:30 logger.go:67: Downloading registry.terraform.io/terraform-ibm-modules/kms-key/ibm 1.3.1 for kms.kms_keys...
TestRunStandardSolutionIBMKeys 2025-02-23T18:36:36+05:30 logger.go:67: - kms.kms_keys in .terraform/modules/kms.kms_keys
TestRunStandardSolutionIBMKeys 2025-02-23T18:36:36+05:30 logger.go:67: Downloading registry.terraform.io/terraform-ibm-modules/common-utilities/ibm 1.1.0 for kms_backup_key_crn_parser...
    tests.go:106: [SCHEMATICS] Workspace Created: mongodb-st-da-s6ixic (us-east.workspace.mongodb-st-da-s6ixic.bef18192)
    schematics.go:233: [SCHEMATICS] Creating TAR file
    schematics.go:239: [SCHEMATICS] Uploading TAR file
TestRunCompleteExampleOtherVersion 2025-02-23T18:36:37+05:30 logger.go:67: - key_protect_all_inclusive in .terraform/modules/key_protect_all_inclusive
TestRunCompleteExampleOtherVersion 2025-02-23T18:36:37+05:30 logger.go:67: Downloading registry.terraform.io/terraform-ibm-modules/kms-key/ibm 1.3.1 for key_protect_all_inclusive.existing_key_ring_keys...
TestRunStandardUpgradeSolution 2025-02-23T18:36:38+05:30 logger.go:67: - kms.existing_key_ring_keys in .terraform/modules/kms.existing_key_ring_keys
TestRunStandardUpgradeSolution 2025-02-23T18:36:38+05:30 logger.go:67: Downloading registry.terraform.io/terraform-ibm-modules/key-protect/ibm 2.10.0 for kms.key_protect...
TestRunStandardSolutionIBMKeys 2025-02-23T18:36:39+05:30 logger.go:67: - kms_backup_key_crn_parser in .terraform/modules/kms_backup_key_crn_parser/modules/crn-parser
TestRunStandardSolutionIBMKeys 2025-02-23T18:36:39+05:30 logger.go:67: Downloading registry.terraform.io/terraform-ibm-modules/common-utilities/ibm 1.1.0 for kms_instance_crn_parser...
TestRunStandardSolutionIBMKeys 2025-02-23T18:36:39+05:30 logger.go:67: - kms_instance_crn_parser in .terraform/modules/kms_instance_crn_parser/modules/crn-parser
TestRunStandardSolutionIBMKeys 2025-02-23T18:36:39+05:30 logger.go:67: Downloading registry.terraform.io/terraform-ibm-modules/common-utilities/ibm 1.1.0 for kms_key_crn_parser...
TestRunStandardSolutionIBMKeys 2025-02-23T18:36:39+05:30 logger.go:67: - kms_key_crn_parser in .terraform/modules/kms_key_crn_parser/modules/crn-parser
TestRunStandardSolutionIBMKeys 2025-02-23T18:36:39+05:30 logger.go:67: - mongodb in ../../modules/fscloud
TestRunStandardSolutionIBMKeys 2025-02-23T18:36:39+05:30 logger.go:67: - mongodb.mongodb in ../..
TestRunStandardSolutionIBMKeys 2025-02-23T18:36:39+05:30 logger.go:67: Downloading registry.terraform.io/terraform-ibm-modules/common-utilities/ibm 1.1.0 for mongodb.mongodb.backup_key_crn_parser...
TestRunStandardSolutionIBMKeys 2025-02-23T18:36:39+05:30 logger.go:67: - mongodb.mongodb.backup_key_crn_parser in .terraform/modules/mongodb.mongodb.backup_key_crn_parser/modules/crn-parser
TestRunStandardSolutionIBMKeys 2025-02-23T18:36:39+05:30 logger.go:67: Downloading registry.terraform.io/terraform-ibm-modules/cbr/ibm 1.29.0 for mongodb.mongodb.cbr_rule...
TestRunStandardSolutionIBMKeys 2025-02-23T18:36:39+05:30 logger.go:67: - mongodb.mongodb.cbr_rule in .terraform/modules/mongodb.mongodb.cbr_rule/modules/cbr-rule-module
TestRunStandardSolutionIBMKeys 2025-02-23T18:36:39+05:30 logger.go:67: Downloading registry.terraform.io/terraform-ibm-modules/common-utilities/ibm 1.1.0 for mongodb.mongodb.kms_key_crn_parser...
TestRunStandardSolutionIBMKeys 2025-02-23T18:36:39+05:30 logger.go:67: - mongodb.mongodb.kms_key_crn_parser in .terraform/modules/mongodb.mongodb.kms_key_crn_parser/modules/crn-parser
TestRunStandardSolutionIBMKeys 2025-02-23T18:36:39+05:30 logger.go:67: Downloading registry.terraform.io/terraform-ibm-modules/common-utilities/ibm 1.1.0 for mongodb_instance_crn_parser...
TestRunStandardSolutionIBMKeys 2025-02-23T18:36:39+05:30 logger.go:67: - mongodb_instance_crn_parser in .terraform/modules/mongodb_instance_crn_parser/modules/crn-parser
TestRunStandardSolutionIBMKeys 2025-02-23T18:36:39+05:30 logger.go:67: Downloading registry.terraform.io/terraform-ibm-modules/resource-group/ibm 1.1.6 for resource_group...
TestRunCompleteExampleOtherVersion 2025-02-23T18:36:40+05:30 logger.go:67: - key_protect_all_inclusive.existing_key_ring_keys in .terraform/modules/key_protect_all_inclusive.existing_key_ring_keys
TestRunCompleteExampleOtherVersion 2025-02-23T18:36:40+05:30 logger.go:67: Downloading registry.terraform.io/terraform-ibm-modules/key-protect/ibm 2.10.0 for key_protect_all_inclusive.key_protect...
TestRunExistingInstance 2025-02-23T18:36:41+05:30 logger.go:67: - Installed ibm-cloud/ibm v1.70.0 (self-signed, key ID [0m[1mAAD3B791C49CC253[0m[0m)
TestRunExistingInstance 2025-02-23T18:36:41+05:30 logger.go:67: Partner and community providers are signed by their developers.
TestRunExistingInstance 2025-02-23T18:36:41+05:30 logger.go:67: If you'd like to know more about provider signing, you can read about it here:
TestRunExistingInstance 2025-02-23T18:36:41+05:30 logger.go:67: https://www.terraform.io/docs/cli/plugins/signing.html
TestRunExistingInstance 2025-02-23T18:36:41+05:30 logger.go:67: [31m╷[0m[0m
TestRunExistingInstance 2025-02-23T18:36:41+05:30 logger.go:67: [31m│[0m [0m[1m[31mError: [0m[0m[1mFailed to query available provider packages[0m
TestRunExistingInstance 2025-02-23T18:36:41+05:30 logger.go:67: [31m│[0m [0m
TestRunExistingInstance 2025-02-23T18:36:41+05:30 logger.go:67: [31m│[0m [0m[0mCould not retrieve the list of available versions for provider
TestRunExistingInstance 2025-02-23T18:36:41+05:30 logger.go:67: [31m│[0m [0mphillbaker/mongodb: provider registry registry.terraform.io does not have a
TestRunExistingInstance 2025-02-23T18:36:41+05:30 logger.go:67: [31m│[0m [0mprovider named registry.terraform.io/phillbaker/mongodb
TestRunExistingInstance 2025-02-23T18:36:41+05:30 logger.go:67: [31m│[0m [0m
TestRunExistingInstance 2025-02-23T18:36:41+05:30 logger.go:67: [31m│[0m [0mAll modules should specify their required_providers so that external
TestRunExistingInstance 2025-02-23T18:36:41+05:30 logger.go:67: [31m│[0m [0mconsumers will get the correct providers when using a module. To see which
TestRunExistingInstance 2025-02-23T18:36:41+05:30 logger.go:67: [31m│[0m [0mmodules are currently depending on phillbaker/mongodb, run the following
TestRunExistingInstance 2025-02-23T18:36:41+05:30 logger.go:67: [31m│[0m [0mcommand:
TestRunExistingInstance 2025-02-23T18:36:41+05:30 logger.go:67: [31m│[0m [0m    terraform providers
TestRunExistingInstance 2025-02-23T18:36:41+05:30 logger.go:67: [31m╵[0m[0m
TestRunExistingInstance 2025-02-23T18:36:41+05:30 retry.go:144: 'terraform [init -upgrade=true]' failed with the error 'error while running command: exit status 1; [31m╷[0m[0m
[31m│[0m [0m[1m[31mError: [0m[0m[1mFailed to query available provider packages[0m
[31m│[0m [0m
[31m│[0m [0m[0mCould not retrieve the list of available versions for provider
[31m│[0m [0mphillbaker/mongodb: provider registry registry.terraform.io does not have a
[31m│[0m [0mprovider named registry.terraform.io/phillbaker/mongodb
[31m│[0m [0m
[31m│[0m [0mAll modules should specify their required_providers so that external
[31m│[0m [0mconsumers will get the correct providers when using a module. To see which
[31m│[0m [0mmodules are currently depending on phillbaker/mongodb, run the following
[31m│[0m [0mcommand:
[31m│[0m [0m    terraform providers
[31m╵[0m[0m' but this error was expected and warrants a retry. Further details: Failed to retrieve plugin due to transient network error.

TestRunExistingInstance 2025-02-23T18:36:41+05:30 retry.go:103: terraform [init -upgrade=true] returned an error: error while running command: exit status 1; [31m╷[0m[0m
[31m│[0m [0m[1m[31mError: [0m[0m[1mFailed to query available provider packages[0m
[31m│[0m [0m
[31m│[0m [0m[0mCould not retrieve the list of available versions for provider
[31m│[0m [0mphillbaker/mongodb: provider registry registry.terraform.io does not have a
[31m│[0m [0mprovider named registry.terraform.io/phillbaker/mongodb
[31m│[0m [0m
[31m│[0m [0mAll modules should specify their required_providers so that external
[31m│[0m [0mconsumers will get the correct providers when using a module. To see which
[31m│[0m [0mmodules are currently depending on phillbaker/mongodb, run the following
[31m│[0m [0mcommand:
[31m│[0m [0m    terraform providers
[31m╵[0m[0m. Sleeping for 5s and will try again.
TestRunStandardUpgradeSolution 2025-02-23T18:36:41+05:30 logger.go:67: - kms.key_protect in .terraform/modules/kms.key_protect
TestRunStandardUpgradeSolution 2025-02-23T18:36:41+05:30 logger.go:67: Downloading registry.terraform.io/terraform-ibm-modules/cbr/ibm 1.29.0 for kms.key_protect.cbr_rule...
TestRunStandardSolutionIBMKeys 2025-02-23T18:36:42+05:30 logger.go:67: - resource_group in .terraform/modules/resource_group
TestRunStandardSolutionIBMKeys 2025-02-23T18:36:42+05:30 logger.go:67: Downloading registry.terraform.io/terraform-ibm-modules/secrets-manager/ibm 1.23.6 for secrets_manager_service_credentials...
TestRunRestoredDBExample 2025-02-23T18:36:42+05:30 logger.go:67: - Installed ibm-cloud/ibm v1.75.2 (self-signed, key ID [0m[1mAAD3B791C49CC253[0m[0m)
TestRunRestoredDBExample 2025-02-23T18:36:42+05:30 logger.go:67: Partner and community providers are signed by their developers.
TestRunRestoredDBExample 2025-02-23T18:36:42+05:30 logger.go:67: If you'd like to know more about provider signing, you can read about it here:
TestRunRestoredDBExample 2025-02-23T18:36:42+05:30 logger.go:67: https://www.terraform.io/docs/cli/plugins/signing.html
TestRunRestoredDBExample 2025-02-23T18:36:42+05:30 logger.go:67: Terraform has created a lock file [1m.terraform.lock.hcl[0m to record the provider
TestRunRestoredDBExample 2025-02-23T18:36:42+05:30 logger.go:67: selections it made above. Include this file in your version control repository
TestRunRestoredDBExample 2025-02-23T18:36:42+05:30 logger.go:67: so that Terraform can guarantee to make the same selections by default when
TestRunRestoredDBExample 2025-02-23T18:36:42+05:30 logger.go:67: you run "terraform init" in the future.[0m
TestRunRestoredDBExample 2025-02-23T18:36:42+05:30 logger.go:67: 
TestRunRestoredDBExample 2025-02-23T18:36:42+05:30 logger.go:67: [0m[1m[32mTerraform has been successfully initialized![0m[32m[0m
TestRunRestoredDBExample 2025-02-23T18:36:42+05:30 logger.go:67: [0m[32m
TestRunRestoredDBExample 2025-02-23T18:36:42+05:30 logger.go:67: You may now begin working with Terraform. Try running "terraform plan" to see
TestRunRestoredDBExample 2025-02-23T18:36:42+05:30 logger.go:67: any changes that are required for your infrastructure. All Terraform commands
TestRunRestoredDBExample 2025-02-23T18:36:42+05:30 logger.go:67: should now work.
TestRunRestoredDBExample 2025-02-23T18:36:42+05:30 logger.go:67: 
TestRunRestoredDBExample 2025-02-23T18:36:42+05:30 logger.go:67: If you ever set or change modules or backend configuration for Terraform,
TestRunRestoredDBExample 2025-02-23T18:36:42+05:30 logger.go:67: rerun this command to reinitialize your working directory. If you forget, other
TestRunRestoredDBExample 2025-02-23T18:36:42+05:30 logger.go:67: commands will detect it and remind you to do so if necessary.[0m
TestRunRestoredDBExample 2025-02-23T18:36:42+05:30 retry.go:91: terraform [apply -input=false -auto-approve -var resource_tags=[] -var prefix=mongo-restored-tmpaok -var region=us-south -var mongo_db_crn=crn:v1:bluemix:public:databases-for-mongodb:us-south:a/abac0df06b644a9cabc6e44f55b3880e:10e1efff-d5fa-4d83-adef-f47f81ac5f00:: -var resource_group=geretain-test-mongo -lock=false]
TestRunRestoredDBExample 2025-02-23T18:36:42+05:30 logger.go:67: Running command terraform with args [apply -input=false -auto-approve -var resource_tags=[] -var prefix=mongo-restored-tmpaok -var region=us-south -var mongo_db_crn=crn:v1:bluemix:public:databases-for-mongodb:us-south:a/abac0df06b644a9cabc6e44f55b3880e:10e1efff-d5fa-4d83-adef-f47f81ac5f00:: -var resource_group=geretain-test-mongo -lock=false]
TestRunRestoredDBExample 2025-02-23T18:36:42+05:30 logger.go:67: [31m╷[0m[0m
TestRunRestoredDBExample 2025-02-23T18:36:42+05:30 logger.go:67: [31m│[0m [0m[1m[31mError: [0m[0m[1mValue for undeclared variable[0m
TestRunRestoredDBExample 2025-02-23T18:36:42+05:30 logger.go:67: [31m│[0m [0m
TestRunRestoredDBExample 2025-02-23T18:36:42+05:30 logger.go:67: [31m│[0m [0m[0mA variable named "mongo_db_crn" was assigned on the command line, but the
TestRunRestoredDBExample 2025-02-23T18:36:42+05:30 logger.go:67: [31m│[0m [0mroot module does not declare a variable of that name. To use this value,
TestRunRestoredDBExample 2025-02-23T18:36:42+05:30 logger.go:67: [31m│[0m [0madd a "variable" block to the configuration.
TestRunRestoredDBExample 2025-02-23T18:36:42+05:30 logger.go:67: [31m╵[0m[0m
TestRunRestoredDBExample 2025-02-23T18:36:42+05:30 retry.go:99: Returning due to fatal error: FatalError{Underlying: error while running command: exit status 1; [31m╷[0m[0m
[31m│[0m [0m[1m[31mError: [0m[0m[1mValue for undeclared variable[0m
[31m│[0m [0m
[31m│[0m [0m[0mA variable named "mongo_db_crn" was assigned on the command line, but the
[31m│[0m [0mroot module does not declare a variable of that name. To use this value,
[31m│[0m [0madd a "variable" block to the configuration.
[31m╵[0m[0m}
=== NAME  TestRunRestoredDBExample
    tests.go:663: 
        	Error Trace:	/Users/aatreyeemukherjee/go/pkg/mod/github.com/terraform-ibm-modules/ibmcloud-terratest-wrapper@v1.46.1/testhelper/tests.go:663
        	            				/Users/aatreyeemukherjee/go/pkg/mod/github.com/terraform-ibm-modules/ibmcloud-terratest-wrapper@v1.46.1/testhelper/tests.go:583
        	            				/Users/aatreyeemukherjee/Work/terraform-ibm-icd-mongodb/tests/other_test.go:102
        	Error:      	Expected nil, but got: retry.FatalError{Underlying:(*shell.ErrWithCmdOutput)(0x14001713908)}
        	Test:       	TestRunRestoredDBExample
        	Messages:   	Failed%!(EXTRA retry.FatalError=FatalError{Underlying: error while running command: exit status 1; [31m╷[0m[0m
        	            	[31m│[0m [0m[1m[31mError: [0m[0m[1mValue for undeclared variable[0m
        	            	[31m│[0m [0m
        	            	[31m│[0m [0m[0mA variable named "mongo_db_crn" was assigned on the command line, but the
        	            	[31m│[0m [0mroot module does not declare a variable of that name. To use this value,
        	            	[31m│[0m [0madd a "variable" block to the configuration.
        	            	[31m╵[0m[0m})
TestRunRestoredDBExample 2025-02-23T18:36:42+05:30 tests.go:664: FINISHED: Init / Apply
TestRunRestoredDBExample 2025-02-23T18:36:42+05:30 retry.go:91: terraform [output -no-color -json]
TestRunRestoredDBExample 2025-02-23T18:36:43+05:30 tests.go:196: START: Destroy
TestRunRestoredDBExample 2025-02-23T18:36:43+05:30 retry.go:91: terraform [destroy -auto-approve -input=false -var resource_tags=[] -var prefix=mongo-restored-tmpaok -var region=us-south -var mongo_db_crn=crn:v1:bluemix:public:databases-for-mongodb:us-south:a/abac0df06b644a9cabc6e44f55b3880e:10e1efff-d5fa-4d83-adef-f47f81ac5f00:: -var resource_group=geretain-test-mongo -lock=false]
TestRunRestoredDBExample 2025-02-23T18:36:43+05:30 command.go:121: Running command terraform with args [destroy -auto-approve -input=false -var resource_tags=[] -var prefix=mongo-restored-tmpaok -var region=us-south -var mongo_db_crn=crn:v1:bluemix:public:databases-for-mongodb:us-south:a/abac0df06b644a9cabc6e44f55b3880e:10e1efff-d5fa-4d83-adef-f47f81ac5f00:: -var resource_group=geretain-test-mongo -lock=false]
TestRunCompleteExampleOtherVersion 2025-02-23T18:36:43+05:30 logger.go:67: - key_protect_all_inclusive.key_protect in .terraform/modules/key_protect_all_inclusive.key_protect
TestRunCompleteExampleOtherVersion 2025-02-23T18:36:43+05:30 logger.go:67: Downloading registry.terraform.io/terraform-ibm-modules/cbr/ibm 1.29.0 for key_protect_all_inclusive.key_protect.cbr_rule...
TestRunCompleteExampleOtherVersion 2025-02-23T18:36:43+05:30 logger.go:67: - key_protect_all_inclusive.key_protect.cbr_rule in .terraform/modules/key_protect_all_inclusive.key_protect.cbr_rule/modules/cbr-rule-module
TestRunCompleteExampleOtherVersion 2025-02-23T18:36:43+05:30 logger.go:67: Downloading registry.terraform.io/terraform-ibm-modules/kms-key-ring/ibm 2.5.0 for key_protect_all_inclusive.kms_key_rings...
TestRunRestoredDBExample 2025-02-23T18:36:43+05:30 command.go:206: [31m╷[0m[0m
TestRunRestoredDBExample 2025-02-23T18:36:43+05:30 command.go:206: [31m│[0m [0m[1m[31mError: [0m[0m[1mValue for undeclared variable[0m
TestRunRestoredDBExample 2025-02-23T18:36:43+05:30 command.go:206: [31m│[0m [0m
TestRunRestoredDBExample 2025-02-23T18:36:43+05:30 command.go:206: [31m│[0m [0m[0mA variable named "mongo_db_crn" was assigned on the command line, but the
TestRunRestoredDBExample 2025-02-23T18:36:43+05:30 command.go:206: [31m│[0m [0mroot module does not declare a variable of that name. To use this value,
TestRunRestoredDBExample 2025-02-23T18:36:43+05:30 command.go:206: [31m│[0m [0madd a "variable" block to the configuration.
TestRunRestoredDBExample 2025-02-23T18:36:43+05:30 command.go:206: [31m╵[0m[0m
TestRunRestoredDBExample 2025-02-23T18:36:43+05:30 retry.go:99: Returning due to fatal error: FatalError{Underlying: error while running command: exit status 1; [31m╷[0m[0m
[31m│[0m [0m[1m[31mError: [0m[0m[1mValue for undeclared variable[0m
[31m│[0m [0m
[31m│[0m [0m[0mA variable named "mongo_db_crn" was assigned on the command line, but the
[31m│[0m [0mroot module does not declare a variable of that name. To use this value,
[31m│[0m [0madd a "variable" block to the configuration.
[31m╵[0m[0m}
    tests.go:198: 
        	Error Trace:	/Users/aatreyeemukherjee/go/pkg/mod/github.com/terraform-ibm-modules/ibmcloud-terratest-wrapper@v1.46.1/testhelper/tests.go:198
        	            				/Users/aatreyeemukherjee/go/pkg/mod/github.com/terraform-ibm-modules/ibmcloud-terratest-wrapper@v1.46.1/testhelper/tests.go:585
        	            				/Users/aatreyeemukherjee/Work/terraform-ibm-icd-mongodb/tests/other_test.go:102
        	Error:      	Received unexpected error:
        	            	FatalError{Underlying: error while running command: exit status 1; [31m╷[0m[0m
        	            	[31m│[0m [0m[1m[31mError: [0m[0m[1mValue for undeclared variable[0m
        	            	[31m│[0m [0m
        	            	[31m│[0m [0m[0mA variable named "mongo_db_crn" was assigned on the command line, but the
        	            	[31m│[0m [0mroot module does not declare a variable of that name. To use this value,
        	            	[31m│[0m [0madd a "variable" block to the configuration.
        	            	[31m╵[0m[0m}
        	Test:       	TestRunRestoredDBExample
TestRunRestoredDBExample 2025-02-23T18:36:43+05:30 tests.go:199: FatalError{Underlying: error while running command: exit status 1; [31m╷[0m[0m
[31m│[0m [0m[1m[31mError: [0m[0m[1mValue for undeclared variable[0m
[31m│[0m [0m
[31m│[0m [0m[0mA variable named "mongo_db_crn" was assigned on the command line, but the
[31m│[0m [0mroot module does not declare a variable of that name. To use this value,
[31m│[0m [0madd a "variable" block to the configuration.
[31m╵[0m[0m}
TestRunRestoredDBExample 2025-02-23T18:36:43+05:30 tests.go:266: END: Destroy
    other_test.go:103: 
        	Error Trace:	/Users/aatreyeemukherjee/Work/terraform-ibm-icd-mongodb/tests/other_test.go:103
        	Error:      	Expected nil, but got: retry.FatalError{Underlying:(*shell.ErrWithCmdOutput)(0x14001713908)}
        	Test:       	TestRunRestoredDBExample
        	Messages:   	This should not have errored
    other_test.go:104: 
        	Error Trace:	/Users/aatreyeemukherjee/Work/terraform-ibm-icd-mongodb/tests/other_test.go:104
        	Error:      	Expected value not to be nil.
        	Test:       	TestRunRestoredDBExample
        	Messages:   	Expected some output
--- FAIL: TestRunRestoredDBExample (20.04s)
TestRunStandardUpgradeSolution 2025-02-23T18:36:44+05:30 logger.go:67: - kms.key_protect.cbr_rule in .terraform/modules/kms.key_protect.cbr_rule/modules/cbr-rule-module
TestRunStandardUpgradeSolution 2025-02-23T18:36:44+05:30 logger.go:67: Downloading registry.terraform.io/terraform-ibm-modules/kms-key-ring/ibm 2.5.0 for kms.kms_key_rings...
TestRunStandardSolutionIBMKeys 2025-02-23T18:36:44+05:30 logger.go:67: - secrets_manager_service_credentials in .terraform/modules/secrets_manager_service_credentials/modules/secrets
TestRunStandardSolutionIBMKeys 2025-02-23T18:36:44+05:30 logger.go:67: Downloading registry.terraform.io/terraform-ibm-modules/secrets-manager-secret-group/ibm 1.2.2 for secrets_manager_service_credentials.secret_groups...
TestRunCompleteExampleOtherVersion 2025-02-23T18:36:45+05:30 logger.go:67: - key_protect_all_inclusive.kms_key_rings in .terraform/modules/key_protect_all_inclusive.kms_key_rings
TestRunCompleteExampleOtherVersion 2025-02-23T18:36:45+05:30 logger.go:67: Downloading registry.terraform.io/terraform-ibm-modules/kms-key/ibm 1.3.1 for key_protect_all_inclusive.kms_keys...
TestRunCompleteExampleOtherVersion 2025-02-23T18:36:45+05:30 logger.go:67: - key_protect_all_inclusive.kms_keys in .terraform/modules/key_protect_all_inclusive.kms_keys
TestRunCompleteExampleOtherVersion 2025-02-23T18:36:45+05:30 logger.go:67: Downloading https://github.com/terraform-ibm-modules/terraform-ibm-resource-group?ref=v1.1.6 for resource_group...
TestRunExistingInstance 2025-02-23T18:36:46+05:30 retry.go:91: terraform [init -upgrade=true]
TestRunExistingInstance 2025-02-23T18:36:46+05:30 logger.go:67: Running command terraform with args [init -upgrade=true]
TestRunExistingInstance 2025-02-23T18:36:46+05:30 logger.go:67: [0m[1mInitializing the backend...[0m
TestRunExistingInstance 2025-02-23T18:36:46+05:30 logger.go:67: [0m[1mUpgrading modules...[0m
TestRunExistingInstance 2025-02-23T18:36:46+05:30 logger.go:67: - database in ../..
TestRunCompleteExampleOtherVersion 2025-02-23T18:36:46+05:30 logger.go:67: Downloading registry.terraform.io/terraform-ibm-modules/secrets-manager/ibm 1.23.6 for secrets_manager...
TestRunExistingInstance 2025-02-23T18:36:46+05:30 logger.go:67: Downloading registry.terraform.io/terraform-ibm-modules/common-utilities/ibm 1.1.0 for database.backup_key_crn_parser...
TestRunStandardUpgradeSolution 2025-02-23T18:36:47+05:30 logger.go:67: - kms.kms_key_rings in .terraform/modules/kms.kms_key_rings
TestRunStandardUpgradeSolution 2025-02-23T18:36:47+05:30 logger.go:67: Downloading registry.terraform.io/terraform-ibm-modules/kms-key/ibm 1.4.0 for kms.kms_keys...
TestRunStandardUpgradeSolution 2025-02-23T18:36:47+05:30 logger.go:67: - kms.kms_keys in .terraform/modules/kms.kms_keys
TestRunStandardUpgradeSolution 2025-02-23T18:36:47+05:30 logger.go:67: Downloading registry.terraform.io/terraform-ibm-modules/common-utilities/ibm 1.1.0 for kms_backup_key_crn_parser...
TestPlanICDVersions/6.0 2025-02-23T18:36:47+05:30 retry.go:144: 'terraform [init -upgrade=true]' failed with the error 'error while running command: exit status 1; [31m╷[0m[0m
[31m│[0m [0m[1m[31mError: [0m[0m[1mFailed to query available provider packages[0m
[31m│[0m [0m
[31m│[0m [0m[0mCould not retrieve the list of available versions for provider
[31m│[0m [0mphillbaker/mongodb: provider registry registry.terraform.io does not have a
[31m│[0m [0mprovider named registry.terraform.io/phillbaker/mongodb
[31m│[0m [0m
[31m│[0m [0mAll modules should specify their required_providers so that external
[31m│[0m [0mconsumers will get the correct providers when using a module. To see which
[31m│[0m [0mmodules are currently depending on phillbaker/mongodb, run the following
[31m│[0m [0mcommand:
[31m│[0m [0m    terraform providers
[31m╵[0m[0m' but this error was expected and warrants a retry. Further details: Failed to retrieve plugin due to transient network error.

TestPlanICDVersions/6.0 2025-02-23T18:36:47+05:30 retry.go:103: terraform [init -upgrade=true] returned an error: error while running command: exit status 1; [31m╷[0m[0m
[31m│[0m [0m[1m[31mError: [0m[0m[1mFailed to query available provider packages[0m
[31m│[0m [0m
[31m│[0m [0m[0mCould not retrieve the list of available versions for provider
[31m│[0m [0mphillbaker/mongodb: provider registry registry.terraform.io does not have a
[31m│[0m [0mprovider named registry.terraform.io/phillbaker/mongodb
[31m│[0m [0m
[31m│[0m [0mAll modules should specify their required_providers so that external
[31m│[0m [0mconsumers will get the correct providers when using a module. To see which
[31m│[0m [0mmodules are currently depending on phillbaker/mongodb, run the following
[31m│[0m [0mcommand:
[31m│[0m [0m    terraform providers
[31m╵[0m[0m. Sleeping for 5s and will try again.
TestRunStandardSolutionIBMKeys 2025-02-23T18:36:47+05:30 logger.go:67: - secrets_manager_service_credentials.secret_groups in .terraform/modules/secrets_manager_service_credentials.secret_groups
TestRunStandardSolutionIBMKeys 2025-02-23T18:36:47+05:30 logger.go:67: Downloading registry.terraform.io/terraform-ibm-modules/secrets-manager-secret/ibm 1.6.0 for secrets_manager_service_credentials.secrets...
TestPlanICDVersions/7.0 2025-02-23T18:36:48+05:30 retry.go:144: 'terraform [init -upgrade=true]' failed with the error 'error while running command: exit status 1; [31m╷[0m[0m
[31m│[0m [0m[1m[31mError: [0m[0m[1mFailed to query available provider packages[0m
[31m│[0m [0m
[31m│[0m [0m[0mCould not retrieve the list of available versions for provider
[31m│[0m [0mphillbaker/mongodb: provider registry registry.terraform.io does not have a
[31m│[0m [0mprovider named registry.terraform.io/phillbaker/mongodb
[31m│[0m [0m
[31m│[0m [0mAll modules should specify their required_providers so that external
[31m│[0m [0mconsumers will get the correct providers when using a module. To see which
[31m│[0m [0mmodules are currently depending on phillbaker/mongodb, run the following
[31m│[0m [0mcommand:
[31m│[0m [0m    terraform providers
[31m╵[0m[0m' but this error was expected and warrants a retry. Further details: Failed to retrieve plugin due to transient network error.

TestPlanICDVersions/7.0 2025-02-23T18:36:48+05:30 retry.go:103: terraform [init -upgrade=true] returned an error: error while running command: exit status 1; [31m╷[0m[0m
[31m│[0m [0m[1m[31mError: [0m[0m[1mFailed to query available provider packages[0m
[31m│[0m [0m
[31m│[0m [0m[0mCould not retrieve the list of available versions for provider
[31m│[0m [0mphillbaker/mongodb: provider registry registry.terraform.io does not have a
[31m│[0m [0mprovider named registry.terraform.io/phillbaker/mongodb
[31m│[0m [0m
[31m│[0m [0mAll modules should specify their required_providers so that external
[31m│[0m [0mconsumers will get the correct providers when using a module. To see which
[31m│[0m [0mmodules are currently depending on phillbaker/mongodb, run the following
[31m│[0m [0mcommand:
[31m│[0m [0m    terraform providers
[31m╵[0m[0m. Sleeping for 5s and will try again.
TestRunExistingInstance 2025-02-23T18:36:49+05:30 logger.go:67: - database.backup_key_crn_parser in .terraform/modules/database.backup_key_crn_parser/modules/crn-parser
TestRunExistingInstance 2025-02-23T18:36:49+05:30 logger.go:67: Downloading registry.terraform.io/terraform-ibm-modules/cbr/ibm 1.29.0 for database.cbr_rule...
TestRunStandardUpgradeSolution 2025-02-23T18:36:49+05:30 logger.go:67: - kms_backup_key_crn_parser in .terraform/modules/kms_backup_key_crn_parser/modules/crn-parser
TestRunStandardUpgradeSolution 2025-02-23T18:36:49+05:30 logger.go:67: Downloading registry.terraform.io/terraform-ibm-modules/common-utilities/ibm 1.1.0 for kms_instance_crn_parser...
TestRunStandardUpgradeSolution 2025-02-23T18:36:49+05:30 logger.go:67: - kms_instance_crn_parser in .terraform/modules/kms_instance_crn_parser/modules/crn-parser
TestRunStandardUpgradeSolution 2025-02-23T18:36:49+05:30 logger.go:67: Downloading registry.terraform.io/terraform-ibm-modules/common-utilities/ibm 1.1.0 for kms_key_crn_parser...
TestRunStandardUpgradeSolution 2025-02-23T18:36:49+05:30 logger.go:67: - kms_key_crn_parser in .terraform/modules/kms_key_crn_parser/modules/crn-parser
TestRunStandardUpgradeSolution 2025-02-23T18:36:49+05:30 logger.go:67: - mongodb in ../../modules/fscloud
TestRunCompleteExampleOtherVersion 2025-02-23T18:36:49+05:30 logger.go:67: - secrets_manager in .terraform/modules/secrets_manager
TestRunCompleteExampleOtherVersion 2025-02-23T18:36:49+05:30 logger.go:67: Downloading registry.terraform.io/terraform-ibm-modules/cbr/ibm 1.29.0 for secrets_manager.cbr_rule...
TestRunStandardUpgradeSolution 2025-02-23T18:36:49+05:30 logger.go:67: - mongodb.mongodb in ../..
TestRunStandardUpgradeSolution 2025-02-23T18:36:49+05:30 logger.go:67: Downloading registry.terraform.io/terraform-ibm-modules/common-utilities/ibm 1.1.0 for mongodb.mongodb.backup_key_crn_parser...
TestRunStandardUpgradeSolution 2025-02-23T18:36:49+05:30 logger.go:67: - mongodb.mongodb.backup_key_crn_parser in .terraform/modules/mongodb.mongodb.backup_key_crn_parser/modules/crn-parser
TestRunStandardUpgradeSolution 2025-02-23T18:36:49+05:30 logger.go:67: Downloading registry.terraform.io/terraform-ibm-modules/cbr/ibm 1.29.0 for mongodb.mongodb.cbr_rule...
TestRunCompleteExampleOtherVersion 2025-02-23T18:36:49+05:30 logger.go:67: - secrets_manager.cbr_rule in .terraform/modules/secrets_manager.cbr_rule/modules/cbr-rule-module
TestRunCompleteExampleOtherVersion 2025-02-23T18:36:49+05:30 logger.go:67: - secrets_manager.secrets in .terraform/modules/secrets_manager/modules/secrets
TestRunCompleteExampleOtherVersion 2025-02-23T18:36:49+05:30 logger.go:67: Downloading registry.terraform.io/terraform-ibm-modules/secrets-manager-secret-group/ibm 1.2.2 for secrets_manager.secrets.secret_groups...
TestRunStandardUpgradeSolution 2025-02-23T18:36:49+05:30 logger.go:67: - mongodb.mongodb.cbr_rule in .terraform/modules/mongodb.mongodb.cbr_rule/modules/cbr-rule-module
TestRunStandardUpgradeSolution 2025-02-23T18:36:49+05:30 logger.go:67: Downloading registry.terraform.io/terraform-ibm-modules/common-utilities/ibm 1.1.0 for mongodb.mongodb.kms_key_crn_parser...
TestRunStandardUpgradeSolution 2025-02-23T18:36:49+05:30 logger.go:67: - mongodb.mongodb.kms_key_crn_parser in .terraform/modules/mongodb.mongodb.kms_key_crn_parser/modules/crn-parser
TestRunStandardUpgradeSolution 2025-02-23T18:36:49+05:30 logger.go:67: Downloading registry.terraform.io/terraform-ibm-modules/resource-group/ibm 1.1.6 for resource_group...
TestRunStandardSolutionIBMKeys 2025-02-23T18:36:50+05:30 logger.go:67: - secrets_manager_service_credentials.secrets in .terraform/modules/secrets_manager_service_credentials.secrets
TestRunStandardSolutionIBMKeys 2025-02-23T18:36:50+05:30 logger.go:67: Downloading registry.terraform.io/terraform-ibm-modules/common-utilities/ibm 1.1.0 for sm_instance_crn_parser...
TestRunStandardSolutionIBMKeys 2025-02-23T18:36:50+05:30 logger.go:67: - sm_instance_crn_parser in .terraform/modules/sm_instance_crn_parser/modules/crn-parser
TestRunStandardSolutionIBMKeys 2025-02-23T18:36:50+05:30 logger.go:67: [0m[1mInitializing provider plugins...[0m
TestRunStandardSolutionIBMKeys 2025-02-23T18:36:50+05:30 logger.go:67: - Finding ibm-cloud/ibm versions matching ">= 1.49.0, >= 1.51.0, >= 1.62.0, >= 1.69.0, >= 1.70.0, 1.75.2, < 2.0.0"...
TestRunStandardSolutionIBMKeys 2025-02-23T18:36:50+05:30 logger.go:67: - Finding hashicorp/time versions matching ">= 0.9.1, 0.12.1, < 1.0.0"...
TestRunStandardSolutionIBMKeys 2025-02-23T18:36:50+05:30 logger.go:67: - Finding hashicorp/random versions matching "3.6.3"...
TestRunExistingInstance 2025-02-23T18:36:51+05:30 logger.go:67: - database.cbr_rule in .terraform/modules/database.cbr_rule/modules/cbr-rule-module
TestRunExistingInstance 2025-02-23T18:36:51+05:30 logger.go:67: Downloading registry.terraform.io/terraform-ibm-modules/common-utilities/ibm 1.1.0 for database.kms_key_crn_parser...
TestRunExistingInstance 2025-02-23T18:36:51+05:30 logger.go:67: - database.kms_key_crn_parser in .terraform/modules/database.kms_key_crn_parser/modules/crn-parser
TestRunExistingInstance 2025-02-23T18:36:51+05:30 logger.go:67: Downloading registry.terraform.io/terraform-ibm-modules/resource-group/ibm 1.1.6 for resource_group...
TestRunStandardUpgradeSolution 2025-02-23T18:36:52+05:30 logger.go:67: - resource_group in .terraform/modules/resource_group
TestRunStandardUpgradeSolution 2025-02-23T18:36:52+05:30 logger.go:67: Downloading registry.terraform.io/terraform-ibm-modules/secrets-manager/ibm 1.23.9 for secrets_manager_service_credentials...
TestRunCompleteExampleOtherVersion 2025-02-23T18:36:52+05:30 logger.go:67: - secrets_manager.secrets.secret_groups in .terraform/modules/secrets_manager.secrets.secret_groups
TestRunCompleteExampleOtherVersion 2025-02-23T18:36:52+05:30 logger.go:67: Downloading registry.terraform.io/terraform-ibm-modules/secrets-manager-secret/ibm 1.6.0 for secrets_manager.secrets.secrets...
TestPlanICDVersions/6.0 2025-02-23T18:36:52+05:30 retry.go:91: terraform [init -upgrade=true]
TestRunStandardSolutionIBMKeys 2025-02-23T18:36:52+05:30 logger.go:67: - Installing ibm-cloud/ibm v1.75.2...
TestPlanICDVersions/7.0 2025-02-23T18:36:53+05:30 retry.go:91: terraform [init -upgrade=true]
TestRunExistingInstance 2025-02-23T18:36:54+05:30 logger.go:67: - resource_group in .terraform/modules/resource_group
TestRunExistingInstance 2025-02-23T18:36:54+05:30 logger.go:67: [0m[1mInitializing provider plugins...[0m
TestRunExistingInstance 2025-02-23T18:36:54+05:30 logger.go:67: - Finding phillbaker/mongodb versions matching ">= 2.0.7"...
TestRunExistingInstance 2025-02-23T18:36:54+05:30 logger.go:67: - Finding hashicorp/time versions matching ">= 0.9.1, < 1.0.0"...
TestRunExistingInstance 2025-02-23T18:36:54+05:30 logger.go:67: - Finding ibm-cloud/ibm versions matching ">= 1.49.0, >= 1.70.0, 1.70.0, < 2.0.0"...
TestRunExistingInstance 2025-02-23T18:36:54+05:30 logger.go:67: - Installing hashicorp/time v0.12.1...
TestRunExistingInstance 2025-02-23T18:36:54+05:30 logger.go:67: - Installed hashicorp/time v0.12.1 (signed by HashiCorp)
TestRunCompleteExampleOtherVersion 2025-02-23T18:36:55+05:30 logger.go:67: - secrets_manager.secrets.secrets in .terraform/modules/secrets_manager.secrets.secrets
TestRunCompleteExampleOtherVersion 2025-02-23T18:36:55+05:30 logger.go:67: Downloading registry.terraform.io/terraform-ibm-modules/secrets-manager-secret-group/ibm 1.2.2 for secrets_manager_secrets_group...
TestRunCompleteExampleOtherVersion 2025-02-23T18:36:55+05:30 logger.go:67: - secrets_manager_secrets_group in .terraform/modules/secrets_manager_secrets_group
TestRunCompleteExampleOtherVersion 2025-02-23T18:36:55+05:30 logger.go:67: Downloading registry.terraform.io/terraform-ibm-modules/secrets-manager-secret/ibm 1.6.0 for secrets_manager_service_credentials_cert...
TestRunCompleteExampleOtherVersion 2025-02-23T18:36:55+05:30 logger.go:67: - secrets_manager_service_credentials_cert in .terraform/modules/secrets_manager_service_credentials_cert
TestRunCompleteExampleOtherVersion 2025-02-23T18:36:55+05:30 logger.go:67: Downloading registry.terraform.io/terraform-ibm-modules/secrets-manager-secret/ibm 1.6.0 for secrets_manager_service_credentials_user_pass...
TestRunCompleteExampleOtherVersion 2025-02-23T18:36:55+05:30 logger.go:67: - secrets_manager_service_credentials_user_pass in .terraform/modules/secrets_manager_service_credentials_user_pass
TestRunCompleteExampleOtherVersion 2025-02-23T18:36:55+05:30 logger.go:67: [31m╷[0m[0m
TestRunCompleteExampleOtherVersion 2025-02-23T18:36:55+05:30 logger.go:67: [31m│[0m [0m[1m[31mError: [0m[0m[1mFailed to download module[0m
TestRunCompleteExampleOtherVersion 2025-02-23T18:36:55+05:30 logger.go:67: [31m│[0m [0m
TestRunCompleteExampleOtherVersion 2025-02-23T18:36:55+05:30 logger.go:67: [31m│[0m [0m[0m  on main.tf line 20:
TestRunCompleteExampleOtherVersion 2025-02-23T18:36:55+05:30 logger.go:67: [31m│[0m [0m  20: [4mmodule "resource_group"[0m {[0m
TestRunCompleteExampleOtherVersion 2025-02-23T18:36:55+05:30 logger.go:67: [31m│[0m [0m
TestRunCompleteExampleOtherVersion 2025-02-23T18:36:55+05:30 logger.go:67: [31m│[0m [0mCould not download module "resource_group" (main.tf:20) source code from
TestRunCompleteExampleOtherVersion 2025-02-23T18:36:55+05:30 logger.go:67: [31m│[0m [0m"https://github.com/terraform-ibm-modules/terraform-ibm-resource-group?ref=v1.1.6":
TestRunCompleteExampleOtherVersion 2025-02-23T18:36:55+05:30 logger.go:67: [31m│[0m [0merror downloading
TestRunCompleteExampleOtherVersion 2025-02-23T18:36:55+05:30 logger.go:67: [31m│[0m [0m'https://github.com/terraform-ibm-modules/terraform-ibm-resource-group?ref=v1.1.6':
TestRunCompleteExampleOtherVersion 2025-02-23T18:36:55+05:30 logger.go:67: [31m│[0m [0mno source URL was returned
TestRunCompleteExampleOtherVersion 2025-02-23T18:36:55+05:30 logger.go:67: [31m╵[0m[0m
TestRunCompleteExampleOtherVersion 2025-02-23T18:36:55+05:30 retry.go:99: Returning due to fatal error: FatalError{Underlying: error while running command: exit status 1; [31m╷[0m[0m
[31m│[0m [0m[1m[31mError: [0m[0m[1mFailed to download module[0m
[31m│[0m [0m
[31m│[0m [0m[0m  on main.tf line 20:
[31m│[0m [0m  20: [4mmodule "resource_group"[0m {[0m
[31m│[0m [0m
[31m│[0m [0mCould not download module "resource_group" (main.tf:20) source code from
[31m│[0m [0m"https://github.com/terraform-ibm-modules/terraform-ibm-resource-group?ref=v1.1.6":
[31m│[0m [0merror downloading
[31m│[0m [0m'https://github.com/terraform-ibm-modules/terraform-ibm-resource-group?ref=v1.1.6':
[31m│[0m [0mno source URL was returned
[31m╵[0m[0m}
=== NAME  TestRunCompleteExampleOtherVersion
    tests.go:663: 
        	Error Trace:	/Users/aatreyeemukherjee/go/pkg/mod/github.com/terraform-ibm-modules/ibmcloud-terratest-wrapper@v1.46.1/testhelper/tests.go:663
        	            				/Users/aatreyeemukherjee/go/pkg/mod/github.com/terraform-ibm-modules/ibmcloud-terratest-wrapper@v1.46.1/testhelper/tests.go:583
        	            				/Users/aatreyeemukherjee/Work/terraform-ibm-icd-mongodb/tests/other_test.go:49
        	Error:      	Expected nil, but got: retry.FatalError{Underlying:(*shell.ErrWithCmdOutput)(0x1400194c060)}
        	Test:       	TestRunCompleteExampleOtherVersion
        	Messages:   	Failed%!(EXTRA retry.FatalError=FatalError{Underlying: error while running command: exit status 1; [31m╷[0m[0m
        	            	[31m│[0m [0m[1m[31mError: [0m[0m[1mFailed to download module[0m
        	            	[31m│[0m [0m
        	            	[31m│[0m [0m[0m  on main.tf line 20:
        	            	[31m│[0m [0m  20: [4mmodule "resource_group"[0m {[0m
        	            	[31m│[0m [0m
        	            	[31m│[0m [0mCould not download module "resource_group" (main.tf:20) source code from
        	            	[31m│[0m [0m"https://github.com/terraform-ibm-modules/terraform-ibm-resource-group?ref=v1.1.6":
        	            	[31m│[0m [0merror downloading
        	            	[31m│[0m [0m'https://github.com/terraform-ibm-modules/terraform-ibm-resource-group?ref=v1.1.6':
        	            	[31m│[0m [0mno source URL was returned
        	            	[31m╵[0m[0m})
TestRunCompleteExampleOtherVersion 2025-02-23T18:36:55+05:30 tests.go:664: FINISHED: Init / Apply
TestRunCompleteExampleOtherVersion 2025-02-23T18:36:55+05:30 retry.go:91: terraform [output -no-color -json]
TestRunCompleteExampleOtherVersion 2025-02-23T18:36:55+05:30 tests.go:282: Skipping automatic Test Teardown
    other_test.go:50: 
        	Error Trace:	/Users/aatreyeemukherjee/Work/terraform-ibm-icd-mongodb/tests/other_test.go:50
        	Error:      	Expected nil, but got: retry.FatalError{Underlying:(*shell.ErrWithCmdOutput)(0x1400194c060)}
        	Test:       	TestRunCompleteExampleOtherVersion
        	Messages:   	This should not have errored
    other_test.go:51: 
        	Error Trace:	/Users/aatreyeemukherjee/Work/terraform-ibm-icd-mongodb/tests/other_test.go:51
        	Error:      	Expected value not to be nil.
        	Test:       	TestRunCompleteExampleOtherVersion
        	Messages:   	Expected some output
TestRunCompleteExampleOtherVersion 2025-02-23T18:36:55+05:30 retry.go:91: terraform [output -no-color -json]
TestRunCompleteExampleOtherVersion 2025-02-23T18:36:55+05:30 command.go:121: Running command terraform with args [output -no-color -json]
TestRunCompleteExampleOtherVersion 2025-02-23T18:36:55+05:30 command.go:206: {}
    other_test.go:57: 
        	Error Trace:	/Users/aatreyeemukherjee/Work/terraform-ibm-icd-mongodb/tests/other_test.go:57
        	Error:      	Received unexpected error:
        	            	output: [1;34m'port'[0m was not found
        	            	output: [1;34m'hostname'[0m was not found
        	Test:       	TestRunCompleteExampleOtherVersion
        	Messages:   	Some outputs not found or nil
TestRunCompleteExampleOtherVersion 2025-02-23T18:36:55+05:30 retry.go:91: terraform [output -no-color -json]
TestRunCompleteExampleOtherVersion 2025-02-23T18:36:55+05:30 tests.go:196: START: Destroy
TestRunCompleteExampleOtherVersion 2025-02-23T18:36:55+05:30 retry.go:91: terraform [destroy -auto-approve -input=false -var prefix=mongodb-complete-test-ede05r -var region=eu-de -var existing_sm_instance_region=us-south -var users=[{"name" = "testuser", "password" = "A16LIpfJgUXs8A4", "type" = "database"}] -var existing_sm_instance_guid=79c6d411-c18f-4670-b009-b0044a238667 -var admin_pass=A16LIpfJgUXs8A4 -var mongodb_version=7.0 -var resource_group=geretain-test-mongo -var resource_tags=[] -lock=false]
TestRunCompleteExampleOtherVersion 2025-02-23T18:36:55+05:30 command.go:121: Running command terraform with args [destroy -auto-approve -input=false -var prefix=mongodb-complete-test-ede05r -var region=eu-de -var existing_sm_instance_region=us-south -var users=[{"name" = "testuser", "password" = "A16LIpfJgUXs8A4", "type" = "database"}] -var existing_sm_instance_guid=79c6d411-c18f-4670-b009-b0044a238667 -var admin_pass=A16LIpfJgUXs8A4 -var mongodb_version=7.0 -var resource_group=geretain-test-mongo -var resource_tags=[] -lock=false]
TestRunCompleteExampleOtherVersion 2025-02-23T18:36:55+05:30 command.go:206: [31m╷[0m[0m
TestRunCompleteExampleOtherVersion 2025-02-23T18:36:55+05:30 command.go:206: [31m│[0m [0m[1m[31mError: [0m[0m[1mModule not installed[0m
TestRunCompleteExampleOtherVersion 2025-02-23T18:36:55+05:30 command.go:206: [31m│[0m [0m
TestRunCompleteExampleOtherVersion 2025-02-23T18:36:55+05:30 command.go:206: [31m│[0m [0m[0m  on main.tf line 20:
TestRunCompleteExampleOtherVersion 2025-02-23T18:36:55+05:30 command.go:206: [31m│[0m [0m  20: [4mmodule "resource_group"[0m {[0m
TestRunCompleteExampleOtherVersion 2025-02-23T18:36:55+05:30 command.go:206: [31m│[0m [0m
TestRunCompleteExampleOtherVersion 2025-02-23T18:36:55+05:30 command.go:206: [31m│[0m [0mThis module is not yet installed. Run "terraform init" to install all
TestRunCompleteExampleOtherVersion 2025-02-23T18:36:55+05:30 command.go:206: [31m│[0m [0mmodules required by this configuration.
TestRunCompleteExampleOtherVersion 2025-02-23T18:36:55+05:30 command.go:206: [31m╵[0m[0m
TestRunCompleteExampleOtherVersion 2025-02-23T18:36:55+05:30 retry.go:99: Returning due to fatal error: FatalError{Underlying: error while running command: exit status 1; [31m╷[0m[0m
[31m│[0m [0m[1m[31mError: [0m[0m[1mModule not installed[0m
[31m│[0m [0m
[31m│[0m [0m[0m  on main.tf line 20:
[31m│[0m [0m  20: [4mmodule "resource_group"[0m {[0m
[31m│[0m [0m
[31m│[0m [0mThis module is not yet installed. Run "terraform init" to install all
[31m│[0m [0mmodules required by this configuration.
[31m╵[0m[0m}
    tests.go:198: 
        	Error Trace:	/Users/aatreyeemukherjee/go/pkg/mod/github.com/terraform-ibm-modules/ibmcloud-terratest-wrapper@v1.46.1/testhelper/tests.go:198
        	            				/Users/aatreyeemukherjee/go/pkg/mod/github.com/terraform-ibm-modules/ibmcloud-terratest-wrapper@v1.46.1/testhelper/tests.go:121
        	Error:      	Received unexpected error:
        	            	FatalError{Underlying: error while running command: exit status 1; [31m╷[0m[0m
        	            	[31m│[0m [0m[1m[31mError: [0m[0m[1mModule not installed[0m
        	            	[31m│[0m [0m
        	            	[31m│[0m [0m[0m  on main.tf line 20:
        	            	[31m│[0m [0m  20: [4mmodule "resource_group"[0m {[0m
        	            	[31m│[0m [0m
        	            	[31m│[0m [0mThis module is not yet installed. Run "terraform init" to install all
        	            	[31m│[0m [0mmodules required by this configuration.
        	            	[31m╵[0m[0m}
        	Test:       	TestRunCompleteExampleOtherVersion
TestRunCompleteExampleOtherVersion 2025-02-23T18:36:55+05:30 tests.go:199: FatalError{Underlying: error while running command: exit status 1; [31m╷[0m[0m
[31m│[0m [0m[1m[31mError: [0m[0m[1mModule not installed[0m
[31m│[0m [0m
[31m│[0m [0m[0m  on main.tf line 20:
[31m│[0m [0m  20: [4mmodule "resource_group"[0m {[0m
[31m│[0m [0m
[31m│[0m [0mThis module is not yet installed. Run "terraform init" to install all
[31m│[0m [0mmodules required by this configuration.
[31m╵[0m[0m}
TestRunCompleteExampleOtherVersion 2025-02-23T18:36:55+05:30 tests.go:266: END: Destroy
TestRunStandardUpgradeSolution 2025-02-23T18:36:55+05:30 logger.go:67: - secrets_manager_service_credentials in .terraform/modules/secrets_manager_service_credentials/modules/secrets
TestRunStandardUpgradeSolution 2025-02-23T18:36:55+05:30 logger.go:67: Downloading registry.terraform.io/terraform-ibm-modules/secrets-manager-secret-group/ibm 1.2.2 for secrets_manager_service_credentials.secret_groups...
--- FAIL: TestRunCompleteExampleOtherVersion (32.36s)
TestRunStandardSolutionIBMKeys 2025-02-23T18:36:56+05:30 logger.go:67: - Installed ibm-cloud/ibm v1.75.2 (self-signed, key ID [0m[1mAAD3B791C49CC253[0m[0m)
TestRunStandardSolutionIBMKeys 2025-02-23T18:36:56+05:30 logger.go:67: - Installing hashicorp/time v0.12.1...
TestRunStandardSolutionIBMKeys 2025-02-23T18:36:57+05:30 logger.go:67: - Installed hashicorp/time v0.12.1 (signed by HashiCorp)
TestRunStandardSolutionIBMKeys 2025-02-23T18:36:57+05:30 logger.go:67: - Installing hashicorp/random v3.6.3...
TestRunExistingInstance 2025-02-23T18:36:57+05:30 logger.go:67: - Installing ibm-cloud/ibm v1.70.0...
TestRunStandardUpgradeSolution 2025-02-23T18:36:57+05:30 logger.go:67: - secrets_manager_service_credentials.secret_groups in .terraform/modules/secrets_manager_service_credentials.secret_groups
TestRunStandardSolutionIBMKeys 2025-02-23T18:36:57+05:30 logger.go:67: - Installed hashicorp/random v3.6.3 (signed by HashiCorp)
TestRunStandardSolutionIBMKeys 2025-02-23T18:36:57+05:30 logger.go:67: Partner and community providers are signed by their developers.
TestRunStandardSolutionIBMKeys 2025-02-23T18:36:57+05:30 logger.go:67: If you'd like to know more about provider signing, you can read about it here:
TestRunStandardSolutionIBMKeys 2025-02-23T18:36:57+05:30 logger.go:67: https://www.terraform.io/docs/cli/plugins/signing.html
TestRunStandardSolutionIBMKeys 2025-02-23T18:36:57+05:30 logger.go:67: Terraform has created a lock file [1m.terraform.lock.hcl[0m to record the provider
TestRunStandardSolutionIBMKeys 2025-02-23T18:36:57+05:30 logger.go:67: selections it made above. Include this file in your version control repository
TestRunStandardSolutionIBMKeys 2025-02-23T18:36:57+05:30 logger.go:67: so that Terraform can guarantee to make the same selections by default when
TestRunStandardSolutionIBMKeys 2025-02-23T18:36:57+05:30 logger.go:67: you run "terraform init" in the future.[0m
TestRunStandardSolutionIBMKeys 2025-02-23T18:36:57+05:30 logger.go:67: 
TestRunStandardSolutionIBMKeys 2025-02-23T18:36:57+05:30 logger.go:67: [0m[1m[32mTerraform has been successfully initialized![0m[32m[0m
TestRunStandardSolutionIBMKeys 2025-02-23T18:36:57+05:30 logger.go:67: [0m[32m
TestRunStandardSolutionIBMKeys 2025-02-23T18:36:57+05:30 logger.go:67: You may now begin working with Terraform. Try running "terraform plan" to see
TestRunStandardSolutionIBMKeys 2025-02-23T18:36:57+05:30 logger.go:67: any changes that are required for your infrastructure. All Terraform commands
TestRunStandardSolutionIBMKeys 2025-02-23T18:36:57+05:30 logger.go:67: should now work.
TestRunStandardSolutionIBMKeys 2025-02-23T18:36:57+05:30 logger.go:67: 
TestRunStandardSolutionIBMKeys 2025-02-23T18:36:57+05:30 logger.go:67: If you ever set or change modules or backend configuration for Terraform,
TestRunStandardSolutionIBMKeys 2025-02-23T18:36:57+05:30 logger.go:67: rerun this command to reinitialize your working directory. If you forget, other
TestRunStandardSolutionIBMKeys 2025-02-23T18:36:57+05:30 logger.go:67: commands will detect it and remind you to do so if necessary.[0m
TestRunStandardSolutionIBMKeys 2025-02-23T18:36:57+05:30 retry.go:91: terraform [apply -input=false -auto-approve -var mongodb_version=7.0 -var provider_visibility=public -var resource_group_name=mongodb-icd-key-zqz3wy -var use_ibm_owned_encryption_key=true -lock=false]
TestRunStandardSolutionIBMKeys 2025-02-23T18:36:57+05:30 logger.go:67: Running command terraform with args [apply -input=false -auto-approve -var mongodb_version=7.0 -var provider_visibility=public -var resource_group_name=mongodb-icd-key-zqz3wy -var use_ibm_owned_encryption_key=true -lock=false]
TestRunStandardUpgradeSolution 2025-02-23T18:36:57+05:30 logger.go:67: Downloading registry.terraform.io/terraform-ibm-modules/secrets-manager-secret/ibm 1.7.0 for secrets_manager_service_credentials.secrets...
TestRunStandardSolutionIBMKeys 2025-02-23T18:37:00+05:30 logger.go:67: [31m╷[0m[0m
TestRunStandardSolutionIBMKeys 2025-02-23T18:37:00+05:30 logger.go:67: [31m│[0m [0m[1m[31mError: [0m[0m[1mReference to undeclared local value[0m
TestRunStandardSolutionIBMKeys 2025-02-23T18:37:00+05:30 logger.go:67: [31m│[0m [0m
TestRunStandardSolutionIBMKeys 2025-02-23T18:37:00+05:30 logger.go:67: [31m│[0m [0m[0m  on main.tf line 268, in data "ibm_resource_instance" "existing_instance_resource":
TestRunStandardSolutionIBMKeys 2025-02-23T18:37:00+05:30 logger.go:67: [31m│[0m [0m 268:   identifier = [4mlocal.existing_redis_guid[0m[0m
TestRunStandardSolutionIBMKeys 2025-02-23T18:37:00+05:30 logger.go:67: [31m│[0m [0m
TestRunStandardSolutionIBMKeys 2025-02-23T18:37:00+05:30 logger.go:67: [31m│[0m [0mA local value with the name "existing_redis_guid" has not been declared.
TestRunStandardSolutionIBMKeys 2025-02-23T18:37:00+05:30 logger.go:67: [31m╵[0m[0m
TestRunStandardSolutionIBMKeys 2025-02-23T18:37:00+05:30 logger.go:67: [31m╷[0m[0m
TestRunStandardSolutionIBMKeys 2025-02-23T18:37:00+05:30 logger.go:67: [31m│[0m [0m[1m[31mError: [0m[0m[1mUnsupported attribute[0m
TestRunStandardSolutionIBMKeys 2025-02-23T18:37:00+05:30 logger.go:67: [31m│[0m [0m
TestRunStandardSolutionIBMKeys 2025-02-23T18:37:00+05:30 logger.go:67: [31m│[0m [0m[0m  on main.tf line 360, in resource "ibm_iam_authorization_policy" "secrets_manager_key_manager":
TestRunStandardSolutionIBMKeys 2025-02-23T18:37:00+05:30 logger.go:67: [31m│[0m [0m 360:   target_resource_instance_id = module.mongodb[4m.guid[0m[0m
TestRunStandardSolutionIBMKeys 2025-02-23T18:37:00+05:30 logger.go:67: [31m│[0m [0m    [90m├────────────────[0m
TestRunStandardSolutionIBMKeys 2025-02-23T18:37:00+05:30 logger.go:67: [31m│[0m [0m[0m    [90m│[0m [1mmodule.mongodb[0m is a list of object
TestRunStandardSolutionIBMKeys 2025-02-23T18:37:00+05:30 logger.go:67: [31m│[0m [0m[0m
TestRunStandardSolutionIBMKeys 2025-02-23T18:37:00+05:30 logger.go:67: [31m│[0m [0mCan't access attributes on a list of objects. Did you mean to access
TestRunStandardSolutionIBMKeys 2025-02-23T18:37:00+05:30 logger.go:67: [31m│[0m [0mattribute "guid" for a specific element of the list, or across all elements
TestRunStandardSolutionIBMKeys 2025-02-23T18:37:00+05:30 logger.go:67: [31m│[0m [0mof the list?
TestRunStandardSolutionIBMKeys 2025-02-23T18:37:00+05:30 logger.go:67: [31m╵[0m[0m
TestRunStandardSolutionIBMKeys 2025-02-23T18:37:00+05:30 logger.go:67: [31m╷[0m[0m
TestRunStandardSolutionIBMKeys 2025-02-23T18:37:00+05:30 logger.go:67: [31m│[0m [0m[1m[31mError: [0m[0m[1mUnsupported attribute[0m
TestRunStandardSolutionIBMKeys 2025-02-23T18:37:00+05:30 logger.go:67: [31m│[0m [0m
TestRunStandardSolutionIBMKeys 2025-02-23T18:37:00+05:30 logger.go:67: [31m│[0m [0m[0m  on outputs.tf line 7, in output "id":
TestRunStandardSolutionIBMKeys 2025-02-23T18:37:00+05:30 logger.go:67: [31m│[0m [0m   7:   value       = module.mongodb[4m.id[0m[0m
TestRunStandardSolutionIBMKeys 2025-02-23T18:37:00+05:30 logger.go:67: [31m│[0m [0m    [90m├────────────────[0m
TestRunStandardSolutionIBMKeys 2025-02-23T18:37:00+05:30 logger.go:67: [31m│[0m [0m[0m    [90m│[0m [1mmodule.mongodb[0m is a list of object
TestRunStandardSolutionIBMKeys 2025-02-23T18:37:00+05:30 logger.go:67: [31m│[0m [0m[0m
TestRunStandardSolutionIBMKeys 2025-02-23T18:37:00+05:30 logger.go:67: [31m│[0m [0mCan't access attributes on a list of objects. Did you mean to access
TestRunStandardSolutionIBMKeys 2025-02-23T18:37:00+05:30 logger.go:67: [31m│[0m [0mattribute "id" for a specific element of the list, or across all elements
TestRunStandardSolutionIBMKeys 2025-02-23T18:37:00+05:30 logger.go:67: [31m│[0m [0mof the list?
TestRunStandardSolutionIBMKeys 2025-02-23T18:37:00+05:30 logger.go:67: [31m╵[0m[0m
TestRunStandardSolutionIBMKeys 2025-02-23T18:37:00+05:30 logger.go:67: [31m╷[0m[0m
TestRunStandardSolutionIBMKeys 2025-02-23T18:37:00+05:30 logger.go:67: [31m│[0m [0m[1m[31mError: [0m[0m[1mUnsupported attribute[0m
TestRunStandardSolutionIBMKeys 2025-02-23T18:37:00+05:30 logger.go:67: [31m│[0m [0m
TestRunStandardSolutionIBMKeys 2025-02-23T18:37:00+05:30 logger.go:67: [31m│[0m [0m[0m  on outputs.tf line 12, in output "version":
TestRunStandardSolutionIBMKeys 2025-02-23T18:37:00+05:30 logger.go:67: [31m│[0m [0m  12:   value       = module.mongodb[4m.version[0m[0m
TestRunStandardSolutionIBMKeys 2025-02-23T18:37:00+05:30 logger.go:67: [31m│[0m [0m    [90m├────────────────[0m
TestRunStandardSolutionIBMKeys 2025-02-23T18:37:00+05:30 logger.go:67: [31m│[0m [0m[0m    [90m│[0m [1mmodule.mongodb[0m is a list of object
TestRunStandardSolutionIBMKeys 2025-02-23T18:37:00+05:30 logger.go:67: [31m│[0m [0m[0m
TestRunStandardSolutionIBMKeys 2025-02-23T18:37:00+05:30 logger.go:67: [31m│[0m [0mCan't access attributes on a list of objects. Did you mean to access
TestRunStandardSolutionIBMKeys 2025-02-23T18:37:00+05:30 logger.go:67: [31m│[0m [0mattribute "version" for a specific element of the list, or across all
TestRunStandardSolutionIBMKeys 2025-02-23T18:37:00+05:30 logger.go:67: [31m│[0m [0melements of the list?
TestRunStandardSolutionIBMKeys 2025-02-23T18:37:00+05:30 logger.go:67: [31m╵[0m[0m
TestRunStandardSolutionIBMKeys 2025-02-23T18:37:00+05:30 logger.go:67: [31m╷[0m[0m
TestRunStandardSolutionIBMKeys 2025-02-23T18:37:00+05:30 logger.go:67: [31m│[0m [0m[1m[31mError: [0m[0m[1mUnsupported attribute[0m
TestRunStandardSolutionIBMKeys 2025-02-23T18:37:00+05:30 logger.go:67: [31m│[0m [0m
TestRunStandardSolutionIBMKeys 2025-02-23T18:37:00+05:30 logger.go:67: [31m│[0m [0m[0m  on outputs.tf line 17, in output "guid":
TestRunStandardSolutionIBMKeys 2025-02-23T18:37:00+05:30 logger.go:67: [31m│[0m [0m  17:   value       = module.mongodb[4m.guid[0m[0m
TestRunStandardSolutionIBMKeys 2025-02-23T18:37:00+05:30 logger.go:67: [31m│[0m [0m    [90m├────────────────[0m
TestRunStandardSolutionIBMKeys 2025-02-23T18:37:00+05:30 logger.go:67: [31m│[0m [0m[0m    [90m│[0m [1mmodule.mongodb[0m is a list of object
TestRunStandardSolutionIBMKeys 2025-02-23T18:37:00+05:30 logger.go:67: [31m│[0m [0m[0m
TestRunStandardSolutionIBMKeys 2025-02-23T18:37:00+05:30 logger.go:67: [31m│[0m [0mCan't access attributes on a list of objects. Did you mean to access
TestRunStandardSolutionIBMKeys 2025-02-23T18:37:00+05:30 logger.go:67: [31m│[0m [0mattribute "guid" for a specific element of the list, or across all elements
TestRunStandardSolutionIBMKeys 2025-02-23T18:37:00+05:30 logger.go:67: [31m│[0m [0mof the list?
TestRunStandardSolutionIBMKeys 2025-02-23T18:37:00+05:30 logger.go:67: [31m╵[0m[0m
TestRunStandardSolutionIBMKeys 2025-02-23T18:37:00+05:30 logger.go:67: [31m╷[0m[0m
TestRunStandardSolutionIBMKeys 2025-02-23T18:37:00+05:30 logger.go:67: [31m│[0m [0m[1m[31mError: [0m[0m[1mUnsupported attribute[0m
TestRunStandardSolutionIBMKeys 2025-02-23T18:37:00+05:30 logger.go:67: [31m│[0m [0m
TestRunStandardSolutionIBMKeys 2025-02-23T18:37:00+05:30 logger.go:67: [31m│[0m [0m[0m  on outputs.tf line 22, in output "crn":
TestRunStandardSolutionIBMKeys 2025-02-23T18:37:00+05:30 logger.go:67: [31m│[0m [0m  22:   value       = module.mongodb[4m.crn[0m[0m
TestRunStandardSolutionIBMKeys 2025-02-23T18:37:00+05:30 logger.go:67: [31m│[0m [0m    [90m├────────────────[0m
TestRunStandardSolutionIBMKeys 2025-02-23T18:37:00+05:30 logger.go:67: [31m│[0m [0m[0m    [90m│[0m [1mmodule.mongodb[0m is a list of object
TestRunStandardSolutionIBMKeys 2025-02-23T18:37:00+05:30 logger.go:67: [31m│[0m [0m[0m
TestRunStandardSolutionIBMKeys 2025-02-23T18:37:00+05:30 logger.go:67: [31m│[0m [0mCan't access attributes on a list of objects. Did you mean to access
TestRunStandardSolutionIBMKeys 2025-02-23T18:37:00+05:30 logger.go:67: [31m│[0m [0mattribute "crn" for a specific element of the list, or across all elements
TestRunStandardSolutionIBMKeys 2025-02-23T18:37:00+05:30 logger.go:67: [31m│[0m [0mof the list?
TestRunStandardSolutionIBMKeys 2025-02-23T18:37:00+05:30 logger.go:67: [31m╵[0m[0m
TestRunStandardSolutionIBMKeys 2025-02-23T18:37:00+05:30 logger.go:67: [31m╷[0m[0m
TestRunStandardSolutionIBMKeys 2025-02-23T18:37:00+05:30 logger.go:67: [31m│[0m [0m[1m[31mError: [0m[0m[1mUnsupported attribute[0m
TestRunStandardSolutionIBMKeys 2025-02-23T18:37:00+05:30 logger.go:67: [31m│[0m [0m
TestRunStandardSolutionIBMKeys 2025-02-23T18:37:00+05:30 logger.go:67: [31m│[0m [0m[0m  on outputs.tf line 27, in output "cbr_rule_ids":
TestRunStandardSolutionIBMKeys 2025-02-23T18:37:00+05:30 logger.go:67: [31m│[0m [0m  27:   value       = module.mongodb[4m.cbr_rule_ids[0m[0m
TestRunStandardSolutionIBMKeys 2025-02-23T18:37:00+05:30 logger.go:67: [31m│[0m [0m    [90m├────────────────[0m
TestRunStandardSolutionIBMKeys 2025-02-23T18:37:00+05:30 logger.go:67: [31m│[0m [0m[0m    [90m│[0m [1mmodule.mongodb[0m is a list of object
TestRunStandardSolutionIBMKeys 2025-02-23T18:37:00+05:30 logger.go:67: [31m│[0m [0m[0m
TestRunStandardSolutionIBMKeys 2025-02-23T18:37:00+05:30 logger.go:67: [31m│[0m [0mCan't access attributes on a list of objects. Did you mean to access
TestRunStandardSolutionIBMKeys 2025-02-23T18:37:00+05:30 logger.go:67: [31m│[0m [0mattribute "cbr_rule_ids" for a specific element of the list, or across all
TestRunStandardSolutionIBMKeys 2025-02-23T18:37:00+05:30 logger.go:67: [31m│[0m [0melements of the list?
TestRunStandardSolutionIBMKeys 2025-02-23T18:37:00+05:30 logger.go:67: [31m╵[0m[0m
TestRunStandardSolutionIBMKeys 2025-02-23T18:37:00+05:30 logger.go:67: [31m╷[0m[0m
TestRunStandardSolutionIBMKeys 2025-02-23T18:37:00+05:30 logger.go:67: [31m│[0m [0m[1m[31mError: [0m[0m[1mUnsupported attribute[0m
TestRunStandardSolutionIBMKeys 2025-02-23T18:37:00+05:30 logger.go:67: [31m│[0m [0m
TestRunStandardSolutionIBMKeys 2025-02-23T18:37:00+05:30 logger.go:67: [31m│[0m [0m[0m  on outputs.tf line 32, in output "service_credentials_json":
TestRunStandardSolutionIBMKeys 2025-02-23T18:37:00+05:30 logger.go:67: [31m│[0m [0m  32:   value       = module.mongodb[4m.service_credentials_json[0m[0m
TestRunStandardSolutionIBMKeys 2025-02-23T18:37:00+05:30 logger.go:67: [31m│[0m [0m    [90m├────────────────[0m
TestRunStandardSolutionIBMKeys 2025-02-23T18:37:00+05:30 logger.go:67: [31m│[0m [0m[0m    [90m│[0m [1mmodule.mongodb[0m is a list of object
TestRunStandardSolutionIBMKeys 2025-02-23T18:37:00+05:30 logger.go:67: [31m│[0m [0m[0m
TestRunStandardSolutionIBMKeys 2025-02-23T18:37:00+05:30 logger.go:67: [31m│[0m [0mCan't access attributes on a list of objects. Did you mean to access
TestRunStandardSolutionIBMKeys 2025-02-23T18:37:00+05:30 logger.go:67: [31m│[0m [0mattribute "service_credentials_json" for a specific element of the list, or
TestRunStandardSolutionIBMKeys 2025-02-23T18:37:00+05:30 logger.go:67: [31m│[0m [0macross all elements of the list?
TestRunStandardSolutionIBMKeys 2025-02-23T18:37:00+05:30 logger.go:67: [31m╵[0m[0m
TestRunStandardSolutionIBMKeys 2025-02-23T18:37:00+05:30 logger.go:67: [31m╷[0m[0m
TestRunStandardSolutionIBMKeys 2025-02-23T18:37:00+05:30 logger.go:67: [31m│[0m [0m[1m[31mError: [0m[0m[1mUnsupported attribute[0m
TestRunStandardSolutionIBMKeys 2025-02-23T18:37:00+05:30 logger.go:67: [31m│[0m [0m
TestRunStandardSolutionIBMKeys 2025-02-23T18:37:00+05:30 logger.go:67: [31m│[0m [0m[0m  on outputs.tf line 38, in output "service_credentials_object":
TestRunStandardSolutionIBMKeys 2025-02-23T18:37:00+05:30 logger.go:67: [31m│[0m [0m  38:   value       = module.mongodb[4m.service_credentials_object[0m[0m
TestRunStandardSolutionIBMKeys 2025-02-23T18:37:00+05:30 logger.go:67: [31m│[0m [0m    [90m├────────────────[0m
TestRunStandardSolutionIBMKeys 2025-02-23T18:37:00+05:30 logger.go:67: [31m│[0m [0m[0m    [90m│[0m [1mmodule.mongodb[0m is a list of object
TestRunStandardSolutionIBMKeys 2025-02-23T18:37:00+05:30 logger.go:67: [31m│[0m [0m[0m
TestRunStandardSolutionIBMKeys 2025-02-23T18:37:00+05:30 logger.go:67: [31m│[0m [0mCan't access attributes on a list of objects. Did you mean to access
TestRunStandardSolutionIBMKeys 2025-02-23T18:37:00+05:30 logger.go:67: [31m│[0m [0mattribute "service_credentials_object" for a specific element of the list,
TestRunStandardSolutionIBMKeys 2025-02-23T18:37:00+05:30 logger.go:67: [31m│[0m [0mor across all elements of the list?
TestRunStandardSolutionIBMKeys 2025-02-23T18:37:00+05:30 logger.go:67: [31m╵[0m[0m
TestRunStandardSolutionIBMKeys 2025-02-23T18:37:00+05:30 logger.go:67: [31m╷[0m[0m
TestRunStandardSolutionIBMKeys 2025-02-23T18:37:00+05:30 logger.go:67: [31m│[0m [0m[1m[31mError: [0m[0m[1mUnsupported attribute[0m
TestRunStandardSolutionIBMKeys 2025-02-23T18:37:00+05:30 logger.go:67: [31m│[0m [0m
TestRunStandardSolutionIBMKeys 2025-02-23T18:37:00+05:30 logger.go:67: [31m│[0m [0m[0m  on outputs.tf line 44, in output "adminuser":
TestRunStandardSolutionIBMKeys 2025-02-23T18:37:00+05:30 logger.go:67: [31m│[0m [0m  44:   value       = module.mongodb[4m.adminuser[0m[0m
TestRunStandardSolutionIBMKeys 2025-02-23T18:37:00+05:30 logger.go:67: [31m│[0m [0m    [90m├────────────────[0m
TestRunStandardSolutionIBMKeys 2025-02-23T18:37:00+05:30 logger.go:67: [31m│[0m [0m[0m    [90m│[0m [1mmodule.mongodb[0m is a list of object
TestRunStandardSolutionIBMKeys 2025-02-23T18:37:00+05:30 logger.go:67: [31m│[0m [0m[0m
TestRunStandardSolutionIBMKeys 2025-02-23T18:37:00+05:30 logger.go:67: [31m│[0m [0mCan't access attributes on a list of objects. Did you mean to access
TestRunStandardSolutionIBMKeys 2025-02-23T18:37:00+05:30 logger.go:67: [31m│[0m [0mattribute "adminuser" for a specific element of the list, or across all
TestRunStandardSolutionIBMKeys 2025-02-23T18:37:00+05:30 logger.go:67: [31m│[0m [0melements of the list?
TestRunStandardSolutionIBMKeys 2025-02-23T18:37:00+05:30 logger.go:67: [31m╵[0m[0m
TestRunStandardSolutionIBMKeys 2025-02-23T18:37:00+05:30 logger.go:67: [31m╷[0m[0m
TestRunStandardSolutionIBMKeys 2025-02-23T18:37:00+05:30 logger.go:67: [31m│[0m [0m[1m[31mError: [0m[0m[1mReference to undeclared input variable[0m
TestRunStandardSolutionIBMKeys 2025-02-23T18:37:00+05:30 logger.go:67: [31m│[0m [0m
TestRunStandardSolutionIBMKeys 2025-02-23T18:37:00+05:30 logger.go:67: [31m│[0m [0m[0m  on ../../main.tf line 386, in data "ibm_database_connection" "database_connection":
TestRunStandardSolutionIBMKeys 2025-02-23T18:37:00+05:30 logger.go:67: [31m│[0m [0m 386:   endpoint_type = [4mvar.endpoints[0m == "public-and-private" ? "public" : var.endpoints[0m
TestRunStandardSolutionIBMKeys 2025-02-23T18:37:00+05:30 logger.go:67: [31m│[0m [0m
TestRunStandardSolutionIBMKeys 2025-02-23T18:37:00+05:30 logger.go:67: [31m│[0m [0mAn input variable with the name "endpoints" has not been declared. This
TestRunStandardSolutionIBMKeys 2025-02-23T18:37:00+05:30 logger.go:67: [31m│[0m [0mvariable can be declared with a variable "endpoints" {} block.
TestRunStandardSolutionIBMKeys 2025-02-23T18:37:00+05:30 logger.go:67: [31m╵[0m[0m
TestRunStandardSolutionIBMKeys 2025-02-23T18:37:00+05:30 logger.go:67: [31m╷[0m[0m
TestRunStandardSolutionIBMKeys 2025-02-23T18:37:00+05:30 logger.go:67: [31m│[0m [0m[1m[31mError: [0m[0m[1mReference to undeclared input variable[0m
TestRunStandardSolutionIBMKeys 2025-02-23T18:37:00+05:30 logger.go:67: [31m│[0m [0m
TestRunStandardSolutionIBMKeys 2025-02-23T18:37:00+05:30 logger.go:67: [31m│[0m [0m[0m  on ../../main.tf line 386, in data "ibm_database_connection" "database_connection":
TestRunStandardSolutionIBMKeys 2025-02-23T18:37:00+05:30 logger.go:67: [31m│[0m [0m 386:   endpoint_type = var.endpoints == "public-and-private" ? "public" : [4mvar.endpoints[0m[0m
TestRunStandardSolutionIBMKeys 2025-02-23T18:37:00+05:30 logger.go:67: [31m│[0m [0m
TestRunStandardSolutionIBMKeys 2025-02-23T18:37:00+05:30 logger.go:67: [31m│[0m [0mAn input variable with the name "endpoints" has not been declared. This
TestRunStandardSolutionIBMKeys 2025-02-23T18:37:00+05:30 logger.go:67: [31m│[0m [0mvariable can be declared with a variable "endpoints" {} block.
TestRunStandardSolutionIBMKeys 2025-02-23T18:37:00+05:30 logger.go:67: [31m╵[0m[0m
TestRunStandardSolutionIBMKeys 2025-02-23T18:37:00+05:30 retry.go:99: Returning due to fatal error: FatalError{Underlying: error while running command: exit status 1; [31m╷[0m[0m
[31m│[0m [0m[1m[31mError: [0m[0m[1mReference to undeclared local value[0m
[31m│[0m [0m
[31m│[0m [0m[0m  on main.tf line 268, in data "ibm_resource_instance" "existing_instance_resource":
[31m│[0m [0m 268:   identifier = [4mlocal.existing_redis_guid[0m[0m
[31m│[0m [0m
[31m│[0m [0mA local value with the name "existing_redis_guid" has not been declared.
[31m╵[0m[0m
[31m╷[0m[0m
[31m│[0m [0m[1m[31mError: [0m[0m[1mUnsupported attribute[0m
[31m│[0m [0m
[31m│[0m [0m[0m  on main.tf line 360, in resource "ibm_iam_authorization_policy" "secrets_manager_key_manager":
[31m│[0m [0m 360:   target_resource_instance_id = module.mongodb[4m.guid[0m[0m
[31m│[0m [0m    [90m├────────────────[0m
[31m│[0m [0m[0m    [90m│[0m [1mmodule.mongodb[0m is a list of object
[31m│[0m [0m[0m
[31m│[0m [0mCan't access attributes on a list of objects. Did you mean to access
[31m│[0m [0mattribute "guid" for a specific element of the list, or across all elements
[31m│[0m [0mof the list?
[31m╵[0m[0m
[31m╷[0m[0m
[31m│[0m [0m[1m[31mError: [0m[0m[1mUnsupported attribute[0m
[31m│[0m [0m
[31m│[0m [0m[0m  on outputs.tf line 7, in output "id":
[31m│[0m [0m   7:   value       = module.mongodb[4m.id[0m[0m
[31m│[0m [0m    [90m├────────────────[0m
[31m│[0m [0m[0m    [90m│[0m [1mmodule.mongodb[0m is a list of object
[31m│[0m [0m[0m
[31m│[0m [0mCan't access attributes on a list of objects. Did you mean to access
[31m│[0m [0mattribute "id" for a specific element of the list, or across all elements
[31m│[0m [0mof the list?
[31m╵[0m[0m
[31m╷[0m[0m
[31m│[0m [0m[1m[31mError: [0m[0m[1mUnsupported attribute[0m
[31m│[0m [0m
[31m│[0m [0m[0m  on outputs.tf line 12, in output "version":
[31m│[0m [0m  12:   value       = module.mongodb[4m.version[0m[0m
[31m│[0m [0m    [90m├────────────────[0m
[31m│[0m [0m[0m    [90m│[0m [1mmodule.mongodb[0m is a list of object
[31m│[0m [0m[0m
[31m│[0m [0mCan't access attributes on a list of objects. Did you mean to access
[31m│[0m [0mattribute "version" for a specific element of the list, or across all
[31m│[0m [0melements of the list?
[31m╵[0m[0m
[31m╷[0m[0m
[31m│[0m [0m[1m[31mError: [0m[0m[1mUnsupported attribute[0m
[31m│[0m [0m
[31m│[0m [0m[0m  on outputs.tf line 17, in output "guid":
[31m│[0m [0m  17:   value       = module.mongodb[4m.guid[0m[0m
[31m│[0m [0m    [90m├────────────────[0m
[31m│[0m [0m[0m    [90m│[0m [1mmodule.mongodb[0m is a list of object
[31m│[0m [0m[0m
[31m│[0m [0mCan't access attributes on a list of objects. Did you mean to access
[31m│[0m [0mattribute "guid" for a specific element of the list, or across all elements
[31m│[0m [0mof the list?
[31m╵[0m[0m
[31m╷[0m[0m
[31m│[0m [0m[1m[31mError: [0m[0m[1mUnsupported attribute[0m
[31m│[0m [0m
[31m│[0m [0m[0m  on outputs.tf line 22, in output "crn":
[31m│[0m [0m  22:   value       = module.mongodb[4m.crn[0m[0m
[31m│[0m [0m    [90m├────────────────[0m
[31m│[0m [0m[0m    [90m│[0m [1mmodule.mongodb[0m is a list of object
[31m│[0m [0m[0m
[31m│[0m [0mCan't access attributes on a list of objects. Did you mean to access
[31m│[0m [0mattribute "crn" for a specific element of the list, or across all elements
[31m│[0m [0mof the list?
[31m╵[0m[0m
[31m╷[0m[0m
[31m│[0m [0m[1m[31mError: [0m[0m[1mUnsupported attribute[0m
[31m│[0m [0m
[31m│[0m [0m[0m  on outputs.tf line 27, in output "cbr_rule_ids":
[31m│[0m [0m  27:   value       = module.mongodb[4m.cbr_rule_ids[0m[0m
[31m│[0m [0m    [90m├────────────────[0m
[31m│[0m [0m[0m    [90m│[0m [1mmodule.mongodb[0m is a list of object
[31m│[0m [0m[0m
[31m│[0m [0mCan't access attributes on a list of objects. Did you mean to access
[31m│[0m [0mattribute "cbr_rule_ids" for a specific element of the list, or across all
[31m│[0m [0melements of the list?
[31m╵[0m[0m
[31m╷[0m[0m
[31m│[0m [0m[1m[31mError: [0m[0m[1mUnsupported attribute[0m
[31m│[0m [0m
[31m│[0m [0m[0m  on outputs.tf line 32, in output "service_credentials_json":
[31m│[0m [0m  32:   value       = module.mongodb[4m.service_credentials_json[0m[0m
[31m│[0m [0m    [90m├────────────────[0m
[31m│[0m [0m[0m    [90m│[0m [1mmodule.mongodb[0m is a list of object
[31m│[0m [0m[0m
[31m│[0m [0mCan't access attributes on a list of objects. Did you mean to access
[31m│[0m [0mattribute "service_credentials_json" for a specific element of the list, or
[31m│[0m [0macross all elements of the list?
[31m╵[0m[0m
[31m╷[0m[0m
[31m│[0m [0m[1m[31mError: [0m[0m[1mUnsupported attribute[0m
[31m│[0m [0m
[31m│[0m [0m[0m  on outputs.tf line 38, in output "service_credentials_object":
[31m│[0m [0m  38:   value       = module.mongodb[4m.service_credentials_object[0m[0m
[31m│[0m [0m    [90m├────────────────[0m
[31m│[0m [0m[0m    [90m│[0m [1mmodule.mongodb[0m is a list of object
[31m│[0m [0m[0m
[31m│[0m [0mCan't access attributes on a list of objects. Did you mean to access
[31m│[0m [0mattribute "service_credentials_object" for a specific element of the list,
[31m│[0m [0mor across all elements of the list?
[31m╵[0m[0m
[31m╷[0m[0m
[31m│[0m [0m[1m[31mError: [0m[0m[1mUnsupported attribute[0m
[31m│[0m [0m
[31m│[0m [0m[0m  on outputs.tf line 44, in output "adminuser":
[31m│[0m [0m  44:   value       = module.mongodb[4m.adminuser[0m[0m
[31m│[0m [0m    [90m├────────────────[0m
[31m│[0m [0m[0m    [90m│[0m [1mmodule.mongodb[0m is a list of object
[31m│[0m [0m[0m
[31m│[0m [0mCan't access attributes on a list of objects. Did you mean to access
[31m│[0m [0mattribute "adminuser" for a specific element of the list, or across all
[31m│[0m [0melements of the list?
[31m╵[0m[0m
[31m╷[0m[0m
[31m│[0m [0m[1m[31mError: [0m[0m[1mReference to undeclared input variable[0m
[31m│[0m [0m
[31m│[0m [0m[0m  on ../../main.tf line 386, in data "ibm_database_connection" "database_connection":
[31m│[0m [0m 386:   endpoint_type = [4mvar.endpoints[0m == "public-and-private" ? "public" : var.endpoints[0m
[31m│[0m [0m
[31m│[0m [0mAn input variable with the name "endpoints" has not been declared. This
[31m│[0m [0mvariable can be declared with a variable "endpoints" {} block.
[31m╵[0m[0m
[31m╷[0m[0m
[31m│[0m [0m[1m[31mError: [0m[0m[1mReference to undeclared input variable[0m
[31m│[0m [0m
[31m│[0m [0m[0m  on ../../main.tf line 386, in data "ibm_database_connection" "database_connection":
[31m│[0m [0m 386:   endpoint_type = var.endpoints == "public-and-private" ? "public" : [4mvar.endpoints[0m[0m
[31m│[0m [0m
[31m│[0m [0mAn input variable with the name "endpoints" has not been declared. This
[31m│[0m [0mvariable can be declared with a variable "endpoints" {} block.
[31m╵[0m[0m}
=== NAME  TestRunStandardSolutionIBMKeys
    tests.go:663: 
        	Error Trace:	/Users/aatreyeemukherjee/go/pkg/mod/github.com/terraform-ibm-modules/ibmcloud-terratest-wrapper@v1.46.1/testhelper/tests.go:663
        	            				/Users/aatreyeemukherjee/go/pkg/mod/github.com/terraform-ibm-modules/ibmcloud-terratest-wrapper@v1.46.1/testhelper/tests.go:583
        	            				/Users/aatreyeemukherjee/Work/terraform-ibm-icd-mongodb/tests/pr_test.go:237
        	Error:      	Expected nil, but got: retry.FatalError{Underlying:(*shell.ErrWithCmdOutput)(0x1400194c1c8)}
        	Test:       	TestRunStandardSolutionIBMKeys
        	Messages:   	Failed%!(EXTRA retry.FatalError=FatalError{Underlying: error while running command: exit status 1; [31m╷[0m[0m
        	            	[31m│[0m [0m[1m[31mError: [0m[0m[1mReference to undeclared local value[0m
        	            	[31m│[0m [0m
        	            	[31m│[0m [0m[0m  on main.tf line 268, in data "ibm_resource_instance" "existing_instance_resource":
        	            	[31m│[0m [0m 268:   identifier = [4mlocal.existing_redis_guid[0m[0m
        	            	[31m│[0m [0m
        	            	[31m│[0m [0mA local value with the name "existing_redis_guid" has not been declared.
        	            	[31m╵[0m[0m
        	            	[31m╷[0m[0m
        	            	[31m│[0m [0m[1m[31mError: [0m[0m[1mUnsupported attribute[0m
        	            	[31m│[0m [0m
        	            	[31m│[0m [0m[0m  on main.tf line 360, in resource "ibm_iam_authorization_policy" "secrets_manager_key_manager":
        	            	[31m│[0m [0m 360:   target_resource_instance_id = module.mongodb[4m.guid[0m[0m
        	            	[31m│[0m [0m    [90m├────────────────[0m
        	            	[31m│[0m [0m[0m    [90m│[0m [1mmodule.mongodb[0m is a list of object
        	            	[31m│[0m [0m[0m
        	            	[31m│[0m [0mCan't access attributes on a list of objects. Did you mean to access
        	            	[31m│[0m [0mattribute "guid" for a specific element of the list, or across all elements
        	            	[31m│[0m [0mof the list?
        	            	[31m╵[0m[0m
        	            	[31m╷[0m[0m
        	            	[31m│[0m [0m[1m[31mError: [0m[0m[1mUnsupported attribute[0m
        	            	[31m│[0m [0m
        	            	[31m│[0m [0m[0m  on outputs.tf line 7, in output "id":
        	            	[31m│[0m [0m   7:   value       = module.mongodb[4m.id[0m[0m
        	            	[31m│[0m [0m    [90m├────────────────[0m
        	            	[31m│[0m [0m[0m    [90m│[0m [1mmodule.mongodb[0m is a list of object
        	            	[31m│[0m [0m[0m
        	            	[31m│[0m [0mCan't access attributes on a list of objects. Did you mean to access
        	            	[31m│[0m [0mattribute "id" for a specific element of the list, or across all elements
        	            	[31m│[0m [0mof the list?
        	            	[31m╵[0m[0m
        	            	[31m╷[0m[0m
        	            	[31m│[0m [0m[1m[31mError: [0m[0m[1mUnsupported attribute[0m
        	            	[31m│[0m [0m
        	            	[31m│[0m [0m[0m  on outputs.tf line 12, in output "version":
        	            	[31m│[0m [0m  12:   value       = module.mongodb[4m.version[0m[0m
        	            	[31m│[0m [0m    [90m├────────────────[0m
        	            	[31m│[0m [0m[0m    [90m│[0m [1mmodule.mongodb[0m is a list of object
        	            	[31m│[0m [0m[0m
        	            	[31m│[0m [0mCan't access attributes on a list of objects. Did you mean to access
        	            	[31m│[0m [0mattribute "version" for a specific element of the list, or across all
        	            	[31m│[0m [0melements of the list?
        	            	[31m╵[0m[0m
        	            	[31m╷[0m[0m
        	            	[31m│[0m [0m[1m[31mError: [0m[0m[1mUnsupported attribute[0m
        	            	[31m│[0m [0m
        	            	[31m│[0m [0m[0m  on outputs.tf line 17, in output "guid":
        	            	[31m│[0m [0m  17:   value       = module.mongodb[4m.guid[0m[0m
        	            	[31m│[0m [0m    [90m├────────────────[0m
        	            	[31m│[0m [0m[0m    [90m│[0m [1mmodule.mongodb[0m is a list of object
        	            	[31m│[0m [0m[0m
        	            	[31m│[0m [0mCan't access attributes on a list of objects. Did you mean to access
        	            	[31m│[0m [0mattribute "guid" for a specific element of the list, or across all elements
        	            	[31m│[0m [0mof the list?
        	            	[31m╵[0m[0m
        	            	[31m╷[0m[0m
        	            	[31m│[0m [0m[1m[31mError: [0m[0m[1mUnsupported attribute[0m
        	            	[31m│[0m [0m
        	            	[31m│[0m [0m[0m  on outputs.tf line 22, in output "crn":
        	            	[31m│[0m [0m  22:   value       = module.mongodb[4m.crn[0m[0m
        	            	[31m│[0m [0m    [90m├────────────────[0m
        	            	[31m│[0m [0m[0m    [90m│[0m [1mmodule.mongodb[0m is a list of object
        	            	[31m│[0m [0m[0m
        	            	[31m│[0m [0mCan't access attributes on a list of objects. Did you mean to access
        	            	[31m│[0m [0mattribute "crn" for a specific element of the list, or across all elements
        	            	[31m│[0m [0mof the list?
        	            	[31m╵[0m[0m
        	            	[31m╷[0m[0m
        	            	[31m│[0m [0m[1m[31mError: [0m[0m[1mUnsupported attribute[0m
        	            	[31m│[0m [0m
        	            	[31m│[0m [0m[0m  on outputs.tf line 27, in output "cbr_rule_ids":
        	            	[31m│[0m [0m  27:   value       = module.mongodb[4m.cbr_rule_ids[0m[0m
        	            	[31m│[0m [0m    [90m├────────────────[0m
        	            	[31m│[0m [0m[0m    [90m│[0m [1mmodule.mongodb[0m is a list of object
        	            	[31m│[0m [0m[0m
        	            	[31m│[0m [0mCan't access attributes on a list of objects. Did you mean to access
        	            	[31m│[0m [0mattribute "cbr_rule_ids" for a specific element of the list, or across all
        	            	[31m│[0m [0melements of the list?
        	            	[31m╵[0m[0m
        	            	[31m╷[0m[0m
        	            	[31m│[0m [0m[1m[31mError: [0m[0m[1mUnsupported attribute[0m
        	            	[31m│[0m [0m
        	            	[31m│[0m [0m[0m  on outputs.tf line 32, in output "service_credentials_json":
        	            	[31m│[0m [0m  32:   value       = module.mongodb[4m.service_credentials_json[0m[0m
        	            	[31m│[0m [0m    [90m├────────────────[0m
        	            	[31m│[0m [0m[0m    [90m│[0m [1mmodule.mongodb[0m is a list of object
        	            	[31m│[0m [0m[0m
        	            	[31m│[0m [0mCan't access attributes on a list of objects. Did you mean to access
        	            	[31m│[0m [0mattribute "service_credentials_json" for a specific element of the list, or
        	            	[31m│[0m [0macross all elements of the list?
        	            	[31m╵[0m[0m
        	            	[31m╷[0m[0m
        	            	[31m│[0m [0m[1m[31mError: [0m[0m[1mUnsupported attribute[0m
        	            	[31m│[0m [0m
        	            	[31m│[0m [0m[0m  on outputs.tf line 38, in output "service_credentials_object":
        	            	[31m│[0m [0m  38:   value       = module.mongodb[4m.service_credentials_object[0m[0m
        	            	[31m│[0m [0m    [90m├────────────────[0m
        	            	[31m│[0m [0m[0m    [90m│[0m [1mmodule.mongodb[0m is a list of object
        	            	[31m│[0m [0m[0m
        	            	[31m│[0m [0mCan't access attributes on a list of objects. Did you mean to access
        	            	[31m│[0m [0mattribute "service_credentials_object" for a specific element of the list,
        	            	[31m│[0m [0mor across all elements of the list?
        	            	[31m╵[0m[0m
        	            	[31m╷[0m[0m
        	            	[31m│[0m [0m[1m[31mError: [0m[0m[1mUnsupported attribute[0m
        	            	[31m│[0m [0m
        	            	[31m│[0m [0m[0m  on outputs.tf line 44, in output "adminuser":
        	            	[31m│[0m [0m  44:   value       = module.mongodb[4m.adminuser[0m[0m
        	            	[31m│[0m [0m    [90m├────────────────[0m
        	            	[31m│[0m [0m[0m    [90m│[0m [1mmodule.mongodb[0m is a list of object
        	            	[31m│[0m [0m[0m
        	            	[31m│[0m [0mCan't access attributes on a list of objects. Did you mean to access
        	            	[31m│[0m [0mattribute "adminuser" for a specific element of the list, or across all
        	            	[31m│[0m [0melements of the list?
        	            	[31m╵[0m[0m
        	            	[31m╷[0m[0m
        	            	[31m│[0m [0m[1m[31mError: [0m[0m[1mReference to undeclared input variable[0m
        	            	[31m│[0m [0m
        	            	[31m│[0m [0m[0m  on ../../main.tf line 386, in data "ibm_database_connection" "database_connection":
        	            	[31m│[0m [0m 386:   endpoint_type = [4mvar.endpoints[0m == "public-and-private" ? "public" : var.endpoints[0m
        	            	[31m│[0m [0m
        	            	[31m│[0m [0mAn input variable with the name "endpoints" has not been declared. This
        	            	[31m│[0m [0mvariable can be declared with a variable "endpoints" {} block.
        	            	[31m╵[0m[0m
        	            	[31m╷[0m[0m
        	            	[31m│[0m [0m[1m[31mError: [0m[0m[1mReference to undeclared input variable[0m
        	            	[31m│[0m [0m
        	            	[31m│[0m [0m[0m  on ../../main.tf line 386, in data "ibm_database_connection" "database_connection":
        	            	[31m│[0m [0m 386:   endpoint_type = var.endpoints == "public-and-private" ? "public" : [4mvar.endpoints[0m[0m
        	            	[31m│[0m [0m
        	            	[31m│[0m [0mAn input variable with the name "endpoints" has not been declared. This
        	            	[31m│[0m [0mvariable can be declared with a variable "endpoints" {} block.
        	            	[31m╵[0m[0m})
TestRunStandardSolutionIBMKeys 2025-02-23T18:37:00+05:30 tests.go:664: FINISHED: Init / Apply
TestRunStandardSolutionIBMKeys 2025-02-23T18:37:00+05:30 retry.go:91: terraform [output -no-color -json]
TestRunStandardSolutionIBMKeys 2025-02-23T18:37:00+05:30 tests.go:196: START: Destroy
TestRunStandardSolutionIBMKeys 2025-02-23T18:37:00+05:30 retry.go:91: terraform [destroy -auto-approve -input=false -var mongodb_version=7.0 -var provider_visibility=public -var resource_group_name=mongodb-icd-key-zqz3wy -var use_ibm_owned_encryption_key=true -lock=false]
TestRunStandardSolutionIBMKeys 2025-02-23T18:37:00+05:30 command.go:121: Running command terraform with args [destroy -auto-approve -input=false -var mongodb_version=7.0 -var provider_visibility=public -var resource_group_name=mongodb-icd-key-zqz3wy -var use_ibm_owned_encryption_key=true -lock=false]
TestRunStandardUpgradeSolution 2025-02-23T18:37:00+05:30 logger.go:67: - secrets_manager_service_credentials.secrets in .terraform/modules/secrets_manager_service_credentials.secrets
TestRunStandardUpgradeSolution 2025-02-23T18:37:00+05:30 logger.go:67: [0m[1mInitializing provider plugins...[0m
TestRunStandardUpgradeSolution 2025-02-23T18:37:00+05:30 logger.go:67: - Finding hashicorp/random versions matching "3.6.3"...
TestRunStandardUpgradeSolution 2025-02-23T18:37:00+05:30 logger.go:67: - Finding ibm-cloud/ibm versions matching ">= 1.49.0, >= 1.51.0, >= 1.62.0, >= 1.69.0, >= 1.70.0, 1.75.2, < 2.0.0"...
TestRunStandardUpgradeSolution 2025-02-23T18:37:00+05:30 logger.go:67: - Finding hashicorp/time versions matching ">= 0.9.1, 0.12.1, < 1.0.0"...
TestRunExistingInstance 2025-02-23T18:37:00+05:30 logger.go:67: - Installed ibm-cloud/ibm v1.70.0 (self-signed, key ID [0m[1mAAD3B791C49CC253[0m[0m)
TestRunExistingInstance 2025-02-23T18:37:00+05:30 logger.go:67: Partner and community providers are signed by their developers.
TestRunExistingInstance 2025-02-23T18:37:00+05:30 logger.go:67: If you'd like to know more about provider signing, you can read about it here:
TestRunExistingInstance 2025-02-23T18:37:00+05:30 logger.go:67: https://www.terraform.io/docs/cli/plugins/signing.html
TestRunExistingInstance 2025-02-23T18:37:00+05:30 logger.go:67: [31m╷[0m[0m
TestRunExistingInstance 2025-02-23T18:37:00+05:30 logger.go:67: [31m│[0m [0m[1m[31mError: [0m[0m[1mFailed to query available provider packages[0m
TestRunExistingInstance 2025-02-23T18:37:00+05:30 logger.go:67: [31m│[0m [0m
TestRunExistingInstance 2025-02-23T18:37:00+05:30 logger.go:67: [31m│[0m [0m[0mCould not retrieve the list of available versions for provider
TestRunExistingInstance 2025-02-23T18:37:00+05:30 logger.go:67: [31m│[0m [0mphillbaker/mongodb: provider registry registry.terraform.io does not have a
TestRunExistingInstance 2025-02-23T18:37:00+05:30 logger.go:67: [31m│[0m [0mprovider named registry.terraform.io/phillbaker/mongodb
TestRunExistingInstance 2025-02-23T18:37:00+05:30 logger.go:67: [31m│[0m [0m
TestRunExistingInstance 2025-02-23T18:37:00+05:30 logger.go:67: [31m│[0m [0mAll modules should specify their required_providers so that external
TestRunExistingInstance 2025-02-23T18:37:00+05:30 logger.go:67: [31m│[0m [0mconsumers will get the correct providers when using a module. To see which
TestRunExistingInstance 2025-02-23T18:37:00+05:30 logger.go:67: [31m│[0m [0mmodules are currently depending on phillbaker/mongodb, run the following
TestRunExistingInstance 2025-02-23T18:37:00+05:30 logger.go:67: [31m│[0m [0mcommand:
TestRunExistingInstance 2025-02-23T18:37:00+05:30 logger.go:67: [31m│[0m [0m    terraform providers
TestRunExistingInstance 2025-02-23T18:37:00+05:30 logger.go:67: [31m╵[0m[0m
TestRunExistingInstance 2025-02-23T18:37:00+05:30 retry.go:144: 'terraform [init -upgrade=true]' failed with the error 'error while running command: exit status 1; [31m╷[0m[0m
[31m│[0m [0m[1m[31mError: [0m[0m[1mFailed to query available provider packages[0m
[31m│[0m [0m
[31m│[0m [0m[0mCould not retrieve the list of available versions for provider
[31m│[0m [0mphillbaker/mongodb: provider registry registry.terraform.io does not have a
[31m│[0m [0mprovider named registry.terraform.io/phillbaker/mongodb
[31m│[0m [0m
[31m│[0m [0mAll modules should specify their required_providers so that external
[31m│[0m [0mconsumers will get the correct providers when using a module. To see which
[31m│[0m [0mmodules are currently depending on phillbaker/mongodb, run the following
[31m│[0m [0mcommand:
[31m│[0m [0m    terraform providers
[31m╵[0m[0m' but this error was expected and warrants a retry. Further details: Failed to retrieve plugin due to transient network error.

TestRunExistingInstance 2025-02-23T18:37:00+05:30 retry.go:103: terraform [init -upgrade=true] returned an error: error while running command: exit status 1; [31m╷[0m[0m
[31m│[0m [0m[1m[31mError: [0m[0m[1mFailed to query available provider packages[0m
[31m│[0m [0m
[31m│[0m [0m[0mCould not retrieve the list of available versions for provider
[31m│[0m [0mphillbaker/mongodb: provider registry registry.terraform.io does not have a
[31m│[0m [0mprovider named registry.terraform.io/phillbaker/mongodb
[31m│[0m [0m
[31m│[0m [0mAll modules should specify their required_providers so that external
[31m│[0m [0mconsumers will get the correct providers when using a module. To see which
[31m│[0m [0mmodules are currently depending on phillbaker/mongodb, run the following
[31m│[0m [0mcommand:
[31m│[0m [0m    terraform providers
[31m╵[0m[0m. Sleeping for 5s and will try again.
TestRunStandardSolutionIBMKeys 2025-02-23T18:37:01+05:30 command.go:206: [31m╷[0m[0m
TestRunStandardSolutionIBMKeys 2025-02-23T18:37:01+05:30 command.go:206: [31m│[0m [0m[1m[31mError: [0m[0m[1mReference to undeclared local value[0m
TestRunStandardSolutionIBMKeys 2025-02-23T18:37:01+05:30 command.go:206: [31m│[0m [0m
TestRunStandardSolutionIBMKeys 2025-02-23T18:37:01+05:30 command.go:206: [31m│[0m [0m[0m  on main.tf line 268, in data "ibm_resource_instance" "existing_instance_resource":
TestRunStandardSolutionIBMKeys 2025-02-23T18:37:01+05:30 command.go:206: [31m│[0m [0m 268:   identifier = [4mlocal.existing_redis_guid[0m[0m
TestRunStandardSolutionIBMKeys 2025-02-23T18:37:01+05:30 command.go:206: [31m│[0m [0m
TestRunStandardSolutionIBMKeys 2025-02-23T18:37:01+05:30 command.go:206: [31m│[0m [0mA local value with the name "existing_redis_guid" has not been declared.
TestRunStandardSolutionIBMKeys 2025-02-23T18:37:01+05:30 command.go:206: [31m╵[0m[0m
TestRunStandardSolutionIBMKeys 2025-02-23T18:37:01+05:30 command.go:206: [31m╷[0m[0m
TestRunStandardSolutionIBMKeys 2025-02-23T18:37:01+05:30 command.go:206: [31m│[0m [0m[1m[31mError: [0m[0m[1mUnsupported attribute[0m
TestRunStandardSolutionIBMKeys 2025-02-23T18:37:01+05:30 command.go:206: [31m│[0m [0m
TestRunStandardSolutionIBMKeys 2025-02-23T18:37:01+05:30 command.go:206: [31m│[0m [0m[0m  on main.tf line 360, in resource "ibm_iam_authorization_policy" "secrets_manager_key_manager":
TestRunStandardSolutionIBMKeys 2025-02-23T18:37:01+05:30 command.go:206: [31m│[0m [0m 360:   target_resource_instance_id = module.mongodb[4m.guid[0m[0m
TestRunStandardSolutionIBMKeys 2025-02-23T18:37:01+05:30 command.go:206: [31m│[0m [0m    [90m├────────────────[0m
TestRunStandardSolutionIBMKeys 2025-02-23T18:37:01+05:30 command.go:206: [31m│[0m [0m[0m    [90m│[0m [1mmodule.mongodb[0m is a list of object
TestRunStandardSolutionIBMKeys 2025-02-23T18:37:01+05:30 command.go:206: [31m│[0m [0m[0m
TestRunStandardSolutionIBMKeys 2025-02-23T18:37:01+05:30 command.go:206: [31m│[0m [0mCan't access attributes on a list of objects. Did you mean to access
TestRunStandardSolutionIBMKeys 2025-02-23T18:37:01+05:30 command.go:206: [31m│[0m [0mattribute "guid" for a specific element of the list, or across all elements
TestRunStandardSolutionIBMKeys 2025-02-23T18:37:01+05:30 command.go:206: [31m│[0m [0mof the list?
TestRunStandardSolutionIBMKeys 2025-02-23T18:37:01+05:30 command.go:206: [31m╵[0m[0m
TestRunStandardSolutionIBMKeys 2025-02-23T18:37:01+05:30 command.go:206: [31m╷[0m[0m
TestRunStandardSolutionIBMKeys 2025-02-23T18:37:01+05:30 command.go:206: [31m│[0m [0m[1m[31mError: [0m[0m[1mUnsupported attribute[0m
TestRunStandardSolutionIBMKeys 2025-02-23T18:37:01+05:30 command.go:206: [31m│[0m [0m
TestRunStandardSolutionIBMKeys 2025-02-23T18:37:01+05:30 command.go:206: [31m│[0m [0m[0m  on outputs.tf line 7, in output "id":
TestRunStandardSolutionIBMKeys 2025-02-23T18:37:01+05:30 command.go:206: [31m│[0m [0m   7:   value       = module.mongodb[4m.id[0m[0m
TestRunStandardSolutionIBMKeys 2025-02-23T18:37:01+05:30 command.go:206: [31m│[0m [0m    [90m├────────────────[0m
TestRunStandardSolutionIBMKeys 2025-02-23T18:37:01+05:30 command.go:206: [31m│[0m [0m[0m    [90m│[0m [1mmodule.mongodb[0m is a list of object
TestRunStandardSolutionIBMKeys 2025-02-23T18:37:01+05:30 command.go:206: [31m│[0m [0m[0m
TestRunStandardSolutionIBMKeys 2025-02-23T18:37:01+05:30 command.go:206: [31m│[0m [0mCan't access attributes on a list of objects. Did you mean to access
TestRunStandardSolutionIBMKeys 2025-02-23T18:37:01+05:30 command.go:206: [31m│[0m [0mattribute "id" for a specific element of the list, or across all elements
TestRunStandardSolutionIBMKeys 2025-02-23T18:37:01+05:30 command.go:206: [31m│[0m [0mof the list?
TestRunStandardSolutionIBMKeys 2025-02-23T18:37:01+05:30 command.go:206: [31m╵[0m[0m
TestRunStandardSolutionIBMKeys 2025-02-23T18:37:01+05:30 command.go:206: [31m╷[0m[0m
TestRunStandardSolutionIBMKeys 2025-02-23T18:37:01+05:30 command.go:206: [31m│[0m [0m[1m[31mError: [0m[0m[1mUnsupported attribute[0m
TestRunStandardSolutionIBMKeys 2025-02-23T18:37:01+05:30 command.go:206: [31m│[0m [0m
TestRunStandardSolutionIBMKeys 2025-02-23T18:37:01+05:30 command.go:206: [31m│[0m [0m[0m  on outputs.tf line 12, in output "version":
TestRunStandardSolutionIBMKeys 2025-02-23T18:37:01+05:30 command.go:206: [31m│[0m [0m  12:   value       = module.mongodb[4m.version[0m[0m
TestRunStandardSolutionIBMKeys 2025-02-23T18:37:01+05:30 command.go:206: [31m│[0m [0m    [90m├────────────────[0m
TestRunStandardSolutionIBMKeys 2025-02-23T18:37:01+05:30 command.go:206: [31m│[0m [0m[0m    [90m│[0m [1mmodule.mongodb[0m is a list of object
TestRunStandardSolutionIBMKeys 2025-02-23T18:37:01+05:30 command.go:206: [31m│[0m [0m[0m
TestRunStandardSolutionIBMKeys 2025-02-23T18:37:01+05:30 command.go:206: [31m│[0m [0mCan't access attributes on a list of objects. Did you mean to access
TestRunStandardSolutionIBMKeys 2025-02-23T18:37:01+05:30 command.go:206: [31m│[0m [0mattribute "version" for a specific element of the list, or across all
TestRunStandardSolutionIBMKeys 2025-02-23T18:37:01+05:30 command.go:206: [31m│[0m [0melements of the list?
TestRunStandardSolutionIBMKeys 2025-02-23T18:37:01+05:30 command.go:206: [31m╵[0m[0m
TestRunStandardSolutionIBMKeys 2025-02-23T18:37:01+05:30 command.go:206: [31m╷[0m[0m
TestRunStandardSolutionIBMKeys 2025-02-23T18:37:01+05:30 command.go:206: [31m│[0m [0m[1m[31mError: [0m[0m[1mUnsupported attribute[0m
TestRunStandardSolutionIBMKeys 2025-02-23T18:37:01+05:30 command.go:206: [31m│[0m [0m
TestRunStandardSolutionIBMKeys 2025-02-23T18:37:01+05:30 command.go:206: [31m│[0m [0m[0m  on outputs.tf line 17, in output "guid":
TestRunStandardSolutionIBMKeys 2025-02-23T18:37:01+05:30 command.go:206: [31m│[0m [0m  17:   value       = module.mongodb[4m.guid[0m[0m
TestRunStandardSolutionIBMKeys 2025-02-23T18:37:01+05:30 command.go:206: [31m│[0m [0m    [90m├────────────────[0m
TestRunStandardSolutionIBMKeys 2025-02-23T18:37:01+05:30 command.go:206: [31m│[0m [0m[0m    [90m│[0m [1mmodule.mongodb[0m is a list of object
TestRunStandardSolutionIBMKeys 2025-02-23T18:37:01+05:30 command.go:206: [31m│[0m [0m[0m
TestRunStandardSolutionIBMKeys 2025-02-23T18:37:01+05:30 command.go:206: [31m│[0m [0mCan't access attributes on a list of objects. Did you mean to access
TestRunStandardSolutionIBMKeys 2025-02-23T18:37:01+05:30 command.go:206: [31m│[0m [0mattribute "guid" for a specific element of the list, or across all elements
TestRunStandardSolutionIBMKeys 2025-02-23T18:37:01+05:30 command.go:206: [31m│[0m [0mof the list?
TestRunStandardSolutionIBMKeys 2025-02-23T18:37:01+05:30 command.go:206: [31m╵[0m[0m
TestRunStandardSolutionIBMKeys 2025-02-23T18:37:01+05:30 command.go:206: [31m╷[0m[0m
TestRunStandardSolutionIBMKeys 2025-02-23T18:37:01+05:30 command.go:206: [31m│[0m [0m[1m[31mError: [0m[0m[1mUnsupported attribute[0m
TestRunStandardSolutionIBMKeys 2025-02-23T18:37:01+05:30 command.go:206: [31m│[0m [0m
TestRunStandardSolutionIBMKeys 2025-02-23T18:37:01+05:30 command.go:206: [31m│[0m [0m[0m  on outputs.tf line 22, in output "crn":
TestRunStandardSolutionIBMKeys 2025-02-23T18:37:01+05:30 command.go:206: [31m│[0m [0m  22:   value       = module.mongodb[4m.crn[0m[0m
TestRunStandardSolutionIBMKeys 2025-02-23T18:37:01+05:30 command.go:206: [31m│[0m [0m    [90m├────────────────[0m
TestRunStandardSolutionIBMKeys 2025-02-23T18:37:01+05:30 command.go:206: [31m│[0m [0m[0m    [90m│[0m [1mmodule.mongodb[0m is a list of object
TestRunStandardSolutionIBMKeys 2025-02-23T18:37:01+05:30 command.go:206: [31m│[0m [0m[0m
TestRunStandardSolutionIBMKeys 2025-02-23T18:37:01+05:30 command.go:206: [31m│[0m [0mCan't access attributes on a list of objects. Did you mean to access
TestRunStandardSolutionIBMKeys 2025-02-23T18:37:01+05:30 command.go:206: [31m│[0m [0mattribute "crn" for a specific element of the list, or across all elements
TestRunStandardSolutionIBMKeys 2025-02-23T18:37:01+05:30 command.go:206: [31m│[0m [0mof the list?
TestRunStandardSolutionIBMKeys 2025-02-23T18:37:01+05:30 command.go:206: [31m╵[0m[0m
TestRunStandardSolutionIBMKeys 2025-02-23T18:37:01+05:30 command.go:206: [31m╷[0m[0m
TestRunStandardSolutionIBMKeys 2025-02-23T18:37:01+05:30 command.go:206: [31m│[0m [0m[1m[31mError: [0m[0m[1mUnsupported attribute[0m
TestRunStandardSolutionIBMKeys 2025-02-23T18:37:01+05:30 command.go:206: [31m│[0m [0m
TestRunStandardSolutionIBMKeys 2025-02-23T18:37:01+05:30 command.go:206: [31m│[0m [0m[0m  on outputs.tf line 27, in output "cbr_rule_ids":
TestRunStandardSolutionIBMKeys 2025-02-23T18:37:01+05:30 command.go:206: [31m│[0m [0m  27:   value       = module.mongodb[4m.cbr_rule_ids[0m[0m
TestRunStandardSolutionIBMKeys 2025-02-23T18:37:01+05:30 command.go:206: [31m│[0m [0m    [90m├────────────────[0m
TestRunStandardSolutionIBMKeys 2025-02-23T18:37:01+05:30 command.go:206: [31m│[0m [0m[0m    [90m│[0m [1mmodule.mongodb[0m is a list of object
TestRunStandardSolutionIBMKeys 2025-02-23T18:37:01+05:30 command.go:206: [31m│[0m [0m[0m
TestRunStandardSolutionIBMKeys 2025-02-23T18:37:01+05:30 command.go:206: [31m│[0m [0mCan't access attributes on a list of objects. Did you mean to access
TestRunStandardSolutionIBMKeys 2025-02-23T18:37:01+05:30 command.go:206: [31m│[0m [0mattribute "cbr_rule_ids" for a specific element of the list, or across all
TestRunStandardSolutionIBMKeys 2025-02-23T18:37:01+05:30 command.go:206: [31m│[0m [0melements of the list?
TestRunStandardSolutionIBMKeys 2025-02-23T18:37:01+05:30 command.go:206: [31m╵[0m[0m
TestRunStandardSolutionIBMKeys 2025-02-23T18:37:01+05:30 command.go:206: [31m╷[0m[0m
TestRunStandardSolutionIBMKeys 2025-02-23T18:37:01+05:30 command.go:206: [31m│[0m [0m[1m[31mError: [0m[0m[1mUnsupported attribute[0m
TestRunStandardSolutionIBMKeys 2025-02-23T18:37:01+05:30 command.go:206: [31m│[0m [0m
TestRunStandardSolutionIBMKeys 2025-02-23T18:37:01+05:30 command.go:206: [31m│[0m [0m[0m  on outputs.tf line 32, in output "service_credentials_json":
TestRunStandardSolutionIBMKeys 2025-02-23T18:37:01+05:30 command.go:206: [31m│[0m [0m  32:   value       = module.mongodb[4m.service_credentials_json[0m[0m
TestRunStandardSolutionIBMKeys 2025-02-23T18:37:01+05:30 command.go:206: [31m│[0m [0m    [90m├────────────────[0m
TestRunStandardSolutionIBMKeys 2025-02-23T18:37:01+05:30 command.go:206: [31m│[0m [0m[0m    [90m│[0m [1mmodule.mongodb[0m is a list of object
TestRunStandardSolutionIBMKeys 2025-02-23T18:37:01+05:30 command.go:206: [31m│[0m [0m[0m
TestRunStandardSolutionIBMKeys 2025-02-23T18:37:01+05:30 command.go:206: [31m│[0m [0mCan't access attributes on a list of objects. Did you mean to access
TestRunStandardSolutionIBMKeys 2025-02-23T18:37:01+05:30 command.go:206: [31m│[0m [0mattribute "service_credentials_json" for a specific element of the list, or
TestRunStandardSolutionIBMKeys 2025-02-23T18:37:01+05:30 command.go:206: [31m│[0m [0macross all elements of the list?
TestRunStandardSolutionIBMKeys 2025-02-23T18:37:01+05:30 command.go:206: [31m╵[0m[0m
TestRunStandardSolutionIBMKeys 2025-02-23T18:37:01+05:30 command.go:206: [31m╷[0m[0m
TestRunStandardSolutionIBMKeys 2025-02-23T18:37:01+05:30 command.go:206: [31m│[0m [0m[1m[31mError: [0m[0m[1mUnsupported attribute[0m
TestRunStandardSolutionIBMKeys 2025-02-23T18:37:01+05:30 command.go:206: [31m│[0m [0m
TestRunStandardSolutionIBMKeys 2025-02-23T18:37:01+05:30 command.go:206: [31m│[0m [0m[0m  on outputs.tf line 38, in output "service_credentials_object":
TestRunStandardSolutionIBMKeys 2025-02-23T18:37:01+05:30 command.go:206: [31m│[0m [0m  38:   value       = module.mongodb[4m.service_credentials_object[0m[0m
TestRunStandardSolutionIBMKeys 2025-02-23T18:37:01+05:30 command.go:206: [31m│[0m [0m    [90m├────────────────[0m
TestRunStandardSolutionIBMKeys 2025-02-23T18:37:01+05:30 command.go:206: [31m│[0m [0m[0m    [90m│[0m [1mmodule.mongodb[0m is a list of object
TestRunStandardSolutionIBMKeys 2025-02-23T18:37:01+05:30 command.go:206: [31m│[0m [0m[0m
TestRunStandardSolutionIBMKeys 2025-02-23T18:37:01+05:30 command.go:206: [31m│[0m [0mCan't access attributes on a list of objects. Did you mean to access
TestRunStandardSolutionIBMKeys 2025-02-23T18:37:01+05:30 command.go:206: [31m│[0m [0mattribute "service_credentials_object" for a specific element of the list,
TestRunStandardSolutionIBMKeys 2025-02-23T18:37:01+05:30 command.go:206: [31m│[0m [0mor across all elements of the list?
TestRunStandardSolutionIBMKeys 2025-02-23T18:37:01+05:30 command.go:206: [31m╵[0m[0m
TestRunStandardSolutionIBMKeys 2025-02-23T18:37:01+05:30 command.go:206: [31m╷[0m[0m
TestRunStandardSolutionIBMKeys 2025-02-23T18:37:01+05:30 command.go:206: [31m│[0m [0m[1m[31mError: [0m[0m[1mUnsupported attribute[0m
TestRunStandardSolutionIBMKeys 2025-02-23T18:37:01+05:30 command.go:206: [31m│[0m [0m
TestRunStandardSolutionIBMKeys 2025-02-23T18:37:01+05:30 command.go:206: [31m│[0m [0m[0m  on outputs.tf line 44, in output "adminuser":
TestRunStandardSolutionIBMKeys 2025-02-23T18:37:01+05:30 command.go:206: [31m│[0m [0m  44:   value       = module.mongodb[4m.adminuser[0m[0m
TestRunStandardSolutionIBMKeys 2025-02-23T18:37:01+05:30 command.go:206: [31m│[0m [0m    [90m├────────────────[0m
TestRunStandardSolutionIBMKeys 2025-02-23T18:37:01+05:30 command.go:206: [31m│[0m [0m[0m    [90m│[0m [1mmodule.mongodb[0m is a list of object
TestRunStandardSolutionIBMKeys 2025-02-23T18:37:01+05:30 command.go:206: [31m│[0m [0m[0m
TestRunStandardSolutionIBMKeys 2025-02-23T18:37:01+05:30 command.go:206: [31m│[0m [0mCan't access attributes on a list of objects. Did you mean to access
TestRunStandardSolutionIBMKeys 2025-02-23T18:37:01+05:30 command.go:206: [31m│[0m [0mattribute "adminuser" for a specific element of the list, or across all
TestRunStandardSolutionIBMKeys 2025-02-23T18:37:01+05:30 command.go:206: [31m│[0m [0melements of the list?
TestRunStandardSolutionIBMKeys 2025-02-23T18:37:01+05:30 command.go:206: [31m╵[0m[0m
TestRunStandardSolutionIBMKeys 2025-02-23T18:37:01+05:30 command.go:206: [31m╷[0m[0m
TestRunStandardSolutionIBMKeys 2025-02-23T18:37:01+05:30 command.go:206: [31m│[0m [0m[1m[31mError: [0m[0m[1mReference to undeclared input variable[0m
TestRunStandardSolutionIBMKeys 2025-02-23T18:37:01+05:30 command.go:206: [31m│[0m [0m
TestRunStandardSolutionIBMKeys 2025-02-23T18:37:01+05:30 command.go:206: [31m│[0m [0m[0m  on ../../main.tf line 386, in data "ibm_database_connection" "database_connection":
TestRunStandardSolutionIBMKeys 2025-02-23T18:37:01+05:30 command.go:206: [31m│[0m [0m 386:   endpoint_type = [4mvar.endpoints[0m == "public-and-private" ? "public" : var.endpoints[0m
TestRunStandardSolutionIBMKeys 2025-02-23T18:37:01+05:30 command.go:206: [31m│[0m [0m
TestRunStandardSolutionIBMKeys 2025-02-23T18:37:01+05:30 command.go:206: [31m│[0m [0mAn input variable with the name "endpoints" has not been declared. This
TestRunStandardSolutionIBMKeys 2025-02-23T18:37:01+05:30 command.go:206: [31m│[0m [0mvariable can be declared with a variable "endpoints" {} block.
TestRunStandardSolutionIBMKeys 2025-02-23T18:37:01+05:30 command.go:206: [31m╵[0m[0m
TestRunStandardSolutionIBMKeys 2025-02-23T18:37:01+05:30 command.go:206: [31m╷[0m[0m
TestRunStandardSolutionIBMKeys 2025-02-23T18:37:01+05:30 command.go:206: [31m│[0m [0m[1m[31mError: [0m[0m[1mReference to undeclared input variable[0m
TestRunStandardSolutionIBMKeys 2025-02-23T18:37:01+05:30 command.go:206: [31m│[0m [0m
TestRunStandardSolutionIBMKeys 2025-02-23T18:37:01+05:30 command.go:206: [31m│[0m [0m[0m  on ../../main.tf line 386, in data "ibm_database_connection" "database_connection":
TestRunStandardSolutionIBMKeys 2025-02-23T18:37:01+05:30 command.go:206: [31m│[0m [0m 386:   endpoint_type = var.endpoints == "public-and-private" ? "public" : [4mvar.endpoints[0m[0m
TestRunStandardSolutionIBMKeys 2025-02-23T18:37:01+05:30 command.go:206: [31m│[0m [0m
TestRunStandardSolutionIBMKeys 2025-02-23T18:37:01+05:30 command.go:206: [31m│[0m [0mAn input variable with the name "endpoints" has not been declared. This
TestRunStandardSolutionIBMKeys 2025-02-23T18:37:01+05:30 command.go:206: [31m│[0m [0mvariable can be declared with a variable "endpoints" {} block.
TestRunStandardSolutionIBMKeys 2025-02-23T18:37:01+05:30 command.go:206: [31m╵[0m[0m
TestRunStandardSolutionIBMKeys 2025-02-23T18:37:01+05:30 retry.go:99: Returning due to fatal error: FatalError{Underlying: error while running command: exit status 1; [31m╷[0m[0m
[31m│[0m [0m[1m[31mError: [0m[0m[1mReference to undeclared local value[0m
[31m│[0m [0m
[31m│[0m [0m[0m  on main.tf line 268, in data "ibm_resource_instance" "existing_instance_resource":
[31m│[0m [0m 268:   identifier = [4mlocal.existing_redis_guid[0m[0m
[31m│[0m [0m
[31m│[0m [0mA local value with the name "existing_redis_guid" has not been declared.
[31m╵[0m[0m
[31m╷[0m[0m
[31m│[0m [0m[1m[31mError: [0m[0m[1mUnsupported attribute[0m
[31m│[0m [0m
[31m│[0m [0m[0m  on main.tf line 360, in resource "ibm_iam_authorization_policy" "secrets_manager_key_manager":
[31m│[0m [0m 360:   target_resource_instance_id = module.mongodb[4m.guid[0m[0m
[31m│[0m [0m    [90m├────────────────[0m
[31m│[0m [0m[0m    [90m│[0m [1mmodule.mongodb[0m is a list of object
[31m│[0m [0m[0m
[31m│[0m [0mCan't access attributes on a list of objects. Did you mean to access
[31m│[0m [0mattribute "guid" for a specific element of the list, or across all elements
[31m│[0m [0mof the list?
[31m╵[0m[0m
[31m╷[0m[0m
[31m│[0m [0m[1m[31mError: [0m[0m[1mUnsupported attribute[0m
[31m│[0m [0m
[31m│[0m [0m[0m  on outputs.tf line 7, in output "id":
[31m│[0m [0m   7:   value       = module.mongodb[4m.id[0m[0m
[31m│[0m [0m    [90m├────────────────[0m
[31m│[0m [0m[0m    [90m│[0m [1mmodule.mongodb[0m is a list of object
[31m│[0m [0m[0m
[31m│[0m [0mCan't access attributes on a list of objects. Did you mean to access
[31m│[0m [0mattribute "id" for a specific element of the list, or across all elements
[31m│[0m [0mof the list?
[31m╵[0m[0m
[31m╷[0m[0m
[31m│[0m [0m[1m[31mError: [0m[0m[1mUnsupported attribute[0m
[31m│[0m [0m
[31m│[0m [0m[0m  on outputs.tf line 12, in output "version":
[31m│[0m [0m  12:   value       = module.mongodb[4m.version[0m[0m
[31m│[0m [0m    [90m├────────────────[0m
[31m│[0m [0m[0m    [90m│[0m [1mmodule.mongodb[0m is a list of object
[31m│[0m [0m[0m
[31m│[0m [0mCan't access attributes on a list of objects. Did you mean to access
[31m│[0m [0mattribute "version" for a specific element of the list, or across all
[31m│[0m [0melements of the list?
[31m╵[0m[0m
[31m╷[0m[0m
[31m│[0m [0m[1m[31mError: [0m[0m[1mUnsupported attribute[0m
[31m│[0m [0m
[31m│[0m [0m[0m  on outputs.tf line 17, in output "guid":
[31m│[0m [0m  17:   value       = module.mongodb[4m.guid[0m[0m
[31m│[0m [0m    [90m├────────────────[0m
[31m│[0m [0m[0m    [90m│[0m [1mmodule.mongodb[0m is a list of object
[31m│[0m [0m[0m
[31m│[0m [0mCan't access attributes on a list of objects. Did you mean to access
[31m│[0m [0mattribute "guid" for a specific element of the list, or across all elements
[31m│[0m [0mof the list?
[31m╵[0m[0m
[31m╷[0m[0m
[31m│[0m [0m[1m[31mError: [0m[0m[1mUnsupported attribute[0m
[31m│[0m [0m
[31m│[0m [0m[0m  on outputs.tf line 22, in output "crn":
[31m│[0m [0m  22:   value       = module.mongodb[4m.crn[0m[0m
[31m│[0m [0m    [90m├────────────────[0m
[31m│[0m [0m[0m    [90m│[0m [1mmodule.mongodb[0m is a list of object
[31m│[0m [0m[0m
[31m│[0m [0mCan't access attributes on a list of objects. Did you mean to access
[31m│[0m [0mattribute "crn" for a specific element of the list, or across all elements
[31m│[0m [0mof the list?
[31m╵[0m[0m
[31m╷[0m[0m
[31m│[0m [0m[1m[31mError: [0m[0m[1mUnsupported attribute[0m
[31m│[0m [0m
[31m│[0m [0m[0m  on outputs.tf line 27, in output "cbr_rule_ids":
[31m│[0m [0m  27:   value       = module.mongodb[4m.cbr_rule_ids[0m[0m
[31m│[0m [0m    [90m├────────────────[0m
[31m│[0m [0m[0m    [90m│[0m [1mmodule.mongodb[0m is a list of object
[31m│[0m [0m[0m
[31m│[0m [0mCan't access attributes on a list of objects. Did you mean to access
[31m│[0m [0mattribute "cbr_rule_ids" for a specific element of the list, or across all
[31m│[0m [0melements of the list?
[31m╵[0m[0m
[31m╷[0m[0m
[31m│[0m [0m[1m[31mError: [0m[0m[1mUnsupported attribute[0m
[31m│[0m [0m
[31m│[0m [0m[0m  on outputs.tf line 32, in output "service_credentials_json":
[31m│[0m [0m  32:   value       = module.mongodb[4m.service_credentials_json[0m[0m
[31m│[0m [0m    [90m├────────────────[0m
[31m│[0m [0m[0m    [90m│[0m [1mmodule.mongodb[0m is a list of object
[31m│[0m [0m[0m
[31m│[0m [0mCan't access attributes on a list of objects. Did you mean to access
[31m│[0m [0mattribute "service_credentials_json" for a specific element of the list, or
[31m│[0m [0macross all elements of the list?
[31m╵[0m[0m
[31m╷[0m[0m
[31m│[0m [0m[1m[31mError: [0m[0m[1mUnsupported attribute[0m
[31m│[0m [0m
[31m│[0m [0m[0m  on outputs.tf line 38, in output "service_credentials_object":
[31m│[0m [0m  38:   value       = module.mongodb[4m.service_credentials_object[0m[0m
[31m│[0m [0m    [90m├────────────────[0m
[31m│[0m [0m[0m    [90m│[0m [1mmodule.mongodb[0m is a list of object
[31m│[0m [0m[0m
[31m│[0m [0mCan't access attributes on a list of objects. Did you mean to access
[31m│[0m [0mattribute "service_credentials_object" for a specific element of the list,
[31m│[0m [0mor across all elements of the list?
[31m╵[0m[0m
[31m╷[0m[0m
[31m│[0m [0m[1m[31mError: [0m[0m[1mUnsupported attribute[0m
[31m│[0m [0m
[31m│[0m [0m[0m  on outputs.tf line 44, in output "adminuser":
[31m│[0m [0m  44:   value       = module.mongodb[4m.adminuser[0m[0m
[31m│[0m [0m    [90m├────────────────[0m
[31m│[0m [0m[0m    [90m│[0m [1mmodule.mongodb[0m is a list of object
[31m│[0m [0m[0m
[31m│[0m [0mCan't access attributes on a list of objects. Did you mean to access
[31m│[0m [0mattribute "adminuser" for a specific element of the list, or across all
[31m│[0m [0melements of the list?
[31m╵[0m[0m
[31m╷[0m[0m
[31m│[0m [0m[1m[31mError: [0m[0m[1mReference to undeclared input variable[0m
[31m│[0m [0m
[31m│[0m [0m[0m  on ../../main.tf line 386, in data "ibm_database_connection" "database_connection":
[31m│[0m [0m 386:   endpoint_type = [4mvar.endpoints[0m == "public-and-private" ? "public" : var.endpoints[0m
[31m│[0m [0m
[31m│[0m [0mAn input variable with the name "endpoints" has not been declared. This
[31m│[0m [0mvariable can be declared with a variable "endpoints" {} block.
[31m╵[0m[0m
[31m╷[0m[0m
[31m│[0m [0m[1m[31mError: [0m[0m[1mReference to undeclared input variable[0m
[31m│[0m [0m
[31m│[0m [0m[0m  on ../../main.tf line 386, in data "ibm_database_connection" "database_connection":
[31m│[0m [0m 386:   endpoint_type = var.endpoints == "public-and-private" ? "public" : [4mvar.endpoints[0m[0m
[31m│[0m [0m
[31m│[0m [0mAn input variable with the name "endpoints" has not been declared. This
[31m│[0m [0mvariable can be declared with a variable "endpoints" {} block.
[31m╵[0m[0m}
    tests.go:198: 
        	Error Trace:	/Users/aatreyeemukherjee/go/pkg/mod/github.com/terraform-ibm-modules/ibmcloud-terratest-wrapper@v1.46.1/testhelper/tests.go:198
        	            				/Users/aatreyeemukherjee/go/pkg/mod/github.com/terraform-ibm-modules/ibmcloud-terratest-wrapper@v1.46.1/testhelper/tests.go:585
        	            				/Users/aatreyeemukherjee/Work/terraform-ibm-icd-mongodb/tests/pr_test.go:237
        	Error:      	Received unexpected error:
        	            	FatalError{Underlying: error while running command: exit status 1; [31m╷[0m[0m
        	            	[31m│[0m [0m[1m[31mError: [0m[0m[1mReference to undeclared local value[0m
        	            	[31m│[0m [0m
        	            	[31m│[0m [0m[0m  on main.tf line 268, in data "ibm_resource_instance" "existing_instance_resource":
        	            	[31m│[0m [0m 268:   identifier = [4mlocal.existing_redis_guid[0m[0m
        	            	[31m│[0m [0m
        	            	[31m│[0m [0mA local value with the name "existing_redis_guid" has not been declared.
        	            	[31m╵[0m[0m
        	            	[31m╷[0m[0m
        	            	[31m│[0m [0m[1m[31mError: [0m[0m[1mUnsupported attribute[0m
        	            	[31m│[0m [0m
        	            	[31m│[0m [0m[0m  on main.tf line 360, in resource "ibm_iam_authorization_policy" "secrets_manager_key_manager":
        	            	[31m│[0m [0m 360:   target_resource_instance_id = module.mongodb[4m.guid[0m[0m
        	            	[31m│[0m [0m    [90m├────────────────[0m
        	            	[31m│[0m [0m[0m    [90m│[0m [1mmodule.mongodb[0m is a list of object
        	            	[31m│[0m [0m[0m
        	            	[31m│[0m [0mCan't access attributes on a list of objects. Did you mean to access
        	            	[31m│[0m [0mattribute "guid" for a specific element of the list, or across all elements
        	            	[31m│[0m [0mof the list?
        	            	[31m╵[0m[0m
        	            	[31m╷[0m[0m
        	            	[31m│[0m [0m[1m[31mError: [0m[0m[1mUnsupported attribute[0m
        	            	[31m│[0m [0m
        	            	[31m│[0m [0m[0m  on outputs.tf line 7, in output "id":
        	            	[31m│[0m [0m   7:   value       = module.mongodb[4m.id[0m[0m
        	            	[31m│[0m [0m    [90m├────────────────[0m
        	            	[31m│[0m [0m[0m    [90m│[0m [1mmodule.mongodb[0m is a list of object
        	            	[31m│[0m [0m[0m
        	            	[31m│[0m [0mCan't access attributes on a list of objects. Did you mean to access
        	            	[31m│[0m [0mattribute "id" for a specific element of the list, or across all elements
        	            	[31m│[0m [0mof the list?
        	            	[31m╵[0m[0m
        	            	[31m╷[0m[0m
        	            	[31m│[0m [0m[1m[31mError: [0m[0m[1mUnsupported attribute[0m
        	            	[31m│[0m [0m
        	            	[31m│[0m [0m[0m  on outputs.tf line 12, in output "version":
        	            	[31m│[0m [0m  12:   value       = module.mongodb[4m.version[0m[0m
        	            	[31m│[0m [0m    [90m├────────────────[0m
        	            	[31m│[0m [0m[0m    [90m│[0m [1mmodule.mongodb[0m is a list of object
        	            	[31m│[0m [0m[0m
        	            	[31m│[0m [0mCan't access attributes on a list of objects. Did you mean to access
        	            	[31m│[0m [0mattribute "version" for a specific element of the list, or across all
        	            	[31m│[0m [0melements of the list?
        	            	[31m╵[0m[0m
        	            	[31m╷[0m[0m
        	            	[31m│[0m [0m[1m[31mError: [0m[0m[1mUnsupported attribute[0m
        	            	[31m│[0m [0m
        	            	[31m│[0m [0m[0m  on outputs.tf line 17, in output "guid":
        	            	[31m│[0m [0m  17:   value       = module.mongodb[4m.guid[0m[0m
        	            	[31m│[0m [0m    [90m├────────────────[0m
        	            	[31m│[0m [0m[0m    [90m│[0m [1mmodule.mongodb[0m is a list of object
        	            	[31m│[0m [0m[0m
        	            	[31m│[0m [0mCan't access attributes on a list of objects. Did you mean to access
        	            	[31m│[0m [0mattribute "guid" for a specific element of the list, or across all elements
        	            	[31m│[0m [0mof the list?
        	            	[31m╵[0m[0m
        	            	[31m╷[0m[0m
        	            	[31m│[0m [0m[1m[31mError: [0m[0m[1mUnsupported attribute[0m
        	            	[31m│[0m [0m
        	            	[31m│[0m [0m[0m  on outputs.tf line 22, in output "crn":
        	            	[31m│[0m [0m  22:   value       = module.mongodb[4m.crn[0m[0m
        	            	[31m│[0m [0m    [90m├────────────────[0m
        	            	[31m│[0m [0m[0m    [90m│[0m [1mmodule.mongodb[0m is a list of object
        	            	[31m│[0m [0m[0m
        	            	[31m│[0m [0mCan't access attributes on a list of objects. Did you mean to access
        	            	[31m│[0m [0mattribute "crn" for a specific element of the list, or across all elements
        	            	[31m│[0m [0mof the list?
        	            	[31m╵[0m[0m
        	            	[31m╷[0m[0m
        	            	[31m│[0m [0m[1m[31mError: [0m[0m[1mUnsupported attribute[0m
        	            	[31m│[0m [0m
        	            	[31m│[0m [0m[0m  on outputs.tf line 27, in output "cbr_rule_ids":
        	            	[31m│[0m [0m  27:   value       = module.mongodb[4m.cbr_rule_ids[0m[0m
        	            	[31m│[0m [0m    [90m├────────────────[0m
        	            	[31m│[0m [0m[0m    [90m│[0m [1mmodule.mongodb[0m is a list of object
        	            	[31m│[0m [0m[0m
        	            	[31m│[0m [0mCan't access attributes on a list of objects. Did you mean to access
        	            	[31m│[0m [0mattribute "cbr_rule_ids" for a specific element of the list, or across all
        	            	[31m│[0m [0melements of the list?
        	            	[31m╵[0m[0m
        	            	[31m╷[0m[0m
        	            	[31m│[0m [0m[1m[31mError: [0m[0m[1mUnsupported attribute[0m
        	            	[31m│[0m [0m
        	            	[31m│[0m [0m[0m  on outputs.tf line 32, in output "service_credentials_json":
        	            	[31m│[0m [0m  32:   value       = module.mongodb[4m.service_credentials_json[0m[0m
        	            	[31m│[0m [0m    [90m├────────────────[0m
        	            	[31m│[0m [0m[0m    [90m│[0m [1mmodule.mongodb[0m is a list of object
        	            	[31m│[0m [0m[0m
        	            	[31m│[0m [0mCan't access attributes on a list of objects. Did you mean to access
        	            	[31m│[0m [0mattribute "service_credentials_json" for a specific element of the list, or
        	            	[31m│[0m [0macross all elements of the list?
        	            	[31m╵[0m[0m
        	            	[31m╷[0m[0m
        	            	[31m│[0m [0m[1m[31mError: [0m[0m[1mUnsupported attribute[0m
        	            	[31m│[0m [0m
        	            	[31m│[0m [0m[0m  on outputs.tf line 38, in output "service_credentials_object":
        	            	[31m│[0m [0m  38:   value       = module.mongodb[4m.service_credentials_object[0m[0m
        	            	[31m│[0m [0m    [90m├────────────────[0m
        	            	[31m│[0m [0m[0m    [90m│[0m [1mmodule.mongodb[0m is a list of object
        	            	[31m│[0m [0m[0m
        	            	[31m│[0m [0mCan't access attributes on a list of objects. Did you mean to access
        	            	[31m│[0m [0mattribute "service_credentials_object" for a specific element of the list,
        	            	[31m│[0m [0mor across all elements of the list?
        	            	[31m╵[0m[0m
        	            	[31m╷[0m[0m
        	            	[31m│[0m [0m[1m[31mError: [0m[0m[1mUnsupported attribute[0m
        	            	[31m│[0m [0m
        	            	[31m│[0m [0m[0m  on outputs.tf line 44, in output "adminuser":
        	            	[31m│[0m [0m  44:   value       = module.mongodb[4m.adminuser[0m[0m
        	            	[31m│[0m [0m    [90m├────────────────[0m
        	            	[31m│[0m [0m[0m    [90m│[0m [1mmodule.mongodb[0m is a list of object
        	            	[31m│[0m [0m[0m
        	            	[31m│[0m [0mCan't access attributes on a list of objects. Did you mean to access
        	            	[31m│[0m [0mattribute "adminuser" for a specific element of the list, or across all
        	            	[31m│[0m [0melements of the list?
        	            	[31m╵[0m[0m
        	            	[31m╷[0m[0m
        	            	[31m│[0m [0m[1m[31mError: [0m[0m[1mReference to undeclared input variable[0m
        	            	[31m│[0m [0m
        	            	[31m│[0m [0m[0m  on ../../main.tf line 386, in data "ibm_database_connection" "database_connection":
        	            	[31m│[0m [0m 386:   endpoint_type = [4mvar.endpoints[0m == "public-and-private" ? "public" : var.endpoints[0m
        	            	[31m│[0m [0m
        	            	[31m│[0m [0mAn input variable with the name "endpoints" has not been declared. This
        	            	[31m│[0m [0mvariable can be declared with a variable "endpoints" {} block.
        	            	[31m╵[0m[0m
        	            	[31m╷[0m[0m
        	            	[31m│[0m [0m[1m[31mError: [0m[0m[1mReference to undeclared input variable[0m
        	            	[31m│[0m [0m
        	            	[31m│[0m [0m[0m  on ../../main.tf line 386, in data "ibm_database_connection" "database_connection":
        	            	[31m│[0m [0m 386:   endpoint_type = var.endpoints == "public-and-private" ? "public" : [4mvar.endpoints[0m[0m
        	            	[31m│[0m [0m
        	            	[31m│[0m [0mAn input variable with the name "endpoints" has not been declared. This
        	            	[31m│[0m [0mvariable can be declared with a variable "endpoints" {} block.
        	            	[31m╵[0m[0m}
        	Test:       	TestRunStandardSolutionIBMKeys
TestRunStandardSolutionIBMKeys 2025-02-23T18:37:01+05:30 tests.go:199: FatalError{Underlying: error while running command: exit status 1; [31m╷[0m[0m
[31m│[0m [0m[1m[31mError: [0m[0m[1mReference to undeclared local value[0m
[31m│[0m [0m
[31m│[0m [0m[0m  on main.tf line 268, in data "ibm_resource_instance" "existing_instance_resource":
[31m│[0m [0m 268:   identifier = [4mlocal.existing_redis_guid[0m[0m
[31m│[0m [0m
[31m│[0m [0mA local value with the name "existing_redis_guid" has not been declared.
[31m╵[0m[0m
[31m╷[0m[0m
[31m│[0m [0m[1m[31mError: [0m[0m[1mUnsupported attribute[0m
[31m│[0m [0m
[31m│[0m [0m[0m  on main.tf line 360, in resource "ibm_iam_authorization_policy" "secrets_manager_key_manager":
[31m│[0m [0m 360:   target_resource_instance_id = module.mongodb[4m.guid[0m[0m
[31m│[0m [0m    [90m├────────────────[0m
[31m│[0m [0m[0m    [90m│[0m [1mmodule.mongodb[0m is a list of object
[31m│[0m [0m[0m
[31m│[0m [0mCan't access attributes on a list of objects. Did you mean to access
[31m│[0m [0mattribute "guid" for a specific element of the list, or across all elements
[31m│[0m [0mof the list?
[31m╵[0m[0m
[31m╷[0m[0m
[31m│[0m [0m[1m[31mError: [0m[0m[1mUnsupported attribute[0m
[31m│[0m [0m
[31m│[0m [0m[0m  on outputs.tf line 7, in output "id":
[31m│[0m [0m   7:   value       = module.mongodb[4m.id[0m[0m
[31m│[0m [0m    [90m├────────────────[0m
[31m│[0m [0m[0m    [90m│[0m [1mmodule.mongodb[0m is a list of object
[31m│[0m [0m[0m
[31m│[0m [0mCan't access attributes on a list of objects. Did you mean to access
[31m│[0m [0mattribute "id" for a specific element of the list, or across all elements
[31m│[0m [0mof the list?
[31m╵[0m[0m
[31m╷[0m[0m
[31m│[0m [0m[1m[31mError: [0m[0m[1mUnsupported attribute[0m
[31m│[0m [0m
[31m│[0m [0m[0m  on outputs.tf line 12, in output "version":
[31m│[0m [0m  12:   value       = module.mongodb[4m.version[0m[0m
[31m│[0m [0m    [90m├────────────────[0m
[31m│[0m [0m[0m    [90m│[0m [1mmodule.mongodb[0m is a list of object
[31m│[0m [0m[0m
[31m│[0m [0mCan't access attributes on a list of objects. Did you mean to access
[31m│[0m [0mattribute "version" for a specific element of the list, or across all
[31m│[0m [0melements of the list?
[31m╵[0m[0m
[31m╷[0m[0m
[31m│[0m [0m[1m[31mError: [0m[0m[1mUnsupported attribute[0m
[31m│[0m [0m
[31m│[0m [0m[0m  on outputs.tf line 17, in output "guid":
[31m│[0m [0m  17:   value       = module.mongodb[4m.guid[0m[0m
[31m│[0m [0m    [90m├────────────────[0m
[31m│[0m [0m[0m    [90m│[0m [1mmodule.mongodb[0m is a list of object
[31m│[0m [0m[0m
[31m│[0m [0mCan't access attributes on a list of objects. Did you mean to access
[31m│[0m [0mattribute "guid" for a specific element of the list, or across all elements
[31m│[0m [0mof the list?
[31m╵[0m[0m
[31m╷[0m[0m
[31m│[0m [0m[1m[31mError: [0m[0m[1mUnsupported attribute[0m
[31m│[0m [0m
[31m│[0m [0m[0m  on outputs.tf line 22, in output "crn":
[31m│[0m [0m  22:   value       = module.mongodb[4m.crn[0m[0m
[31m│[0m [0m    [90m├────────────────[0m
[31m│[0m [0m[0m    [90m│[0m [1mmodule.mongodb[0m is a list of object
[31m│[0m [0m[0m
[31m│[0m [0mCan't access attributes on a list of objects. Did you mean to access
[31m│[0m [0mattribute "crn" for a specific element of the list, or across all elements
[31m│[0m [0mof the list?
[31m╵[0m[0m
[31m╷[0m[0m
[31m│[0m [0m[1m[31mError: [0m[0m[1mUnsupported attribute[0m
[31m│[0m [0m
[31m│[0m [0m[0m  on outputs.tf line 27, in output "cbr_rule_ids":
[31m│[0m [0m  27:   value       = module.mongodb[4m.cbr_rule_ids[0m[0m
[31m│[0m [0m    [90m├────────────────[0m
[31m│[0m [0m[0m    [90m│[0m [1mmodule.mongodb[0m is a list of object
[31m│[0m [0m[0m
[31m│[0m [0mCan't access attributes on a list of objects. Did you mean to access
[31m│[0m [0mattribute "cbr_rule_ids" for a specific element of the list, or across all
[31m│[0m [0melements of the list?
[31m╵[0m[0m
[31m╷[0m[0m
[31m│[0m [0m[1m[31mError: [0m[0m[1mUnsupported attribute[0m
[31m│[0m [0m
[31m│[0m [0m[0m  on outputs.tf line 32, in output "service_credentials_json":
[31m│[0m [0m  32:   value       = module.mongodb[4m.service_credentials_json[0m[0m
[31m│[0m [0m    [90m├────────────────[0m
[31m│[0m [0m[0m    [90m│[0m [1mmodule.mongodb[0m is a list of object
[31m│[0m [0m[0m
[31m│[0m [0mCan't access attributes on a list of objects. Did you mean to access
[31m│[0m [0mattribute "service_credentials_json" for a specific element of the list, or
[31m│[0m [0macross all elements of the list?
[31m╵[0m[0m
[31m╷[0m[0m
[31m│[0m [0m[1m[31mError: [0m[0m[1mUnsupported attribute[0m
[31m│[0m [0m
[31m│[0m [0m[0m  on outputs.tf line 38, in output "service_credentials_object":
[31m│[0m [0m  38:   value       = module.mongodb[4m.service_credentials_object[0m[0m
[31m│[0m [0m    [90m├────────────────[0m
[31m│[0m [0m[0m    [90m│[0m [1mmodule.mongodb[0m is a list of object
[31m│[0m [0m[0m
[31m│[0m [0mCan't access attributes on a list of objects. Did you mean to access
[31m│[0m [0mattribute "service_credentials_object" for a specific element of the list,
[31m│[0m [0mor across all elements of the list?
[31m╵[0m[0m
[31m╷[0m[0m
[31m│[0m [0m[1m[31mError: [0m[0m[1mUnsupported attribute[0m
[31m│[0m [0m
[31m│[0m [0m[0m  on outputs.tf line 44, in output "adminuser":
[31m│[0m [0m  44:   value       = module.mongodb[4m.adminuser[0m[0m
[31m│[0m [0m    [90m├────────────────[0m
[31m│[0m [0m[0m    [90m│[0m [1mmodule.mongodb[0m is a list of object
[31m│[0m [0m[0m
[31m│[0m [0mCan't access attributes on a list of objects. Did you mean to access
[31m│[0m [0mattribute "adminuser" for a specific element of the list, or across all
[31m│[0m [0melements of the list?
[31m╵[0m[0m
[31m╷[0m[0m
[31m│[0m [0m[1m[31mError: [0m[0m[1mReference to undeclared input variable[0m
[31m│[0m [0m
[31m│[0m [0m[0m  on ../../main.tf line 386, in data "ibm_database_connection" "database_connection":
[31m│[0m [0m 386:   endpoint_type = [4mvar.endpoints[0m == "public-and-private" ? "public" : var.endpoints[0m
[31m│[0m [0m
[31m│[0m [0mAn input variable with the name "endpoints" has not been declared. This
[31m│[0m [0mvariable can be declared with a variable "endpoints" {} block.
[31m╵[0m[0m
[31m╷[0m[0m
[31m│[0m [0m[1m[31mError: [0m[0m[1mReference to undeclared input variable[0m
[31m│[0m [0m
[31m│[0m [0m[0m  on ../../main.tf line 386, in data "ibm_database_connection" "database_connection":
[31m│[0m [0m 386:   endpoint_type = var.endpoints == "public-and-private" ? "public" : [4mvar.endpoints[0m[0m
[31m│[0m [0m
[31m│[0m [0mAn input variable with the name "endpoints" has not been declared. This
[31m│[0m [0mvariable can be declared with a variable "endpoints" {} block.
[31m╵[0m[0m}
TestRunStandardSolutionIBMKeys 2025-02-23T18:37:01+05:30 tests.go:266: END: Destroy
    pr_test.go:238: 
        	Error Trace:	/Users/aatreyeemukherjee/Work/terraform-ibm-icd-mongodb/tests/pr_test.go:238
        	Error:      	Expected nil, but got: retry.FatalError{Underlying:(*shell.ErrWithCmdOutput)(0x1400194c1c8)}
        	Test:       	TestRunStandardSolutionIBMKeys
        	Messages:   	This should not have errored
    pr_test.go:239: 
        	Error Trace:	/Users/aatreyeemukherjee/Work/terraform-ibm-icd-mongodb/tests/pr_test.go:239
        	Error:      	Expected value not to be nil.
        	Test:       	TestRunStandardSolutionIBMKeys
        	Messages:   	Expected some output
--- FAIL: TestRunStandardSolutionIBMKeys (38.40s)
TestRunStandardUpgradeSolution 2025-02-23T18:37:03+05:30 logger.go:67: - Installing ibm-cloud/ibm v1.75.2...
TestRunExistingInstance 2025-02-23T18:37:05+05:30 retry.go:91: terraform [init -upgrade=true]
TestRunExistingInstance 2025-02-23T18:37:05+05:30 logger.go:67: Running command terraform with args [init -upgrade=true]
TestRunExistingInstance 2025-02-23T18:37:05+05:30 logger.go:67: [0m[1mInitializing the backend...[0m
TestRunExistingInstance 2025-02-23T18:37:05+05:30 logger.go:67: [0m[1mUpgrading modules...[0m
TestRunExistingInstance 2025-02-23T18:37:05+05:30 logger.go:67: - database in ../..
TestRunExistingInstance 2025-02-23T18:37:05+05:30 logger.go:67: Downloading registry.terraform.io/terraform-ibm-modules/common-utilities/ibm 1.1.0 for database.backup_key_crn_parser...
TestRunStandardUpgradeSolution 2025-02-23T18:37:06+05:30 logger.go:67: - Installed ibm-cloud/ibm v1.75.2 (self-signed, key ID [0m[1mAAD3B791C49CC253[0m[0m)
TestRunStandardUpgradeSolution 2025-02-23T18:37:06+05:30 logger.go:67: - Installing hashicorp/time v0.12.1...
TestRunStandardUpgradeSolution 2025-02-23T18:37:08+05:30 logger.go:67: - Installed hashicorp/time v0.12.1 (signed by HashiCorp)
TestRunExistingInstance 2025-02-23T18:37:08+05:30 logger.go:67: - database.backup_key_crn_parser in .terraform/modules/database.backup_key_crn_parser/modules/crn-parser
TestRunStandardUpgradeSolution 2025-02-23T18:37:08+05:30 logger.go:67: - Installing hashicorp/random v3.6.3...
TestRunExistingInstance 2025-02-23T18:37:08+05:30 logger.go:67: Downloading registry.terraform.io/terraform-ibm-modules/cbr/ibm 1.29.0 for database.cbr_rule...
TestPlanICDVersions/6.0 2025-02-23T18:37:08+05:30 retry.go:144: 'terraform [init -upgrade=true]' failed with the error 'error while running command: exit status 1; [31m╷[0m[0m
[31m│[0m [0m[1m[31mError: [0m[0m[1mFailed to query available provider packages[0m
[31m│[0m [0m
[31m│[0m [0m[0mCould not retrieve the list of available versions for provider
[31m│[0m [0mphillbaker/mongodb: provider registry registry.terraform.io does not have a
[31m│[0m [0mprovider named registry.terraform.io/phillbaker/mongodb
[31m│[0m [0m
[31m│[0m [0mAll modules should specify their required_providers so that external
[31m│[0m [0mconsumers will get the correct providers when using a module. To see which
[31m│[0m [0mmodules are currently depending on phillbaker/mongodb, run the following
[31m│[0m [0mcommand:
[31m│[0m [0m    terraform providers
[31m╵[0m[0m' but this error was expected and warrants a retry. Further details: Failed to retrieve plugin due to transient network error.

TestPlanICDVersions/6.0 2025-02-23T18:37:08+05:30 retry.go:103: terraform [init -upgrade=true] returned an error: error while running command: exit status 1; [31m╷[0m[0m
[31m│[0m [0m[1m[31mError: [0m[0m[1mFailed to query available provider packages[0m
[31m│[0m [0m
[31m│[0m [0m[0mCould not retrieve the list of available versions for provider
[31m│[0m [0mphillbaker/mongodb: provider registry registry.terraform.io does not have a
[31m│[0m [0mprovider named registry.terraform.io/phillbaker/mongodb
[31m│[0m [0m
[31m│[0m [0mAll modules should specify their required_providers so that external
[31m│[0m [0mconsumers will get the correct providers when using a module. To see which
[31m│[0m [0mmodules are currently depending on phillbaker/mongodb, run the following
[31m│[0m [0mcommand:
[31m│[0m [0m    terraform providers
[31m╵[0m[0m. Sleeping for 5s and will try again.
TestRunStandardUpgradeSolution 2025-02-23T18:37:10+05:30 logger.go:67: - Installed hashicorp/random v3.6.3 (signed by HashiCorp)
TestRunStandardUpgradeSolution 2025-02-23T18:37:10+05:30 logger.go:67: Partner and community providers are signed by their developers.
TestRunStandardUpgradeSolution 2025-02-23T18:37:10+05:30 logger.go:67: If you'd like to know more about provider signing, you can read about it here:
TestRunStandardUpgradeSolution 2025-02-23T18:37:10+05:30 logger.go:67: https://www.terraform.io/docs/cli/plugins/signing.html
TestRunStandardUpgradeSolution 2025-02-23T18:37:10+05:30 logger.go:67: Terraform has created a lock file [1m.terraform.lock.hcl[0m to record the provider
TestRunStandardUpgradeSolution 2025-02-23T18:37:10+05:30 logger.go:67: selections it made above. Include this file in your version control repository
TestRunStandardUpgradeSolution 2025-02-23T18:37:10+05:30 logger.go:67: so that Terraform can guarantee to make the same selections by default when
TestRunStandardUpgradeSolution 2025-02-23T18:37:10+05:30 logger.go:67: you run "terraform init" in the future.[0m
TestRunStandardUpgradeSolution 2025-02-23T18:37:10+05:30 logger.go:67: 
TestRunStandardUpgradeSolution 2025-02-23T18:37:10+05:30 logger.go:67: [0m[1m[32mTerraform has been successfully initialized![0m[32m[0m
TestRunStandardUpgradeSolution 2025-02-23T18:37:10+05:30 logger.go:67: [0m[32m
TestRunStandardUpgradeSolution 2025-02-23T18:37:10+05:30 logger.go:67: You may now begin working with Terraform. Try running "terraform plan" to see
TestRunStandardUpgradeSolution 2025-02-23T18:37:10+05:30 logger.go:67: any changes that are required for your infrastructure. All Terraform commands
TestRunStandardUpgradeSolution 2025-02-23T18:37:10+05:30 logger.go:67: should now work.
TestRunStandardUpgradeSolution 2025-02-23T18:37:10+05:30 logger.go:67: 
TestRunStandardUpgradeSolution 2025-02-23T18:37:10+05:30 logger.go:67: If you ever set or change modules or backend configuration for Terraform,
TestRunStandardUpgradeSolution 2025-02-23T18:37:10+05:30 logger.go:67: rerun this command to reinitialize your working directory. If you forget, other
TestRunStandardUpgradeSolution 2025-02-23T18:37:10+05:30 logger.go:67: commands will detect it and remind you to do so if necessary.[0m
TestRunStandardUpgradeSolution 2025-02-23T18:37:10+05:30 retry.go:91: terraform [apply -input=false -auto-approve -var existing_kms_instance_crn=crn:v1:bluemix:public:hs-crypto:us-south:a/abac0df06b644a9cabc6e44f55b3880e:e6dce284-e80f-46e1-a3c1-830f7adff7a9:: -var kms_endpoint_type=public -var provider_visibility=public -var resource_group_name=mongodb-st-da-upg-wqj45p -var access_tags=["geretain-dev:permanent-test-tag-1", "geretain-dev-1:permanent-test-tag-4"] -lock=false]
TestRunStandardUpgradeSolution 2025-02-23T18:37:10+05:30 logger.go:67: Running command terraform with args [apply -input=false -auto-approve -var existing_kms_instance_crn=crn:v1:bluemix:public:hs-crypto:us-south:a/abac0df06b644a9cabc6e44f55b3880e:e6dce284-e80f-46e1-a3c1-830f7adff7a9:: -var kms_endpoint_type=public -var provider_visibility=public -var resource_group_name=mongodb-st-da-upg-wqj45p -var access_tags=["geretain-dev:permanent-test-tag-1", "geretain-dev-1:permanent-test-tag-4"] -lock=false]
TestPlanICDVersions/7.0 2025-02-23T18:37:10+05:30 retry.go:144: 'terraform [init -upgrade=true]' failed with the error 'error while running command: exit status 1; [31m╷[0m[0m
[31m│[0m [0m[1m[31mError: [0m[0m[1mFailed to query available provider packages[0m
[31m│[0m [0m
[31m│[0m [0m[0mCould not retrieve the list of available versions for provider
[31m│[0m [0mphillbaker/mongodb: provider registry registry.terraform.io does not have a
[31m│[0m [0mprovider named registry.terraform.io/phillbaker/mongodb
[31m│[0m [0m
[31m│[0m [0mAll modules should specify their required_providers so that external
[31m│[0m [0mconsumers will get the correct providers when using a module. To see which
[31m│[0m [0mmodules are currently depending on phillbaker/mongodb, run the following
[31m│[0m [0mcommand:
[31m│[0m [0m    terraform providers
[31m╵[0m[0m' but this error was expected and warrants a retry. Further details: Failed to retrieve plugin due to transient network error.

TestPlanICDVersions/7.0 2025-02-23T18:37:10+05:30 retry.go:103: terraform [init -upgrade=true] returned an error: error while running command: exit status 1; [31m╷[0m[0m
[31m│[0m [0m[1m[31mError: [0m[0m[1mFailed to query available provider packages[0m
[31m│[0m [0m
[31m│[0m [0m[0mCould not retrieve the list of available versions for provider
[31m│[0m [0mphillbaker/mongodb: provider registry registry.terraform.io does not have a
[31m│[0m [0mprovider named registry.terraform.io/phillbaker/mongodb
[31m│[0m [0m
[31m│[0m [0mAll modules should specify their required_providers so that external
[31m│[0m [0mconsumers will get the correct providers when using a module. To see which
[31m│[0m [0mmodules are currently depending on phillbaker/mongodb, run the following
[31m│[0m [0mcommand:
[31m│[0m [0m    terraform providers
[31m╵[0m[0m. Sleeping for 5s and will try again.
TestRunExistingInstance 2025-02-23T18:37:11+05:30 logger.go:67: - database.cbr_rule in .terraform/modules/database.cbr_rule/modules/cbr-rule-module
TestRunExistingInstance 2025-02-23T18:37:11+05:30 logger.go:67: Downloading registry.terraform.io/terraform-ibm-modules/common-utilities/ibm 1.1.0 for database.kms_key_crn_parser...
TestRunExistingInstance 2025-02-23T18:37:11+05:30 logger.go:67: - database.kms_key_crn_parser in .terraform/modules/database.kms_key_crn_parser/modules/crn-parser
TestRunExistingInstance 2025-02-23T18:37:11+05:30 logger.go:67: Downloading registry.terraform.io/terraform-ibm-modules/resource-group/ibm 1.1.6 for resource_group...
TestRunExistingInstance 2025-02-23T18:37:13+05:30 logger.go:67: - resource_group in .terraform/modules/resource_group
TestRunExistingInstance 2025-02-23T18:37:13+05:30 logger.go:67: [0m[1mInitializing provider plugins...[0m
TestRunExistingInstance 2025-02-23T18:37:13+05:30 logger.go:67: - Finding hashicorp/time versions matching ">= 0.9.1, < 1.0.0"...
TestRunExistingInstance 2025-02-23T18:37:13+05:30 logger.go:67: - Finding ibm-cloud/ibm versions matching ">= 1.49.0, >= 1.70.0, 1.70.0, < 2.0.0"...
TestRunExistingInstance 2025-02-23T18:37:13+05:30 logger.go:67: - Finding phillbaker/mongodb versions matching ">= 2.0.7"...
TestPlanICDVersions/6.0 2025-02-23T18:37:13+05:30 retry.go:91: terraform [init -upgrade=true]
TestRunExistingInstance 2025-02-23T18:37:13+05:30 logger.go:67: - Installing hashicorp/time v0.12.1...
TestRunExistingInstance 2025-02-23T18:37:14+05:30 logger.go:67: - Installed hashicorp/time v0.12.1 (signed by HashiCorp)
TestRunStandardUpgradeSolution 2025-02-23T18:37:14+05:30 logger.go:67: [0m[1mdata.ibm_iam_account_settings.iam_account_settings: Reading...[0m[0m
TestRunStandardUpgradeSolution 2025-02-23T18:37:15+05:30 logger.go:67: [0m[1mmodule.kms[0].data.ibm_resource_instance.existing_kms_instance[0]: Reading...[0m[0m
TestPlanICDVersions/7.0 2025-02-23T18:37:15+05:30 retry.go:91: terraform [init -upgrade=true]
TestRunStandardUpgradeSolution 2025-02-23T18:37:16+05:30 logger.go:67: [0m[1mdata.ibm_iam_account_settings.iam_account_settings: Read complete after 1s [id=abac0df06b644a9cabc6e44f55b3880e][0m
TestRunExistingInstance 2025-02-23T18:37:16+05:30 logger.go:67: - Installing ibm-cloud/ibm v1.70.0...
TestRunExistingInstance 2025-02-23T18:37:19+05:30 logger.go:67: - Installed ibm-cloud/ibm v1.70.0 (self-signed, key ID [0m[1mAAD3B791C49CC253[0m[0m)
TestRunExistingInstance 2025-02-23T18:37:19+05:30 logger.go:67: Partner and community providers are signed by their developers.
TestRunExistingInstance 2025-02-23T18:37:19+05:30 logger.go:67: If you'd like to know more about provider signing, you can read about it here:
TestRunExistingInstance 2025-02-23T18:37:19+05:30 logger.go:67: https://www.terraform.io/docs/cli/plugins/signing.html
TestRunExistingInstance 2025-02-23T18:37:19+05:30 logger.go:67: [31m╷[0m[0m
TestRunExistingInstance 2025-02-23T18:37:19+05:30 logger.go:67: [31m│[0m [0m[1m[31mError: [0m[0m[1mFailed to query available provider packages[0m
TestRunExistingInstance 2025-02-23T18:37:19+05:30 logger.go:67: [31m│[0m [0m
TestRunExistingInstance 2025-02-23T18:37:19+05:30 logger.go:67: [31m│[0m [0m[0mCould not retrieve the list of available versions for provider
TestRunExistingInstance 2025-02-23T18:37:19+05:30 logger.go:67: [31m│[0m [0mphillbaker/mongodb: provider registry registry.terraform.io does not have a
TestRunExistingInstance 2025-02-23T18:37:19+05:30 logger.go:67: [31m│[0m [0mprovider named registry.terraform.io/phillbaker/mongodb
TestRunExistingInstance 2025-02-23T18:37:19+05:30 logger.go:67: [31m│[0m [0m
TestRunExistingInstance 2025-02-23T18:37:19+05:30 logger.go:67: [31m│[0m [0mAll modules should specify their required_providers so that external
TestRunExistingInstance 2025-02-23T18:37:19+05:30 logger.go:67: [31m│[0m [0mconsumers will get the correct providers when using a module. To see which
TestRunExistingInstance 2025-02-23T18:37:19+05:30 logger.go:67: [31m│[0m [0mmodules are currently depending on phillbaker/mongodb, run the following
TestRunExistingInstance 2025-02-23T18:37:19+05:30 logger.go:67: [31m│[0m [0mcommand:
TestRunExistingInstance 2025-02-23T18:37:19+05:30 logger.go:67: [31m│[0m [0m    terraform providers
TestRunExistingInstance 2025-02-23T18:37:19+05:30 logger.go:67: [31m╵[0m[0m
TestRunExistingInstance 2025-02-23T18:37:19+05:30 retry.go:144: 'terraform [init -upgrade=true]' failed with the error 'error while running command: exit status 1; [31m╷[0m[0m
[31m│[0m [0m[1m[31mError: [0m[0m[1mFailed to query available provider packages[0m
[31m│[0m [0m
[31m│[0m [0m[0mCould not retrieve the list of available versions for provider
[31m│[0m [0mphillbaker/mongodb: provider registry registry.terraform.io does not have a
[31m│[0m [0mprovider named registry.terraform.io/phillbaker/mongodb
[31m│[0m [0m
[31m│[0m [0mAll modules should specify their required_providers so that external
[31m│[0m [0mconsumers will get the correct providers when using a module. To see which
[31m│[0m [0mmodules are currently depending on phillbaker/mongodb, run the following
[31m│[0m [0mcommand:
[31m│[0m [0m    terraform providers
[31m╵[0m[0m' but this error was expected and warrants a retry. Further details: Failed to retrieve plugin due to transient network error.

TestRunExistingInstance 2025-02-23T18:37:19+05:30 retry.go:103: terraform [init -upgrade=true] returned an error: error while running command: exit status 1; [31m╷[0m[0m
[31m│[0m [0m[1m[31mError: [0m[0m[1mFailed to query available provider packages[0m
[31m│[0m [0m
[31m│[0m [0m[0mCould not retrieve the list of available versions for provider
[31m│[0m [0mphillbaker/mongodb: provider registry registry.terraform.io does not have a
[31m│[0m [0mprovider named registry.terraform.io/phillbaker/mongodb
[31m│[0m [0m
[31m│[0m [0mAll modules should specify their required_providers so that external
[31m│[0m [0mconsumers will get the correct providers when using a module. To see which
[31m│[0m [0mmodules are currently depending on phillbaker/mongodb, run the following
[31m│[0m [0mcommand:
[31m│[0m [0m    terraform providers
[31m╵[0m[0m. Sleeping for 5s and will try again.
TestRunStandardUpgradeSolution 2025-02-23T18:37:20+05:30 logger.go:67: [0m[1mmodule.kms[0].data.ibm_resource_instance.existing_kms_instance[0]: Read complete after 5s [id=crn:v1:bluemix:public:hs-crypto:us-south:a/abac0df06b644a9cabc6e44f55b3880e:e6dce284-e80f-46e1-a3c1-830f7adff7a9::][0m
TestRunStandardUpgradeSolution 2025-02-23T18:37:20+05:30 logger.go:67: 
TestRunStandardUpgradeSolution 2025-02-23T18:37:20+05:30 logger.go:67: Terraform used the selected providers to generate the following execution
TestRunStandardUpgradeSolution 2025-02-23T18:37:20+05:30 logger.go:67: plan. Resource actions are indicated with the following symbols:
TestRunStandardUpgradeSolution 2025-02-23T18:37:20+05:30 logger.go:67:   [32m+[0m create[0m
TestRunStandardUpgradeSolution 2025-02-23T18:37:20+05:30 logger.go:67:  [36m<=[0m read (data resources)[0m
TestRunStandardUpgradeSolution 2025-02-23T18:37:20+05:30 logger.go:67: 
TestRunStandardUpgradeSolution 2025-02-23T18:37:20+05:30 logger.go:67: Terraform will perform the following actions:
TestRunStandardUpgradeSolution 2025-02-23T18:37:20+05:30 logger.go:67: 
TestRunStandardUpgradeSolution 2025-02-23T18:37:20+05:30 logger.go:67: [1m  # random_password.admin_password[0][0m will be created
TestRunStandardUpgradeSolution 2025-02-23T18:37:20+05:30 logger.go:67: [0m  [32m+[0m[0m resource "random_password" "admin_password" {
TestRunStandardUpgradeSolution 2025-02-23T18:37:20+05:30 logger.go:67:       [32m+[0m[0m bcrypt_hash      = (sensitive value)
TestRunStandardUpgradeSolution 2025-02-23T18:37:20+05:30 logger.go:67:       [32m+[0m[0m id               = (known after apply)
TestRunStandardUpgradeSolution 2025-02-23T18:37:20+05:30 logger.go:67:       [32m+[0m[0m length           = 32
TestRunStandardUpgradeSolution 2025-02-23T18:37:20+05:30 logger.go:67:       [32m+[0m[0m lower            = true
TestRunStandardUpgradeSolution 2025-02-23T18:37:20+05:30 logger.go:67:       [32m+[0m[0m min_lower        = 0
TestRunStandardUpgradeSolution 2025-02-23T18:37:20+05:30 logger.go:67:       [32m+[0m[0m min_numeric      = 1
TestRunStandardUpgradeSolution 2025-02-23T18:37:20+05:30 logger.go:67:       [32m+[0m[0m min_special      = 0
TestRunStandardUpgradeSolution 2025-02-23T18:37:20+05:30 logger.go:67:       [32m+[0m[0m min_upper        = 0
TestRunStandardUpgradeSolution 2025-02-23T18:37:20+05:30 logger.go:67:       [32m+[0m[0m number           = true
TestRunStandardUpgradeSolution 2025-02-23T18:37:20+05:30 logger.go:67:       [32m+[0m[0m numeric          = true
TestRunStandardUpgradeSolution 2025-02-23T18:37:20+05:30 logger.go:67:       [32m+[0m[0m override_special = "-_"
TestRunStandardUpgradeSolution 2025-02-23T18:37:20+05:30 logger.go:67:       [32m+[0m[0m result           = (sensitive value)
TestRunStandardUpgradeSolution 2025-02-23T18:37:20+05:30 logger.go:67:       [32m+[0m[0m special          = true
TestRunStandardUpgradeSolution 2025-02-23T18:37:20+05:30 logger.go:67:       [32m+[0m[0m upper            = true
TestRunStandardUpgradeSolution 2025-02-23T18:37:20+05:30 logger.go:67:     }
TestRunStandardUpgradeSolution 2025-02-23T18:37:20+05:30 logger.go:67: 
TestRunStandardUpgradeSolution 2025-02-23T18:37:20+05:30 logger.go:67: [1m  # module.resource_group.ibm_resource_group.resource_group[0][0m will be created
TestRunStandardUpgradeSolution 2025-02-23T18:37:20+05:30 logger.go:67: [0m  [32m+[0m[0m resource "ibm_resource_group" "resource_group" {
TestRunStandardUpgradeSolution 2025-02-23T18:37:20+05:30 logger.go:67:       [32m+[0m[0m created_at          = (known after apply)
TestRunStandardUpgradeSolution 2025-02-23T18:37:20+05:30 logger.go:67:       [32m+[0m[0m crn                 = (known after apply)
TestRunStandardUpgradeSolution 2025-02-23T18:37:20+05:30 logger.go:67:       [32m+[0m[0m default             = (known after apply)
TestRunStandardUpgradeSolution 2025-02-23T18:37:20+05:30 logger.go:67:       [32m+[0m[0m id                  = (known after apply)
TestRunStandardUpgradeSolution 2025-02-23T18:37:20+05:30 logger.go:67:       [32m+[0m[0m name                = "mongodb-st-da-upg-wqj45p"
TestRunStandardUpgradeSolution 2025-02-23T18:37:20+05:30 logger.go:67:       [32m+[0m[0m payment_methods_url = (known after apply)
TestRunStandardUpgradeSolution 2025-02-23T18:37:20+05:30 logger.go:67:       [32m+[0m[0m quota_id            = (known after apply)
TestRunStandardUpgradeSolution 2025-02-23T18:37:20+05:30 logger.go:67:       [32m+[0m[0m quota_url           = (known after apply)
TestRunStandardUpgradeSolution 2025-02-23T18:37:20+05:30 logger.go:67:       [32m+[0m[0m resource_linkages   = (known after apply)
TestRunStandardUpgradeSolution 2025-02-23T18:37:20+05:30 logger.go:67:       [32m+[0m[0m state               = (known after apply)
TestRunStandardUpgradeSolution 2025-02-23T18:37:20+05:30 logger.go:67:       [32m+[0m[0m teams_url           = (known after apply)
TestRunStandardUpgradeSolution 2025-02-23T18:37:20+05:30 logger.go:67:       [32m+[0m[0m updated_at          = (known after apply)
TestRunStandardUpgradeSolution 2025-02-23T18:37:20+05:30 logger.go:67:     }
TestRunStandardUpgradeSolution 2025-02-23T18:37:20+05:30 logger.go:67: 
TestRunStandardUpgradeSolution 2025-02-23T18:37:20+05:30 logger.go:67: [1m  # module.kms[0].module.kms_key_rings["mongodb-key-ring"].ibm_kms_key_rings.key_ring[0m will be created
TestRunStandardUpgradeSolution 2025-02-23T18:37:20+05:30 logger.go:67: [0m  [32m+[0m[0m resource "ibm_kms_key_rings" "key_ring" {
TestRunStandardUpgradeSolution 2025-02-23T18:37:20+05:30 logger.go:67:       [32m+[0m[0m endpoint_type = "public"
TestRunStandardUpgradeSolution 2025-02-23T18:37:20+05:30 logger.go:67:       [32m+[0m[0m force_delete  = false
TestRunStandardUpgradeSolution 2025-02-23T18:37:20+05:30 logger.go:67:       [32m+[0m[0m id            = (known after apply)
TestRunStandardUpgradeSolution 2025-02-23T18:37:20+05:30 logger.go:67:       [32m+[0m[0m instance_id   = "e6dce284-e80f-46e1-a3c1-830f7adff7a9"
TestRunStandardUpgradeSolution 2025-02-23T18:37:20+05:30 logger.go:67:       [32m+[0m[0m key_ring_id   = "mongodb-key-ring"
TestRunStandardUpgradeSolution 2025-02-23T18:37:20+05:30 logger.go:67:     }
TestRunStandardUpgradeSolution 2025-02-23T18:37:20+05:30 logger.go:67: 
TestRunStandardUpgradeSolution 2025-02-23T18:37:20+05:30 logger.go:67: [1m  # module.kms[0].module.kms_keys["mongodb-key-ring.mongodb-key"].ibm_kms_key.key[0m will be created
TestRunStandardUpgradeSolution 2025-02-23T18:37:20+05:30 logger.go:67: [0m  [32m+[0m[0m resource "ibm_kms_key" "key" {
TestRunStandardUpgradeSolution 2025-02-23T18:37:20+05:30 logger.go:67:       [32m+[0m[0m crn                     = (known after apply)
TestRunStandardUpgradeSolution 2025-02-23T18:37:20+05:30 logger.go:67:       [32m+[0m[0m endpoint_type           = "public"
TestRunStandardUpgradeSolution 2025-02-23T18:37:20+05:30 logger.go:67:       [32m+[0m[0m force_delete            = true
TestRunStandardUpgradeSolution 2025-02-23T18:37:20+05:30 logger.go:67:       [32m+[0m[0m id                      = (known after apply)
TestRunStandardUpgradeSolution 2025-02-23T18:37:20+05:30 logger.go:67:       [32m+[0m[0m instance_crn            = (known after apply)
TestRunStandardUpgradeSolution 2025-02-23T18:37:20+05:30 logger.go:67:       [32m+[0m[0m instance_id             = "e6dce284-e80f-46e1-a3c1-830f7adff7a9"
TestRunStandardUpgradeSolution 2025-02-23T18:37:20+05:30 logger.go:67:       [32m+[0m[0m key_id                  = (known after apply)
TestRunStandardUpgradeSolution 2025-02-23T18:37:20+05:30 logger.go:67:       [32m+[0m[0m key_name                = "mongodb-key"
TestRunStandardUpgradeSolution 2025-02-23T18:37:20+05:30 logger.go:67:       [32m+[0m[0m key_ring_id             = "mongodb-key-ring"
TestRunStandardUpgradeSolution 2025-02-23T18:37:20+05:30 logger.go:67:       [32m+[0m[0m payload                 = (sensitive value)
TestRunStandardUpgradeSolution 2025-02-23T18:37:20+05:30 logger.go:67:       [32m+[0m[0m registrations           = (known after apply)
TestRunStandardUpgradeSolution 2025-02-23T18:37:20+05:30 logger.go:67:       [32m+[0m[0m resource_controller_url = (known after apply)
TestRunStandardUpgradeSolution 2025-02-23T18:37:20+05:30 logger.go:67:       [32m+[0m[0m resource_crn            = (known after apply)
TestRunStandardUpgradeSolution 2025-02-23T18:37:20+05:30 logger.go:67:       [32m+[0m[0m resource_group_name     = (known after apply)
TestRunStandardUpgradeSolution 2025-02-23T18:37:20+05:30 logger.go:67:       [32m+[0m[0m resource_name           = (known after apply)
TestRunStandardUpgradeSolution 2025-02-23T18:37:20+05:30 logger.go:67:       [32m+[0m[0m resource_status         = (known after apply)
TestRunStandardUpgradeSolution 2025-02-23T18:37:20+05:30 logger.go:67:       [32m+[0m[0m standard_key            = false
TestRunStandardUpgradeSolution 2025-02-23T18:37:20+05:30 logger.go:67:       [32m+[0m[0m type                    = (known after apply)
TestRunStandardUpgradeSolution 2025-02-23T18:37:20+05:30 logger.go:67:     }
TestRunStandardUpgradeSolution 2025-02-23T18:37:20+05:30 logger.go:67: 
TestRunStandardUpgradeSolution 2025-02-23T18:37:20+05:30 logger.go:67: [1m  # module.kms[0].module.kms_keys["mongodb-key-ring.mongodb-key"].ibm_kms_key_policies.root_key_policy[0][0m will be created
TestRunStandardUpgradeSolution 2025-02-23T18:37:20+05:30 logger.go:67: [0m  [32m+[0m[0m resource "ibm_kms_key_policies" "root_key_policy" {
TestRunStandardUpgradeSolution 2025-02-23T18:37:20+05:30 logger.go:67:       [32m+[0m[0m endpoint_type           = "public"
TestRunStandardUpgradeSolution 2025-02-23T18:37:20+05:30 logger.go:67:       [32m+[0m[0m id                      = (known after apply)
TestRunStandardUpgradeSolution 2025-02-23T18:37:20+05:30 logger.go:67:       [32m+[0m[0m instance_id             = "e6dce284-e80f-46e1-a3c1-830f7adff7a9"
TestRunStandardUpgradeSolution 2025-02-23T18:37:20+05:30 logger.go:67:       [32m+[0m[0m key_id                  = (known after apply)
TestRunStandardUpgradeSolution 2025-02-23T18:37:20+05:30 logger.go:67:       [32m+[0m[0m resource_controller_url = (known after apply)
TestRunStandardUpgradeSolution 2025-02-23T18:37:20+05:30 logger.go:67:       [32m+[0m[0m resource_crn            = (known after apply)
TestRunStandardUpgradeSolution 2025-02-23T18:37:20+05:30 logger.go:67:       [32m+[0m[0m resource_name           = (known after apply)
TestRunStandardUpgradeSolution 2025-02-23T18:37:20+05:30 logger.go:67:       [32m+[0m[0m resource_status         = (known after apply)
TestRunStandardUpgradeSolution 2025-02-23T18:37:20+05:30 logger.go:67: 
TestRunStandardUpgradeSolution 2025-02-23T18:37:20+05:30 logger.go:67:       [32m+[0m[0m dual_auth_delete {
TestRunStandardUpgradeSolution 2025-02-23T18:37:20+05:30 logger.go:67:           [32m+[0m[0m created_by       = (known after apply)
TestRunStandardUpgradeSolution 2025-02-23T18:37:20+05:30 logger.go:67:           [32m+[0m[0m creation_date    = (known after apply)
TestRunStandardUpgradeSolution 2025-02-23T18:37:20+05:30 logger.go:67:           [32m+[0m[0m crn              = (known after apply)
TestRunStandardUpgradeSolution 2025-02-23T18:37:20+05:30 logger.go:67:           [32m+[0m[0m enabled          = false
TestRunStandardUpgradeSolution 2025-02-23T18:37:20+05:30 logger.go:67:           [32m+[0m[0m id               = (known after apply)
TestRunStandardUpgradeSolution 2025-02-23T18:37:20+05:30 logger.go:67:           [32m+[0m[0m last_update_date = (known after apply)
TestRunStandardUpgradeSolution 2025-02-23T18:37:20+05:30 logger.go:67:           [32m+[0m[0m updated_by       = (known after apply)
TestRunStandardUpgradeSolution 2025-02-23T18:37:20+05:30 logger.go:67:         }
TestRunStandardUpgradeSolution 2025-02-23T18:37:20+05:30 logger.go:67: 
TestRunStandardUpgradeSolution 2025-02-23T18:37:20+05:30 logger.go:67:       [32m+[0m[0m rotation {
TestRunStandardUpgradeSolution 2025-02-23T18:37:20+05:30 logger.go:67:           [32m+[0m[0m created_by       = (known after apply)
TestRunStandardUpgradeSolution 2025-02-23T18:37:20+05:30 logger.go:67:           [32m+[0m[0m creation_date    = (known after apply)
TestRunStandardUpgradeSolution 2025-02-23T18:37:20+05:30 logger.go:67:           [32m+[0m[0m crn              = (known after apply)
TestRunStandardUpgradeSolution 2025-02-23T18:37:20+05:30 logger.go:67:           [32m+[0m[0m enabled          = true
TestRunStandardUpgradeSolution 2025-02-23T18:37:20+05:30 logger.go:67:           [32m+[0m[0m id               = (known after apply)
TestRunStandardUpgradeSolution 2025-02-23T18:37:20+05:30 logger.go:67:           [32m+[0m[0m interval_month   = 3
TestRunStandardUpgradeSolution 2025-02-23T18:37:20+05:30 logger.go:67:           [32m+[0m[0m last_update_date = (known after apply)
TestRunStandardUpgradeSolution 2025-02-23T18:37:20+05:30 logger.go:67:           [32m+[0m[0m updated_by       = (known after apply)
TestRunStandardUpgradeSolution 2025-02-23T18:37:20+05:30 logger.go:67:         }
TestRunStandardUpgradeSolution 2025-02-23T18:37:20+05:30 logger.go:67:     }
TestRunStandardUpgradeSolution 2025-02-23T18:37:20+05:30 logger.go:67: 
TestRunStandardUpgradeSolution 2025-02-23T18:37:20+05:30 logger.go:67: [1m  # module.mongodb.module.mongodb.data.ibm_database_connection.database_connection[0m will be read during apply
TestRunStandardUpgradeSolution 2025-02-23T18:37:20+05:30 logger.go:67:   # (config refers to values not yet known)
TestRunStandardUpgradeSolution 2025-02-23T18:37:20+05:30 logger.go:67: [0m [36m<=[0m[0m data "ibm_database_connection" "database_connection" {
TestRunStandardUpgradeSolution 2025-02-23T18:37:20+05:30 logger.go:67:       [32m+[0m[0m amqps         = (known after apply)
TestRunStandardUpgradeSolution 2025-02-23T18:37:20+05:30 logger.go:67:       [32m+[0m[0m analytics     = (known after apply)
TestRunStandardUpgradeSolution 2025-02-23T18:37:20+05:30 logger.go:67:       [32m+[0m[0m bi_connector  = (known after apply)
TestRunStandardUpgradeSolution 2025-02-23T18:37:20+05:30 logger.go:67:       [32m+[0m[0m cli           = (known after apply)
TestRunStandardUpgradeSolution 2025-02-23T18:37:20+05:30 logger.go:67:       [32m+[0m[0m deployment_id = (known after apply)
TestRunStandardUpgradeSolution 2025-02-23T18:37:20+05:30 logger.go:67:       [32m+[0m[0m emp           = (known after apply)
TestRunStandardUpgradeSolution 2025-02-23T18:37:20+05:30 logger.go:67:       [32m+[0m[0m endpoint_type = "private"
TestRunStandardUpgradeSolution 2025-02-23T18:37:20+05:30 logger.go:67:       [32m+[0m[0m grpc          = (known after apply)
TestRunStandardUpgradeSolution 2025-02-23T18:37:20+05:30 logger.go:67:       [32m+[0m[0m https         = (known after apply)
TestRunStandardUpgradeSolution 2025-02-23T18:37:20+05:30 logger.go:67:       [32m+[0m[0m id            = (known after apply)
TestRunStandardUpgradeSolution 2025-02-23T18:37:20+05:30 logger.go:67:       [32m+[0m[0m mongodb       = (known after apply)
TestRunStandardUpgradeSolution 2025-02-23T18:37:20+05:30 logger.go:67:       [32m+[0m[0m mqtts         = (known after apply)
TestRunStandardUpgradeSolution 2025-02-23T18:37:20+05:30 logger.go:67:       [32m+[0m[0m mysql         = (known after apply)
TestRunStandardUpgradeSolution 2025-02-23T18:37:20+05:30 logger.go:67:       [32m+[0m[0m ops_manager   = (known after apply)
TestRunStandardUpgradeSolution 2025-02-23T18:37:20+05:30 logger.go:67:       [32m+[0m[0m postgres      = (known after apply)
TestRunStandardUpgradeSolution 2025-02-23T18:37:20+05:30 logger.go:67:       [32m+[0m[0m rediss        = (known after apply)
TestRunStandardUpgradeSolution 2025-02-23T18:37:20+05:30 logger.go:67:       [32m+[0m[0m secure        = (known after apply)
TestRunStandardUpgradeSolution 2025-02-23T18:37:20+05:30 logger.go:67:       [32m+[0m[0m stomp_ssl     = (known after apply)
TestRunStandardUpgradeSolution 2025-02-23T18:37:20+05:30 logger.go:67:       [32m+[0m[0m user_id       = (known after apply)
TestRunStandardUpgradeSolution 2025-02-23T18:37:20+05:30 logger.go:67:       [32m+[0m[0m user_type     = "database"
TestRunStandardUpgradeSolution 2025-02-23T18:37:20+05:30 logger.go:67:     }
TestRunStandardUpgradeSolution 2025-02-23T18:37:20+05:30 logger.go:67: 
TestRunStandardUpgradeSolution 2025-02-23T18:37:20+05:30 logger.go:67: [1m  # module.mongodb.module.mongodb.ibm_database.mongodb[0m will be created
TestRunStandardUpgradeSolution 2025-02-23T18:37:20+05:30 logger.go:67: [0m  [32m+[0m[0m resource "ibm_database" "mongodb" {
TestRunStandardUpgradeSolution 2025-02-23T18:37:20+05:30 logger.go:67:       [32m+[0m[0m adminpassword             = (sensitive value)
TestRunStandardUpgradeSolution 2025-02-23T18:37:20+05:30 logger.go:67:       [32m+[0m[0m adminuser                 = (known after apply)
TestRunStandardUpgradeSolution 2025-02-23T18:37:20+05:30 logger.go:67:       [32m+[0m[0m backup_encryption_key_crn = (known after apply)
TestRunStandardUpgradeSolution 2025-02-23T18:37:20+05:30 logger.go:67:       [32m+[0m[0m configuration_schema      = (known after apply)
TestRunStandardUpgradeSolution 2025-02-23T18:37:20+05:30 logger.go:67:       [32m+[0m[0m deletion_protection       = false
TestRunStandardUpgradeSolution 2025-02-23T18:37:20+05:30 logger.go:67:       [32m+[0m[0m groups                    = (known after apply)
TestRunStandardUpgradeSolution 2025-02-23T18:37:20+05:30 logger.go:67:       [32m+[0m[0m guid                      = (known after apply)
TestRunStandardUpgradeSolution 2025-02-23T18:37:20+05:30 logger.go:67:       [32m+[0m[0m id                        = (known after apply)
TestRunStandardUpgradeSolution 2025-02-23T18:37:20+05:30 logger.go:67:       [32m+[0m[0m key_protect_key           = (known after apply)
TestRunStandardUpgradeSolution 2025-02-23T18:37:20+05:30 logger.go:67:       [32m+[0m[0m location                  = "us-south"
TestRunStandardUpgradeSolution 2025-02-23T18:37:20+05:30 logger.go:67:       [32m+[0m[0m name                      = "mongodb"
TestRunStandardUpgradeSolution 2025-02-23T18:37:20+05:30 logger.go:67:       [32m+[0m[0m plan                      = "standard"
TestRunStandardUpgradeSolution 2025-02-23T18:37:20+05:30 logger.go:67:       [32m+[0m[0m resource_controller_url   = (known after apply)
TestRunStandardUpgradeSolution 2025-02-23T18:37:20+05:30 logger.go:67:       [32m+[0m[0m resource_crn              = (known after apply)
TestRunStandardUpgradeSolution 2025-02-23T18:37:20+05:30 logger.go:67:       [32m+[0m[0m resource_group_id         = (known after apply)
TestRunStandardUpgradeSolution 2025-02-23T18:37:20+05:30 logger.go:67:       [32m+[0m[0m resource_group_name       = (known after apply)
TestRunStandardUpgradeSolution 2025-02-23T18:37:20+05:30 logger.go:67:       [32m+[0m[0m resource_name             = (known after apply)
TestRunStandardUpgradeSolution 2025-02-23T18:37:20+05:30 logger.go:67:       [32m+[0m[0m resource_status           = (known after apply)
TestRunStandardUpgradeSolution 2025-02-23T18:37:20+05:30 logger.go:67:       [32m+[0m[0m service                   = "databases-for-mongodb"
TestRunStandardUpgradeSolution 2025-02-23T18:37:20+05:30 logger.go:67:       [32m+[0m[0m service_endpoints         = "private"
TestRunStandardUpgradeSolution 2025-02-23T18:37:20+05:30 logger.go:67:       [32m+[0m[0m status                    = (known after apply)
TestRunStandardUpgradeSolution 2025-02-23T18:37:20+05:30 logger.go:67:       [32m+[0m[0m tags                      = (known after apply)
TestRunStandardUpgradeSolution 2025-02-23T18:37:20+05:30 logger.go:67:       [32m+[0m[0m version                   = (known after apply)
TestRunStandardUpgradeSolution 2025-02-23T18:37:20+05:30 logger.go:67: 
TestRunStandardUpgradeSolution 2025-02-23T18:37:20+05:30 logger.go:67:       [32m+[0m[0m auto_scaling (known after apply)
TestRunStandardUpgradeSolution 2025-02-23T18:37:20+05:30 logger.go:67: 
TestRunStandardUpgradeSolution 2025-02-23T18:37:20+05:30 logger.go:67:       [32m+[0m[0m group {
TestRunStandardUpgradeSolution 2025-02-23T18:37:20+05:30 logger.go:67:           [32m+[0m[0m group_id = "member"
TestRunStandardUpgradeSolution 2025-02-23T18:37:20+05:30 logger.go:67: 
TestRunStandardUpgradeSolution 2025-02-23T18:37:20+05:30 logger.go:67:           [32m+[0m[0m cpu {
TestRunStandardUpgradeSolution 2025-02-23T18:37:20+05:30 logger.go:67:               [32m+[0m[0m allocation_count = 0
TestRunStandardUpgradeSolution 2025-02-23T18:37:20+05:30 logger.go:67:             }
TestRunStandardUpgradeSolution 2025-02-23T18:37:20+05:30 logger.go:67: 
TestRunStandardUpgradeSolution 2025-02-23T18:37:20+05:30 logger.go:67:           [32m+[0m[0m disk {
TestRunStandardUpgradeSolution 2025-02-23T18:37:20+05:30 logger.go:67:               [32m+[0m[0m allocation_mb = 10240
TestRunStandardUpgradeSolution 2025-02-23T18:37:20+05:30 logger.go:67:             }
TestRunStandardUpgradeSolution 2025-02-23T18:37:20+05:30 logger.go:67: 
TestRunStandardUpgradeSolution 2025-02-23T18:37:20+05:30 logger.go:67:           [32m+[0m[0m host_flavor {
TestRunStandardUpgradeSolution 2025-02-23T18:37:20+05:30 logger.go:67:               [32m+[0m[0m id = "multitenant"
TestRunStandardUpgradeSolution 2025-02-23T18:37:20+05:30 logger.go:67:             }
TestRunStandardUpgradeSolution 2025-02-23T18:37:20+05:30 logger.go:67: 
TestRunStandardUpgradeSolution 2025-02-23T18:37:20+05:30 logger.go:67:           [32m+[0m[0m members {
TestRunStandardUpgradeSolution 2025-02-23T18:37:20+05:30 logger.go:67:               [32m+[0m[0m allocation_count = 3
TestRunStandardUpgradeSolution 2025-02-23T18:37:20+05:30 logger.go:67:             }
TestRunStandardUpgradeSolution 2025-02-23T18:37:20+05:30 logger.go:67: 
TestRunStandardUpgradeSolution 2025-02-23T18:37:20+05:30 logger.go:67:           [32m+[0m[0m memory {
TestRunStandardUpgradeSolution 2025-02-23T18:37:20+05:30 logger.go:67:               [32m+[0m[0m allocation_mb = 4096
TestRunStandardUpgradeSolution 2025-02-23T18:37:20+05:30 logger.go:67:             }
TestRunStandardUpgradeSolution 2025-02-23T18:37:20+05:30 logger.go:67:         }
TestRunStandardUpgradeSolution 2025-02-23T18:37:20+05:30 logger.go:67: 
TestRunStandardUpgradeSolution 2025-02-23T18:37:20+05:30 logger.go:67:       [32m+[0m[0m timeouts {
TestRunStandardUpgradeSolution 2025-02-23T18:37:20+05:30 logger.go:67:           [32m+[0m[0m create = "120m"
TestRunStandardUpgradeSolution 2025-02-23T18:37:20+05:30 logger.go:67:           [32m+[0m[0m delete = "15m"
TestRunStandardUpgradeSolution 2025-02-23T18:37:20+05:30 logger.go:67:           [32m+[0m[0m update = "120m"
TestRunStandardUpgradeSolution 2025-02-23T18:37:20+05:30 logger.go:67:         }
TestRunStandardUpgradeSolution 2025-02-23T18:37:20+05:30 logger.go:67:     }
TestRunStandardUpgradeSolution 2025-02-23T18:37:20+05:30 logger.go:67: 
TestRunStandardUpgradeSolution 2025-02-23T18:37:20+05:30 logger.go:67: [1m  # module.mongodb.module.mongodb.ibm_iam_authorization_policy.kms_policy[0][0m will be created
TestRunStandardUpgradeSolution 2025-02-23T18:37:20+05:30 logger.go:67: [0m  [32m+[0m[0m resource "ibm_iam_authorization_policy" "kms_policy" {
TestRunStandardUpgradeSolution 2025-02-23T18:37:20+05:30 logger.go:67:       [32m+[0m[0m description                 = (known after apply)
TestRunStandardUpgradeSolution 2025-02-23T18:37:20+05:30 logger.go:67:       [32m+[0m[0m id                          = (known after apply)
TestRunStandardUpgradeSolution 2025-02-23T18:37:20+05:30 logger.go:67:       [32m+[0m[0m roles                       = [
TestRunStandardUpgradeSolution 2025-02-23T18:37:20+05:30 logger.go:67:           [32m+[0m[0m "Reader",
TestRunStandardUpgradeSolution 2025-02-23T18:37:20+05:30 logger.go:67:         ]
TestRunStandardUpgradeSolution 2025-02-23T18:37:20+05:30 logger.go:67:       [32m+[0m[0m source_resource_group_id    = (known after apply)
TestRunStandardUpgradeSolution 2025-02-23T18:37:20+05:30 logger.go:67:       [32m+[0m[0m source_resource_instance_id = (known after apply)
TestRunStandardUpgradeSolution 2025-02-23T18:37:20+05:30 logger.go:67:       [32m+[0m[0m source_resource_type        = (known after apply)
TestRunStandardUpgradeSolution 2025-02-23T18:37:20+05:30 logger.go:67:       [32m+[0m[0m source_service_account      = (known after apply)
TestRunStandardUpgradeSolution 2025-02-23T18:37:20+05:30 logger.go:67:       [32m+[0m[0m source_service_name         = "databases-for-mongodb"
TestRunStandardUpgradeSolution 2025-02-23T18:37:20+05:30 logger.go:67:       [32m+[0m[0m target_resource_group_id    = (known after apply)
TestRunStandardUpgradeSolution 2025-02-23T18:37:20+05:30 logger.go:67:       [32m+[0m[0m target_resource_instance_id = (known after apply)
TestRunStandardUpgradeSolution 2025-02-23T18:37:20+05:30 logger.go:67:       [32m+[0m[0m target_resource_type        = (known after apply)
TestRunStandardUpgradeSolution 2025-02-23T18:37:20+05:30 logger.go:67:       [32m+[0m[0m target_service_name         = (known after apply)
TestRunStandardUpgradeSolution 2025-02-23T18:37:20+05:30 logger.go:67:       [32m+[0m[0m transaction_id              = (known after apply)
TestRunStandardUpgradeSolution 2025-02-23T18:37:20+05:30 logger.go:67:       [32m+[0m[0m version                     = (known after apply)
TestRunStandardUpgradeSolution 2025-02-23T18:37:20+05:30 logger.go:67: 
TestRunStandardUpgradeSolution 2025-02-23T18:37:20+05:30 logger.go:67:       [32m+[0m[0m resource_attributes {
TestRunStandardUpgradeSolution 2025-02-23T18:37:20+05:30 logger.go:67:           [32m+[0m[0m name     = "accountId"
TestRunStandardUpgradeSolution 2025-02-23T18:37:20+05:30 logger.go:67:           [32m+[0m[0m operator = "stringEquals"
TestRunStandardUpgradeSolution 2025-02-23T18:37:20+05:30 logger.go:67:           [32m+[0m[0m value    = (known after apply)
TestRunStandardUpgradeSolution 2025-02-23T18:37:20+05:30 logger.go:67:         }
TestRunStandardUpgradeSolution 2025-02-23T18:37:20+05:30 logger.go:67:       [32m+[0m[0m resource_attributes {
TestRunStandardUpgradeSolution 2025-02-23T18:37:20+05:30 logger.go:67:           [32m+[0m[0m name     = "resource"
TestRunStandardUpgradeSolution 2025-02-23T18:37:20+05:30 logger.go:67:           [32m+[0m[0m operator = "stringEquals"
TestRunStandardUpgradeSolution 2025-02-23T18:37:20+05:30 logger.go:67:           [32m+[0m[0m value    = (known after apply)
TestRunStandardUpgradeSolution 2025-02-23T18:37:20+05:30 logger.go:67:         }
TestRunStandardUpgradeSolution 2025-02-23T18:37:20+05:30 logger.go:67:       [32m+[0m[0m resource_attributes {
TestRunStandardUpgradeSolution 2025-02-23T18:37:20+05:30 logger.go:67:           [32m+[0m[0m name     = "resourceType"
TestRunStandardUpgradeSolution 2025-02-23T18:37:20+05:30 logger.go:67:           [32m+[0m[0m operator = "stringEquals"
TestRunStandardUpgradeSolution 2025-02-23T18:37:20+05:30 logger.go:67:           [32m+[0m[0m value    = "key"
TestRunStandardUpgradeSolution 2025-02-23T18:37:20+05:30 logger.go:67:         }
TestRunStandardUpgradeSolution 2025-02-23T18:37:20+05:30 logger.go:67:       [32m+[0m[0m resource_attributes {
TestRunStandardUpgradeSolution 2025-02-23T18:37:20+05:30 logger.go:67:           [32m+[0m[0m name     = "serviceInstance"
TestRunStandardUpgradeSolution 2025-02-23T18:37:20+05:30 logger.go:67:           [32m+[0m[0m operator = "stringEquals"
TestRunStandardUpgradeSolution 2025-02-23T18:37:20+05:30 logger.go:67:           [32m+[0m[0m value    = (known after apply)
TestRunStandardUpgradeSolution 2025-02-23T18:37:20+05:30 logger.go:67:         }
TestRunStandardUpgradeSolution 2025-02-23T18:37:20+05:30 logger.go:67:       [32m+[0m[0m resource_attributes {
TestRunStandardUpgradeSolution 2025-02-23T18:37:20+05:30 logger.go:67:           [32m+[0m[0m name     = "serviceName"
TestRunStandardUpgradeSolution 2025-02-23T18:37:20+05:30 logger.go:67:           [32m+[0m[0m operator = "stringEquals"
TestRunStandardUpgradeSolution 2025-02-23T18:37:20+05:30 logger.go:67:           [32m+[0m[0m value    = (known after apply)
TestRunStandardUpgradeSolution 2025-02-23T18:37:20+05:30 logger.go:67:         }
TestRunStandardUpgradeSolution 2025-02-23T18:37:20+05:30 logger.go:67: 
TestRunStandardUpgradeSolution 2025-02-23T18:37:20+05:30 logger.go:67:       [32m+[0m[0m subject_attributes (known after apply)
TestRunStandardUpgradeSolution 2025-02-23T18:37:20+05:30 logger.go:67:     }
TestRunStandardUpgradeSolution 2025-02-23T18:37:20+05:30 logger.go:67: 
TestRunStandardUpgradeSolution 2025-02-23T18:37:20+05:30 logger.go:67: [1m  # module.mongodb.module.mongodb.ibm_resource_tag.mongodb_tag[0][0m will be created
TestRunStandardUpgradeSolution 2025-02-23T18:37:20+05:30 logger.go:67: [0m  [32m+[0m[0m resource "ibm_resource_tag" "mongodb_tag" {
TestRunStandardUpgradeSolution 2025-02-23T18:37:20+05:30 logger.go:67:       [32m+[0m[0m account_id  = (known after apply)
TestRunStandardUpgradeSolution 2025-02-23T18:37:20+05:30 logger.go:67:       [32m+[0m[0m id          = (known after apply)
TestRunStandardUpgradeSolution 2025-02-23T18:37:20+05:30 logger.go:67:       [32m+[0m[0m replace     = false
TestRunStandardUpgradeSolution 2025-02-23T18:37:20+05:30 logger.go:67:       [32m+[0m[0m resource_id = (known after apply)
TestRunStandardUpgradeSolution 2025-02-23T18:37:20+05:30 logger.go:67:       [32m+[0m[0m tag_type    = "access"
TestRunStandardUpgradeSolution 2025-02-23T18:37:20+05:30 logger.go:67:       [32m+[0m[0m tags        = [
TestRunStandardUpgradeSolution 2025-02-23T18:37:20+05:30 logger.go:67:           [32m+[0m[0m "geretain-dev-1:permanent-test-tag-4",
TestRunStandardUpgradeSolution 2025-02-23T18:37:20+05:30 logger.go:67:           [32m+[0m[0m "geretain-dev:permanent-test-tag-1",
TestRunStandardUpgradeSolution 2025-02-23T18:37:20+05:30 logger.go:67:         ]
TestRunStandardUpgradeSolution 2025-02-23T18:37:20+05:30 logger.go:67:     }
TestRunStandardUpgradeSolution 2025-02-23T18:37:20+05:30 logger.go:67: 
TestRunStandardUpgradeSolution 2025-02-23T18:37:20+05:30 logger.go:67: [1m  # module.mongodb.module.mongodb.time_sleep.wait_for_authorization_policy[0][0m will be created
TestRunStandardUpgradeSolution 2025-02-23T18:37:20+05:30 logger.go:67: [0m  [32m+[0m[0m resource "time_sleep" "wait_for_authorization_policy" {
TestRunStandardUpgradeSolution 2025-02-23T18:37:20+05:30 logger.go:67:       [32m+[0m[0m create_duration = "30s"
TestRunStandardUpgradeSolution 2025-02-23T18:37:20+05:30 logger.go:67:       [32m+[0m[0m id              = (known after apply)
TestRunStandardUpgradeSolution 2025-02-23T18:37:20+05:30 logger.go:67:     }
TestRunStandardUpgradeSolution 2025-02-23T18:37:20+05:30 logger.go:67: 
TestRunStandardUpgradeSolution 2025-02-23T18:37:20+05:30 logger.go:67: [1mPlan:[0m 9 to add, 0 to change, 0 to destroy.
TestRunStandardUpgradeSolution 2025-02-23T18:37:20+05:30 logger.go:67: [0m
TestRunStandardUpgradeSolution 2025-02-23T18:37:20+05:30 logger.go:67: Changes to Outputs:
TestRunStandardUpgradeSolution 2025-02-23T18:37:20+05:30 logger.go:67:   [32m+[0m[0m adminuser                  = (known after apply)
TestRunStandardUpgradeSolution 2025-02-23T18:37:20+05:30 logger.go:67:   [32m+[0m[0m cbr_rule_ids               = []
TestRunStandardUpgradeSolution 2025-02-23T18:37:20+05:30 logger.go:67:   [32m+[0m[0m certificate_base64         = (sensitive value)
TestRunStandardUpgradeSolution 2025-02-23T18:37:20+05:30 logger.go:67:   [32m+[0m[0m crn                        = (known after apply)
TestRunStandardUpgradeSolution 2025-02-23T18:37:20+05:30 logger.go:67:   [32m+[0m[0m guid                       = (known after apply)
TestRunStandardUpgradeSolution 2025-02-23T18:37:20+05:30 logger.go:67:   [32m+[0m[0m hostname                   = (known after apply)
TestRunStandardUpgradeSolution 2025-02-23T18:37:20+05:30 logger.go:67:   [32m+[0m[0m id                         = (known after apply)
TestRunStandardUpgradeSolution 2025-02-23T18:37:20+05:30 logger.go:67:   [32m+[0m[0m port                       = (known after apply)
TestRunStandardUpgradeSolution 2025-02-23T18:37:20+05:30 logger.go:67:   [32m+[0m[0m version                    = (known after apply)
TestRunStandardUpgradeSolution 2025-02-23T18:37:20+05:30 logger.go:67: [0m[1mrandom_password.admin_password[0]: Creating...[0m[0m
TestRunStandardUpgradeSolution 2025-02-23T18:37:20+05:30 logger.go:67: [0m[1mrandom_password.admin_password[0]: Creation complete after 0s [id=none][0m
TestRunStandardUpgradeSolution 2025-02-23T18:37:22+05:30 logger.go:67: [0m[1mmodule.kms[0].module.kms_key_rings["mongodb-key-ring"].ibm_kms_key_rings.key_ring: Creating...[0m[0m
TestRunStandardUpgradeSolution 2025-02-23T18:37:22+05:30 logger.go:67: [0m[1mmodule.resource_group.ibm_resource_group.resource_group[0]: Creating...[0m[0m
TestRunExistingInstance 2025-02-23T18:37:24+05:30 retry.go:91: terraform [init -upgrade=true]
TestRunExistingInstance 2025-02-23T18:37:24+05:30 logger.go:67: Running command terraform with args [init -upgrade=true]
TestRunExistingInstance 2025-02-23T18:37:24+05:30 logger.go:67: [0m[1mInitializing the backend...[0m
TestRunExistingInstance 2025-02-23T18:37:24+05:30 logger.go:67: [0m[1mUpgrading modules...[0m
TestRunExistingInstance 2025-02-23T18:37:24+05:30 logger.go:67: - database in ../..
TestRunExistingInstance 2025-02-23T18:37:24+05:30 logger.go:67: Downloading registry.terraform.io/terraform-ibm-modules/common-utilities/ibm 1.1.0 for database.backup_key_crn_parser...
TestRunStandardUpgradeSolution 2025-02-23T18:37:25+05:30 logger.go:67: [0m[1mmodule.resource_group.ibm_resource_group.resource_group[0]: Creation complete after 4s [id=c25adf4fc71a4118b4cfcc1c6bd066ed][0m
TestRunExistingInstance 2025-02-23T18:37:27+05:30 logger.go:67: - database.backup_key_crn_parser in .terraform/modules/database.backup_key_crn_parser/modules/crn-parser
TestRunExistingInstance 2025-02-23T18:37:27+05:30 logger.go:67: Downloading registry.terraform.io/terraform-ibm-modules/cbr/ibm 1.29.0 for database.cbr_rule...
TestRunStandardUpgradeSolution 2025-02-23T18:37:27+05:30 logger.go:67: [0m[1mmodule.kms[0].module.kms_key_rings["mongodb-key-ring"].ibm_kms_key_rings.key_ring: Creation complete after 6s [id=mongodb-key-ring:keyRing:crn:v1:bluemix:public:hs-crypto:us-south:a/abac0df06b644a9cabc6e44f55b3880e:e6dce284-e80f-46e1-a3c1-830f7adff7a9::][0m
TestRunStandardUpgradeSolution 2025-02-23T18:37:27+05:30 logger.go:67: [0m[1mmodule.kms[0].module.kms_keys["mongodb-key-ring.mongodb-key"].ibm_kms_key.key: Creating...[0m[0m
TestPlanICDVersions/7.0 2025-02-23T18:37:29+05:30 retry.go:144: 'terraform [init -upgrade=true]' failed with the error 'error while running command: exit status 1; [31m╷[0m[0m
[31m│[0m [0m[1m[31mError: [0m[0m[1mFailed to query available provider packages[0m
[31m│[0m [0m
[31m│[0m [0m[0mCould not retrieve the list of available versions for provider
[31m│[0m [0mphillbaker/mongodb: provider registry registry.terraform.io does not have a
[31m│[0m [0mprovider named registry.terraform.io/phillbaker/mongodb
[31m│[0m [0m
[31m│[0m [0mAll modules should specify their required_providers so that external
[31m│[0m [0mconsumers will get the correct providers when using a module. To see which
[31m│[0m [0mmodules are currently depending on phillbaker/mongodb, run the following
[31m│[0m [0mcommand:
[31m│[0m [0m    terraform providers
[31m╵[0m[0m' but this error was expected and warrants a retry. Further details: Failed to retrieve plugin due to transient network error.

TestPlanICDVersions/7.0 2025-02-23T18:37:29+05:30 retry.go:103: terraform [init -upgrade=true] returned an error: error while running command: exit status 1; [31m╷[0m[0m
[31m│[0m [0m[1m[31mError: [0m[0m[1mFailed to query available provider packages[0m
[31m│[0m [0m
[31m│[0m [0m[0mCould not retrieve the list of available versions for provider
[31m│[0m [0mphillbaker/mongodb: provider registry registry.terraform.io does not have a
[31m│[0m [0mprovider named registry.terraform.io/phillbaker/mongodb
[31m│[0m [0m
[31m│[0m [0mAll modules should specify their required_providers so that external
[31m│[0m [0mconsumers will get the correct providers when using a module. To see which
[31m│[0m [0mmodules are currently depending on phillbaker/mongodb, run the following
[31m│[0m [0mcommand:
[31m│[0m [0m    terraform providers
[31m╵[0m[0m. Sleeping for 5s and will try again.
TestRunExistingInstance 2025-02-23T18:37:30+05:30 logger.go:67: - database.cbr_rule in .terraform/modules/database.cbr_rule/modules/cbr-rule-module
TestRunExistingInstance 2025-02-23T18:37:30+05:30 logger.go:67: Downloading registry.terraform.io/terraform-ibm-modules/common-utilities/ibm 1.1.0 for database.kms_key_crn_parser...
TestRunExistingInstance 2025-02-23T18:37:30+05:30 logger.go:67: - database.kms_key_crn_parser in .terraform/modules/database.kms_key_crn_parser/modules/crn-parser
TestRunExistingInstance 2025-02-23T18:37:30+05:30 logger.go:67: Downloading registry.terraform.io/terraform-ibm-modules/resource-group/ibm 1.1.6 for resource_group...
TestRunStandardUpgradeSolution 2025-02-23T18:37:32+05:30 logger.go:67: [0m[1mmodule.kms[0].module.kms_keys["mongodb-key-ring.mongodb-key"].ibm_kms_key.key: Creation complete after 4s [id=crn:v1:bluemix:public:hs-crypto:us-south:a/abac0df06b644a9cabc6e44f55b3880e:e6dce284-e80f-46e1-a3c1-830f7adff7a9:key:a39aeb99-9d56-40a4-a71e-f74412b9647f][0m
TestRunStandardUpgradeSolution 2025-02-23T18:37:32+05:30 logger.go:67: [0m[1mmodule.kms[0].module.kms_keys["mongodb-key-ring.mongodb-key"].ibm_kms_key_policies.root_key_policy[0]: Creating...[0m[0m
TestRunExistingInstance 2025-02-23T18:37:32+05:30 logger.go:67: - resource_group in .terraform/modules/resource_group
TestRunExistingInstance 2025-02-23T18:37:32+05:30 logger.go:67: [0m[1mInitializing provider plugins...[0m
TestRunExistingInstance 2025-02-23T18:37:32+05:30 logger.go:67: - Finding phillbaker/mongodb versions matching ">= 2.0.7"...
TestRunExistingInstance 2025-02-23T18:37:33+05:30 logger.go:67: - Finding hashicorp/time versions matching ">= 0.9.1, < 1.0.0"...
TestRunExistingInstance 2025-02-23T18:37:33+05:30 logger.go:67: - Finding ibm-cloud/ibm versions matching ">= 1.49.0, >= 1.70.0, 1.70.0, < 2.0.0"...
TestRunExistingInstance 2025-02-23T18:37:33+05:30 logger.go:67: - Installing hashicorp/time v0.12.1...
TestRunExistingInstance 2025-02-23T18:37:33+05:30 logger.go:67: - Installed hashicorp/time v0.12.1 (signed by HashiCorp)
TestPlanICDVersions/7.0 2025-02-23T18:37:34+05:30 retry.go:91: terraform [init -upgrade=true]
TestPlanICDVersions/6.0 2025-02-23T18:37:34+05:30 retry.go:99: Returning due to fatal error: FatalError{Underlying: error while running command: exit status 1; [31m╷[0m[0m
[31m│[0m [0m[1m[31mError: [0m[0m[1mFailed to download module[0m
[31m│[0m [0m
[31m│[0m [0m[0m  on main.tf line 5:
[31m│[0m [0m   5: [4mmodule "resource_group"[0m {[0m
[31m│[0m [0m
[31m│[0m [0mCould not download module "resource_group" (main.tf:5) source code from
[31m│[0m [0m"git::https://github.com/terraform-ibm-modules/terraform-ibm-resource-group?ref=0c4a55a6ce0e592a4cffc9d160066040d094fa1d":
[31m│[0m [0merror downloading
[31m│[0m [0m'https://github.com/terraform-ibm-modules/terraform-ibm-resource-group?ref=0c4a55a6ce0e592a4cffc9d160066040d094fa1d':
[31m│[0m [0m/usr/bin/git exited with 128: Cloning into
[31m│[0m [0m'.terraform/modules/resource_group'...
[31m│[0m [0mfatal: unable to access
[31m│[0m [0m'https://github.com/terraform-ibm-modules/terraform-ibm-resource-group/':
[31m│[0m [0mFailed to connect to github.com port 443 after 15427 ms: Couldn't connect
[31m│[0m [0mto server
[31m│[0m [0m.
[31m╵[0m[0m}
=== NAME  TestPlanICDVersions/6.0
    tests.go:635: 
        	Error Trace:	/Users/aatreyeemukherjee/go/pkg/mod/github.com/terraform-ibm-modules/ibmcloud-terratest-wrapper@v1.46.1/testhelper/tests.go:635
        	            				/Users/aatreyeemukherjee/go/pkg/mod/github.com/terraform-ibm-modules/ibmcloud-terratest-wrapper@v1.46.1/testhelper/tests.go:609
        	            				/Users/aatreyeemukherjee/Work/terraform-ibm-icd-mongodb/tests/other_test.go:72
        	            				/Users/aatreyeemukherjee/Work/terraform-ibm-icd-mongodb/tests/other_test.go:83
        	Error:      	Expected nil, but got: retry.FatalError{Underlying:(*shell.ErrWithCmdOutput)(0x14001712120)}
        	Test:       	TestPlanICDVersions/6.0
        	Messages:   	Failed to create plan: %!(EXTRA retry.FatalError=FatalError{Underlying: error while running command: exit status 1; [31m╷[0m[0m
        	            	[31m│[0m [0m[1m[31mError: [0m[0m[1mFailed to download module[0m
        	            	[31m│[0m [0m
        	            	[31m│[0m [0m[0m  on main.tf line 5:
        	            	[31m│[0m [0m   5: [4mmodule "resource_group"[0m {[0m
        	            	[31m│[0m [0m
        	            	[31m│[0m [0mCould not download module "resource_group" (main.tf:5) source code from
        	            	[31m│[0m [0m"git::https://github.com/terraform-ibm-modules/terraform-ibm-resource-group?ref=0c4a55a6ce0e592a4cffc9d160066040d094fa1d":
        	            	[31m│[0m [0merror downloading
        	            	[31m│[0m [0m'https://github.com/terraform-ibm-modules/terraform-ibm-resource-group?ref=0c4a55a6ce0e592a4cffc9d160066040d094fa1d':
        	            	[31m│[0m [0m/usr/bin/git exited with 128: Cloning into
        	            	[31m│[0m [0m'.terraform/modules/resource_group'...
        	            	[31m│[0m [0mfatal: unable to access
        	            	[31m│[0m [0m'https://github.com/terraform-ibm-modules/terraform-ibm-resource-group/':
        	            	[31m│[0m [0mFailed to connect to github.com port 443 after 15427 ms: Couldn't connect
        	            	[31m│[0m [0mto server
        	            	[31m│[0m [0m.
        	            	[31m╵[0m[0m})
TestPlanICDVersions/6.0 2025-02-23T18:37:34+05:30 tests.go:636: FINISHED: Init / Plan / Show w/Struct
TestPlanICDVersions/6.0 2025-02-23T18:37:34+05:30 retry.go:91: terraform [output -no-color -json]
TestPlanICDVersions/6.0 2025-02-23T18:37:34+05:30 tests.go:196: START: Destroy
TestPlanICDVersions/6.0 2025-02-23T18:37:34+05:30 retry.go:91: terraform [destroy -auto-approve -input=false -var mongodb_version=6.0 -var prefix=-f0zulz -var region=us-south -var resource_tags=[] -lock=false]
TestPlanICDVersions/6.0 2025-02-23T18:37:34+05:30 command.go:121: Running command terraform with args [destroy -auto-approve -input=false -var mongodb_version=6.0 -var prefix=-f0zulz -var region=us-south -var resource_tags=[] -lock=false]
TestPlanICDVersions/6.0 2025-02-23T18:37:35+05:30 command.go:206: [31m╷[0m[0m
TestPlanICDVersions/6.0 2025-02-23T18:37:35+05:30 command.go:206: [31m│[0m [0m[1m[31mError: [0m[0m[1mModule not installed[0m
TestPlanICDVersions/6.0 2025-02-23T18:37:35+05:30 command.go:206: [31m│[0m [0m
TestPlanICDVersions/6.0 2025-02-23T18:37:35+05:30 command.go:206: [31m│[0m [0m[0m  on main.tf line 5:
TestPlanICDVersions/6.0 2025-02-23T18:37:35+05:30 command.go:206: [31m│[0m [0m   5: [4mmodule "resource_group"[0m {[0m
TestPlanICDVersions/6.0 2025-02-23T18:37:35+05:30 command.go:206: [31m│[0m [0m
TestPlanICDVersions/6.0 2025-02-23T18:37:35+05:30 command.go:206: [31m│[0m [0mThis module is not yet installed. Run "terraform init" to install all
TestPlanICDVersions/6.0 2025-02-23T18:37:35+05:30 command.go:206: [31m│[0m [0mmodules required by this configuration.
TestPlanICDVersions/6.0 2025-02-23T18:37:35+05:30 command.go:206: [31m╵[0m[0m
TestPlanICDVersions/6.0 2025-02-23T18:37:35+05:30 retry.go:99: Returning due to fatal error: FatalError{Underlying: error while running command: exit status 1; [31m╷[0m[0m
[31m│[0m [0m[1m[31mError: [0m[0m[1mModule not installed[0m
[31m│[0m [0m
[31m│[0m [0m[0m  on main.tf line 5:
[31m│[0m [0m   5: [4mmodule "resource_group"[0m {[0m
[31m│[0m [0m
[31m│[0m [0mThis module is not yet installed. Run "terraform init" to install all
[31m│[0m [0mmodules required by this configuration.
[31m╵[0m[0m}
    tests.go:198: 
        	Error Trace:	/Users/aatreyeemukherjee/go/pkg/mod/github.com/terraform-ibm-modules/ibmcloud-terratest-wrapper@v1.46.1/testhelper/tests.go:198
        	            				/Users/aatreyeemukherjee/go/pkg/mod/github.com/terraform-ibm-modules/ibmcloud-terratest-wrapper@v1.46.1/testhelper/tests.go:610
        	            				/Users/aatreyeemukherjee/Work/terraform-ibm-icd-mongodb/tests/other_test.go:72
        	            				/Users/aatreyeemukherjee/Work/terraform-ibm-icd-mongodb/tests/other_test.go:83
        	Error:      	Received unexpected error:
        	            	FatalError{Underlying: error while running command: exit status 1; [31m╷[0m[0m
        	            	[31m│[0m [0m[1m[31mError: [0m[0m[1mModule not installed[0m
        	            	[31m│[0m [0m
        	            	[31m│[0m [0m[0m  on main.tf line 5:
        	            	[31m│[0m [0m   5: [4mmodule "resource_group"[0m {[0m
        	            	[31m│[0m [0m
        	            	[31m│[0m [0mThis module is not yet installed. Run "terraform init" to install all
        	            	[31m│[0m [0mmodules required by this configuration.
        	            	[31m╵[0m[0m}
        	Test:       	TestPlanICDVersions/6.0
TestPlanICDVersions/6.0 2025-02-23T18:37:35+05:30 tests.go:199: FatalError{Underlying: error while running command: exit status 1; [31m╷[0m[0m
[31m│[0m [0m[1m[31mError: [0m[0m[1mModule not installed[0m
[31m│[0m [0m
[31m│[0m [0m[0m  on main.tf line 5:
[31m│[0m [0m   5: [4mmodule "resource_group"[0m {[0m
[31m│[0m [0m
[31m│[0m [0mThis module is not yet installed. Run "terraform init" to install all
[31m│[0m [0mmodules required by this configuration.
[31m╵[0m[0m}
TestPlanICDVersions/6.0 2025-02-23T18:37:35+05:30 tests.go:266: END: Destroy
    other_test.go:73: 
        	Error Trace:	/Users/aatreyeemukherjee/Work/terraform-ibm-icd-mongodb/tests/other_test.go:73
        	            				/Users/aatreyeemukherjee/Work/terraform-ibm-icd-mongodb/tests/other_test.go:83
        	Error:      	Expected nil, but got: retry.FatalError{Underlying:(*shell.ErrWithCmdOutput)(0x14001712120)}
        	Test:       	TestPlanICDVersions/6.0
        	Messages:   	This should not have errored
    other_test.go:74: 
        	Error Trace:	/Users/aatreyeemukherjee/Work/terraform-ibm-icd-mongodb/tests/other_test.go:74
        	            				/Users/aatreyeemukherjee/Work/terraform-ibm-icd-mongodb/tests/other_test.go:83
        	Error:      	Expected value not to be nil.
        	Test:       	TestPlanICDVersions/6.0
        	Messages:   	Expected some output
TestRunExistingInstance 2025-02-23T18:37:36+05:30 logger.go:67: - Installing ibm-cloud/ibm v1.70.0...
TestRunStandardUpgradeSolution 2025-02-23T18:37:37+05:30 logger.go:67: [0m[1mmodule.kms[0].module.kms_keys["mongodb-key-ring.mongodb-key"].ibm_kms_key_policies.root_key_policy[0]: Creation complete after 6s [id=crn:v1:bluemix:public:hs-crypto:us-south:a/abac0df06b644a9cabc6e44f55b3880e:e6dce284-e80f-46e1-a3c1-830f7adff7a9:key:a39aeb99-9d56-40a4-a71e-f74412b9647f][0m
TestRunStandardUpgradeSolution 2025-02-23T18:37:37+05:30 logger.go:67: [0m[1mmodule.mongodb.module.mongodb.ibm_iam_authorization_policy.kms_policy[0]: Creating...[0m[0m
TestRunExistingInstance 2025-02-23T18:37:39+05:30 logger.go:67: - Installed ibm-cloud/ibm v1.70.0 (self-signed, key ID [0m[1mAAD3B791C49CC253[0m[0m)
TestRunExistingInstance 2025-02-23T18:37:39+05:30 logger.go:67: Partner and community providers are signed by their developers.
TestRunExistingInstance 2025-02-23T18:37:39+05:30 logger.go:67: If you'd like to know more about provider signing, you can read about it here:
TestRunExistingInstance 2025-02-23T18:37:39+05:30 logger.go:67: https://www.terraform.io/docs/cli/plugins/signing.html
TestRunExistingInstance 2025-02-23T18:37:39+05:30 logger.go:67: [31m╷[0m[0m
TestRunExistingInstance 2025-02-23T18:37:39+05:30 logger.go:67: [31m│[0m [0m[1m[31mError: [0m[0m[1mFailed to query available provider packages[0m
TestRunExistingInstance 2025-02-23T18:37:39+05:30 logger.go:67: [31m│[0m [0m
TestRunExistingInstance 2025-02-23T18:37:39+05:30 logger.go:67: [31m│[0m [0m[0mCould not retrieve the list of available versions for provider
TestRunExistingInstance 2025-02-23T18:37:39+05:30 logger.go:67: [31m│[0m [0mphillbaker/mongodb: provider registry registry.terraform.io does not have a
TestRunExistingInstance 2025-02-23T18:37:39+05:30 logger.go:67: [31m│[0m [0mprovider named registry.terraform.io/phillbaker/mongodb
TestRunExistingInstance 2025-02-23T18:37:39+05:30 logger.go:67: [31m│[0m [0m
TestRunExistingInstance 2025-02-23T18:37:39+05:30 logger.go:67: [31m│[0m [0mAll modules should specify their required_providers so that external
TestRunExistingInstance 2025-02-23T18:37:39+05:30 logger.go:67: [31m│[0m [0mconsumers will get the correct providers when using a module. To see which
TestRunExistingInstance 2025-02-23T18:37:39+05:30 logger.go:67: [31m│[0m [0mmodules are currently depending on phillbaker/mongodb, run the following
TestRunExistingInstance 2025-02-23T18:37:39+05:30 logger.go:67: [31m│[0m [0mcommand:
TestRunExistingInstance 2025-02-23T18:37:39+05:30 logger.go:67: [31m│[0m [0m    terraform providers
TestRunExistingInstance 2025-02-23T18:37:39+05:30 logger.go:67: [31m╵[0m[0m
TestRunExistingInstance 2025-02-23T18:37:39+05:30 retry.go:144: 'terraform [init -upgrade=true]' failed with the error 'error while running command: exit status 1; [31m╷[0m[0m
[31m│[0m [0m[1m[31mError: [0m[0m[1mFailed to query available provider packages[0m
[31m│[0m [0m
[31m│[0m [0m[0mCould not retrieve the list of available versions for provider
[31m│[0m [0mphillbaker/mongodb: provider registry registry.terraform.io does not have a
[31m│[0m [0mprovider named registry.terraform.io/phillbaker/mongodb
[31m│[0m [0m
[31m│[0m [0mAll modules should specify their required_providers so that external
[31m│[0m [0mconsumers will get the correct providers when using a module. To see which
[31m│[0m [0mmodules are currently depending on phillbaker/mongodb, run the following
[31m│[0m [0mcommand:
[31m│[0m [0m    terraform providers
[31m╵[0m[0m' but this error was expected and warrants a retry. Further details: Failed to retrieve plugin due to transient network error.

TestRunExistingInstance 2025-02-23T18:37:39+05:30 retry.go:103: terraform [init -upgrade=true] returned an error: error while running command: exit status 1; [31m╷[0m[0m
[31m│[0m [0m[1m[31mError: [0m[0m[1mFailed to query available provider packages[0m
[31m│[0m [0m
[31m│[0m [0m[0mCould not retrieve the list of available versions for provider
[31m│[0m [0mphillbaker/mongodb: provider registry registry.terraform.io does not have a
[31m│[0m [0mprovider named registry.terraform.io/phillbaker/mongodb
[31m│[0m [0m
[31m│[0m [0mAll modules should specify their required_providers so that external
[31m│[0m [0mconsumers will get the correct providers when using a module. To see which
[31m│[0m [0mmodules are currently depending on phillbaker/mongodb, run the following
[31m│[0m [0mcommand:
[31m│[0m [0m    terraform providers
[31m╵[0m[0m. Sleeping for 5s and will try again.
TestRunStandardUpgradeSolution 2025-02-23T18:37:43+05:30 logger.go:67: [0m[1mmodule.mongodb.module.mongodb.ibm_iam_authorization_policy.kms_policy[0]: Creation complete after 6s [id=a6d41af2-0242-4e4e-b7c2-1d69bbd0608c][0m
TestRunStandardUpgradeSolution 2025-02-23T18:37:43+05:30 logger.go:67: [0m[1mmodule.mongodb.module.mongodb.time_sleep.wait_for_authorization_policy[0]: Creating...[0m[0m
=== NAME  TestRunExistingInstance
    pr_test.go:173: 
        	Error Trace:	/Users/aatreyeemukherjee/Work/terraform-ibm-icd-mongodb/tests/pr_test.go:173
        	Error:      	Should be true
        	Test:       	TestRunExistingInstance
        	Messages:   	Init and Apply of temp existing resource failed
TestRunExistingInstance 2025-02-23T18:37:44+05:30 pr_test.go:210: START: Destroy (existing resources)
TestRunExistingInstance 2025-02-23T18:37:44+05:30 retry.go:91: terraform [destroy -auto-approve -input=false -var prefix=mongodb-t-ujp0he -var region=us-south -var mongodb_version=7.0 -var service_endpoints=public-and-private -lock=false]
TestRunExistingInstance 2025-02-23T18:37:44+05:30 logger.go:67: Running command terraform with args [destroy -auto-approve -input=false -var prefix=mongodb-t-ujp0he -var region=us-south -var mongodb_version=7.0 -var service_endpoints=public-and-private -lock=false]
TestRunExistingInstance 2025-02-23T18:37:45+05:30 logger.go:67: [31m╷[0m[0m
TestRunExistingInstance 2025-02-23T18:37:45+05:30 logger.go:67: [31m│[0m [0m[1m[31mError: [0m[0m[1mInconsistent dependency lock file[0m
TestRunExistingInstance 2025-02-23T18:37:45+05:30 logger.go:67: [31m│[0m [0m
TestRunExistingInstance 2025-02-23T18:37:45+05:30 logger.go:67: [31m│[0m [0m[0mThe following dependency selections recorded in the lock file are
TestRunExistingInstance 2025-02-23T18:37:45+05:30 logger.go:67: [31m│[0m [0minconsistent with the current configuration:
TestRunExistingInstance 2025-02-23T18:37:45+05:30 logger.go:67: [31m│[0m [0m  - provider registry.terraform.io/hashicorp/time: required by this configuration but no version is selected
TestRunExistingInstance 2025-02-23T18:37:45+05:30 logger.go:67: [31m│[0m [0m  - provider registry.terraform.io/ibm-cloud/ibm: required by this configuration but no version is selected
TestRunExistingInstance 2025-02-23T18:37:45+05:30 logger.go:67: [31m│[0m [0m  - provider registry.terraform.io/phillbaker/mongodb: required by this configuration but no version is selected
TestRunExistingInstance 2025-02-23T18:37:45+05:30 logger.go:67: [31m│[0m [0m
TestRunExistingInstance 2025-02-23T18:37:45+05:30 logger.go:67: [31m│[0m [0mTo make the initial dependency selections that will initialize the
TestRunExistingInstance 2025-02-23T18:37:45+05:30 logger.go:67: [31m│[0m [0mdependency lock file, run:
TestRunExistingInstance 2025-02-23T18:37:45+05:30 logger.go:67: [31m│[0m [0m  terraform init
TestRunExistingInstance 2025-02-23T18:37:45+05:30 logger.go:67: [31m╵[0m[0m
TestRunExistingInstance 2025-02-23T18:37:45+05:30 retry.go:99: Returning due to fatal error: FatalError{Underlying: error while running command: exit status 1; [31m╷[0m[0m
[31m│[0m [0m[1m[31mError: [0m[0m[1mInconsistent dependency lock file[0m
[31m│[0m [0m
[31m│[0m [0m[0mThe following dependency selections recorded in the lock file are
[31m│[0m [0minconsistent with the current configuration:
[31m│[0m [0m  - provider registry.terraform.io/hashicorp/time: required by this configuration but no version is selected
[31m│[0m [0m  - provider registry.terraform.io/ibm-cloud/ibm: required by this configuration but no version is selected
[31m│[0m [0m  - provider registry.terraform.io/phillbaker/mongodb: required by this configuration but no version is selected
[31m│[0m [0m
[31m│[0m [0mTo make the initial dependency selections that will initialize the
[31m│[0m [0mdependency lock file, run:
[31m│[0m [0m  terraform init
[31m╵[0m[0m}
    destroy.go:11: 
        	Error Trace:	/Users/aatreyeemukherjee/go/pkg/mod/github.com/gruntwork-io/terratest@v0.48.2/modules/terraform/destroy.go:11
        	            				/Users/aatreyeemukherjee/Work/terraform-ibm-icd-mongodb/tests/pr_test.go:211
        	Error:      	Received unexpected error:
        	            	FatalError{Underlying: error while running command: exit status 1; [31m╷[0m[0m
        	            	[31m│[0m [0m[1m[31mError: [0m[0m[1mInconsistent dependency lock file[0m
        	            	[31m│[0m [0m
        	            	[31m│[0m [0m[0mThe following dependency selections recorded in the lock file are
        	            	[31m│[0m [0minconsistent with the current configuration:
        	            	[31m│[0m [0m  - provider registry.terraform.io/hashicorp/time: required by this configuration but no version is selected
        	            	[31m│[0m [0m  - provider registry.terraform.io/ibm-cloud/ibm: required by this configuration but no version is selected
        	            	[31m│[0m [0m  - provider registry.terraform.io/phillbaker/mongodb: required by this configuration but no version is selected
        	            	[31m│[0m [0m
        	            	[31m│[0m [0mTo make the initial dependency selections that will initialize the
        	            	[31m│[0m [0mdependency lock file, run:
        	            	[31m│[0m [0m  terraform init
        	            	[31m╵[0m[0m}
        	Test:       	TestRunExistingInstance
--- FAIL: TestRunExistingInstance (81.86s)
=== NAME  TestRunStandardSolutionSchematics
    schematics.go:557: [SCHEMATICS] ... still waiting for job TAR_WORKSPACE_UPLOAD to complete: 1 minutes
    schematics.go:566: [SCHEMATICS] The status of job TAR_WORKSPACE_UPLOAD is: COMPLETED
    tests.go:136: [SCHEMATICS] Updating Workspace Variablestore
TestPlanICDVersions/7.0 2025-02-23T18:37:48+05:30 retry.go:144: 'terraform [init -upgrade=true]' failed with the error 'error while running command: exit status 1; [31m╷[0m[0m
[31m│[0m [0m[1m[31mError: [0m[0m[1mFailed to query available provider packages[0m
[31m│[0m [0m
[31m│[0m [0m[0mCould not retrieve the list of available versions for provider
[31m│[0m [0mphillbaker/mongodb: provider registry registry.terraform.io does not have a
[31m│[0m [0mprovider named registry.terraform.io/phillbaker/mongodb
[31m│[0m [0m
[31m│[0m [0mAll modules should specify their required_providers so that external
[31m│[0m [0mconsumers will get the correct providers when using a module. To see which
[31m│[0m [0mmodules are currently depending on phillbaker/mongodb, run the following
[31m│[0m [0mcommand:
[31m│[0m [0m    terraform providers
[31m╵[0m[0m' but this error was expected and warrants a retry. Further details: Failed to retrieve plugin due to transient network error.

TestPlanICDVersions/7.0 2025-02-23T18:37:48+05:30 retry.go:103: terraform [init -upgrade=true] returned an error: error while running command: exit status 1; [31m╷[0m[0m
[31m│[0m [0m[1m[31mError: [0m[0m[1mFailed to query available provider packages[0m
[31m│[0m [0m
[31m│[0m [0m[0mCould not retrieve the list of available versions for provider
[31m│[0m [0mphillbaker/mongodb: provider registry registry.terraform.io does not have a
[31m│[0m [0mprovider named registry.terraform.io/phillbaker/mongodb
[31m│[0m [0m
[31m│[0m [0mAll modules should specify their required_providers so that external
[31m│[0m [0mconsumers will get the correct providers when using a module. To see which
[31m│[0m [0mmodules are currently depending on phillbaker/mongodb, run the following
[31m│[0m [0mcommand:
[31m│[0m [0m    terraform providers
[31m╵[0m[0m. Sleeping for 5s and will try again.
=== NAME  TestPlanICDVersions/7.0
    tests.go:635: 
        	Error Trace:	/Users/aatreyeemukherjee/go/pkg/mod/github.com/terraform-ibm-modules/ibmcloud-terratest-wrapper@v1.46.1/testhelper/tests.go:635
        	            				/Users/aatreyeemukherjee/go/pkg/mod/github.com/terraform-ibm-modules/ibmcloud-terratest-wrapper@v1.46.1/testhelper/tests.go:609
        	            				/Users/aatreyeemukherjee/Work/terraform-ibm-icd-mongodb/tests/other_test.go:72
        	            				/Users/aatreyeemukherjee/Work/terraform-ibm-icd-mongodb/tests/other_test.go:83
        	Error:      	Expected nil, but got: retry.MaxRetriesExceeded{Description:"terraform [init -upgrade=true]", MaxRetries:3}
        	Test:       	TestPlanICDVersions/7.0
        	Messages:   	Failed to create plan: %!(EXTRA retry.MaxRetriesExceeded='terraform [init -upgrade=true]' unsuccessful after 3 retries)
TestPlanICDVersions/7.0 2025-02-23T18:37:53+05:30 tests.go:636: FINISHED: Init / Plan / Show w/Struct
TestPlanICDVersions/7.0 2025-02-23T18:37:53+05:30 retry.go:91: terraform [output -no-color -json]
TestPlanICDVersions/7.0 2025-02-23T18:37:53+05:30 tests.go:196: START: Destroy
TestPlanICDVersions/7.0 2025-02-23T18:37:53+05:30 retry.go:91: terraform [destroy -auto-approve -input=false -var prefix=-2qbilr -var region=us-south -var resource_tags=[] -var mongodb_version=7.0 -lock=false]
TestPlanICDVersions/7.0 2025-02-23T18:37:53+05:30 command.go:121: Running command terraform with args [destroy -auto-approve -input=false -var prefix=-2qbilr -var region=us-south -var resource_tags=[] -var mongodb_version=7.0 -lock=false]
TestPlanICDVersions/7.0 2025-02-23T18:37:53+05:30 command.go:206: [31m╷[0m[0m
TestPlanICDVersions/7.0 2025-02-23T18:37:53+05:30 command.go:206: [31m│[0m [0m[1m[31mError: [0m[0m[1mInconsistent dependency lock file[0m
TestPlanICDVersions/7.0 2025-02-23T18:37:53+05:30 command.go:206: [31m│[0m [0m
TestPlanICDVersions/7.0 2025-02-23T18:37:53+05:30 command.go:206: [31m│[0m [0m[0mThe following dependency selections recorded in the lock file are
TestPlanICDVersions/7.0 2025-02-23T18:37:53+05:30 command.go:206: [31m│[0m [0minconsistent with the current configuration:
TestPlanICDVersions/7.0 2025-02-23T18:37:53+05:30 command.go:206: [31m│[0m [0m  - provider registry.terraform.io/hashicorp/time: required by this configuration but no version is selected
TestPlanICDVersions/7.0 2025-02-23T18:37:53+05:30 command.go:206: [31m│[0m [0m  - provider registry.terraform.io/ibm-cloud/ibm: required by this configuration but no version is selected
TestPlanICDVersions/7.0 2025-02-23T18:37:53+05:30 command.go:206: [31m│[0m [0m  - provider registry.terraform.io/phillbaker/mongodb: required by this configuration but no version is selected
TestPlanICDVersions/7.0 2025-02-23T18:37:53+05:30 command.go:206: [31m│[0m [0m
TestPlanICDVersions/7.0 2025-02-23T18:37:53+05:30 command.go:206: [31m│[0m [0mTo make the initial dependency selections that will initialize the
TestPlanICDVersions/7.0 2025-02-23T18:37:53+05:30 command.go:206: [31m│[0m [0mdependency lock file, run:
TestPlanICDVersions/7.0 2025-02-23T18:37:53+05:30 command.go:206: [31m│[0m [0m  terraform init
TestPlanICDVersions/7.0 2025-02-23T18:37:53+05:30 command.go:206: [31m╵[0m[0m
TestPlanICDVersions/7.0 2025-02-23T18:37:53+05:30 retry.go:99: Returning due to fatal error: FatalError{Underlying: error while running command: exit status 1; [31m╷[0m[0m
[31m│[0m [0m[1m[31mError: [0m[0m[1mInconsistent dependency lock file[0m
[31m│[0m [0m
[31m│[0m [0m[0mThe following dependency selections recorded in the lock file are
[31m│[0m [0minconsistent with the current configuration:
[31m│[0m [0m  - provider registry.terraform.io/hashicorp/time: required by this configuration but no version is selected
[31m│[0m [0m  - provider registry.terraform.io/ibm-cloud/ibm: required by this configuration but no version is selected
[31m│[0m [0m  - provider registry.terraform.io/phillbaker/mongodb: required by this configuration but no version is selected
[31m│[0m [0m
[31m│[0m [0mTo make the initial dependency selections that will initialize the
[31m│[0m [0mdependency lock file, run:
[31m│[0m [0m  terraform init
[31m╵[0m[0m}
    tests.go:198: 
        	Error Trace:	/Users/aatreyeemukherjee/go/pkg/mod/github.com/terraform-ibm-modules/ibmcloud-terratest-wrapper@v1.46.1/testhelper/tests.go:198
        	            				/Users/aatreyeemukherjee/go/pkg/mod/github.com/terraform-ibm-modules/ibmcloud-terratest-wrapper@v1.46.1/testhelper/tests.go:610
        	            				/Users/aatreyeemukherjee/Work/terraform-ibm-icd-mongodb/tests/other_test.go:72
        	            				/Users/aatreyeemukherjee/Work/terraform-ibm-icd-mongodb/tests/other_test.go:83
        	Error:      	Received unexpected error:
        	            	FatalError{Underlying: error while running command: exit status 1; [31m╷[0m[0m
        	            	[31m│[0m [0m[1m[31mError: [0m[0m[1mInconsistent dependency lock file[0m
        	            	[31m│[0m [0m
        	            	[31m│[0m [0m[0mThe following dependency selections recorded in the lock file are
        	            	[31m│[0m [0minconsistent with the current configuration:
        	            	[31m│[0m [0m  - provider registry.terraform.io/hashicorp/time: required by this configuration but no version is selected
        	            	[31m│[0m [0m  - provider registry.terraform.io/ibm-cloud/ibm: required by this configuration but no version is selected
        	            	[31m│[0m [0m  - provider registry.terraform.io/phillbaker/mongodb: required by this configuration but no version is selected
        	            	[31m│[0m [0m
        	            	[31m│[0m [0mTo make the initial dependency selections that will initialize the
        	            	[31m│[0m [0mdependency lock file, run:
        	            	[31m│[0m [0m  terraform init
        	            	[31m╵[0m[0m}
        	Test:       	TestPlanICDVersions/7.0
TestPlanICDVersions/7.0 2025-02-23T18:37:53+05:30 tests.go:199: FatalError{Underlying: error while running command: exit status 1; [31m╷[0m[0m
[31m│[0m [0m[1m[31mError: [0m[0m[1mInconsistent dependency lock file[0m
[31m│[0m [0m
[31m│[0m [0m[0mThe following dependency selections recorded in the lock file are
[31m│[0m [0minconsistent with the current configuration:
[31m│[0m [0m  - provider registry.terraform.io/hashicorp/time: required by this configuration but no version is selected
[31m│[0m [0m  - provider registry.terraform.io/ibm-cloud/ibm: required by this configuration but no version is selected
[31m│[0m [0m  - provider registry.terraform.io/phillbaker/mongodb: required by this configuration but no version is selected
[31m│[0m [0m
[31m│[0m [0mTo make the initial dependency selections that will initialize the
[31m│[0m [0mdependency lock file, run:
[31m│[0m [0m  terraform init
[31m╵[0m[0m}
TestPlanICDVersions/7.0 2025-02-23T18:37:53+05:30 tests.go:266: END: Destroy
    other_test.go:73: 
        	Error Trace:	/Users/aatreyeemukherjee/Work/terraform-ibm-icd-mongodb/tests/other_test.go:73
        	            				/Users/aatreyeemukherjee/Work/terraform-ibm-icd-mongodb/tests/other_test.go:83
        	Error:      	Expected nil, but got: retry.MaxRetriesExceeded{Description:"terraform [init -upgrade=true]", MaxRetries:3}
        	Test:       	TestPlanICDVersions/7.0
        	Messages:   	This should not have errored
    other_test.go:74: 
        	Error Trace:	/Users/aatreyeemukherjee/Work/terraform-ibm-icd-mongodb/tests/other_test.go:74
        	            				/Users/aatreyeemukherjee/Work/terraform-ibm-icd-mongodb/tests/other_test.go:83
        	Error:      	Expected value not to be nil.
        	Test:       	TestPlanICDVersions/7.0
        	Messages:   	Expected some output
--- FAIL: TestPlanICDVersions (2.26s)
    --- FAIL: TestPlanICDVersions/6.0 (69.64s)
    --- FAIL: TestPlanICDVersions/7.0 (88.28s)
TestRunStandardUpgradeSolution 2025-02-23T18:37:53+05:30 logger.go:67: [0m[1mmodule.mongodb.module.mongodb.time_sleep.wait_for_authorization_policy[0]: Still creating... [10s elapsed][0m[0m
=== NAME  TestRunStandardSolutionSchematics
    tests.go:152: [SCHEMATICS] Starting PLAN job ...
TestRunStandardUpgradeSolution 2025-02-23T18:38:03+05:30 logger.go:67: [0m[1mmodule.mongodb.module.mongodb.time_sleep.wait_for_authorization_policy[0]: Still creating... [20s elapsed][0m[0m
TestRunStandardUpgradeSolution 2025-02-23T18:38:13+05:30 logger.go:67: [0m[1mmodule.mongodb.module.mongodb.time_sleep.wait_for_authorization_policy[0]: Still creating... [30s elapsed][0m[0m
TestRunStandardUpgradeSolution 2025-02-23T18:38:13+05:30 logger.go:67: [0m[1mmodule.mongodb.module.mongodb.time_sleep.wait_for_authorization_policy[0]: Creation complete after 30s [id=2025-02-23T13:08:13Z][0m
TestRunStandardUpgradeSolution 2025-02-23T18:38:16+05:30 logger.go:67: [0m[1mmodule.mongodb.module.mongodb.ibm_database.mongodb: Creating...[0m[0m
TestRunStandardUpgradeSolution 2025-02-23T18:38:26+05:30 logger.go:67: [0m[1mmodule.mongodb.module.mongodb.ibm_database.mongodb: Still creating... [10s elapsed][0m[0m
TestRunStandardUpgradeSolution 2025-02-23T18:38:36+05:30 logger.go:67: [0m[1mmodule.mongodb.module.mongodb.ibm_database.mongodb: Still creating... [20s elapsed][0m[0m
TestRunStandardUpgradeSolution 2025-02-23T18:38:46+05:30 logger.go:67: [0m[1mmodule.mongodb.module.mongodb.ibm_database.mongodb: Still creating... [30s elapsed][0m[0m
TestRunStandardUpgradeSolution 2025-02-23T18:38:56+05:30 logger.go:67: [0m[1mmodule.mongodb.module.mongodb.ibm_database.mongodb: Still creating... [40s elapsed][0m[0m
    schematics.go:557: [SCHEMATICS] ... still waiting for job PLAN to complete: 1 minutes
TestRunStandardUpgradeSolution 2025-02-23T18:39:06+05:30 logger.go:67: [0m[1mmodule.mongodb.module.mongodb.ibm_database.mongodb: Still creating... [50s elapsed][0m[0m
TestRunStandardUpgradeSolution 2025-02-23T18:39:16+05:30 logger.go:67: [0m[1mmodule.mongodb.module.mongodb.ibm_database.mongodb: Still creating... [1m0s elapsed][0m[0m
TestRunStandardUpgradeSolution 2025-02-23T18:39:26+05:30 logger.go:67: [0m[1mmodule.mongodb.module.mongodb.ibm_database.mongodb: Still creating... [1m10s elapsed][0m[0m
TestRunStandardUpgradeSolution 2025-02-23T18:39:36+05:30 logger.go:67: [0m[1mmodule.mongodb.module.mongodb.ibm_database.mongodb: Still creating... [1m20s elapsed][0m[0m
TestRunStandardUpgradeSolution 2025-02-23T18:39:46+05:30 logger.go:67: [0m[1mmodule.mongodb.module.mongodb.ibm_database.mongodb: Still creating... [1m31s elapsed][0m[0m
TestRunStandardUpgradeSolution 2025-02-23T18:39:56+05:30 logger.go:67: [0m[1mmodule.mongodb.module.mongodb.ibm_database.mongodb: Still creating... [1m41s elapsed][0m[0m
    schematics.go:557: [SCHEMATICS] ... still waiting for job PLAN to complete: 2 minutes
    schematics.go:566: [SCHEMATICS] The status of job PLAN is: FAILED
    tests.go:155: 
        	Error Trace:	/Users/aatreyeemukherjee/go/pkg/mod/github.com/terraform-ibm-modules/ibmcloud-terratest-wrapper@v1.46.1/testschematic/tests.go:155
        	            				/Users/aatreyeemukherjee/go/pkg/mod/github.com/terraform-ibm-modules/ibmcloud-terratest-wrapper@v1.46.1/testschematic/tests.go:27
        	            				/Users/aatreyeemukherjee/Work/terraform-ibm-icd-mongodb/tests/pr_test.go:113
        	Error:      	Not equal: 
        	            	expected: "COMPLETED"
        	            	actual  : "FAILED"
        	            	
        	            	Diff:
        	            	--- Expected
        	            	+++ Actual
        	            	@@ -1 +1 @@
        	            	-COMPLETED
        	            	+FAILED
        	Test:       	TestRunStandardSolutionSchematics
        	Messages:   	PLAN has failed with status FAILED - [ mongodb-st-da-s6ixic (us-east.workspace.mongodb-st-da-s6ixic.bef18192) ]
    tests.go:513: =============== BEGIN PLAN JOB LOG (us-east.workspace.mongodb-st-da-s6ixic.bef18192) ===============
        SCHEMATICS LOG URL: https://cloud.ibm.com/schematics/workspaces/us-east.workspace.mongodb-st-da-s6ixic.bef18192/log/5a6ed1c596a9f24d2826f780c8963cc3
         2025/02/23 13:08:06 [1m-----  New Workspace Action  -----[21m[0m
         2025/02/23 13:08:06 Request: activitId=5a6ed1c596a9f24d2826f780c8963cc3, account=abac0df06b644a9cabc6e44f55b3880e, owner=Aatreyee.Mukherjee@ibm.com, requestID=7fd15a70-01e0-468a-9c14-301ddd62ec1b
         2025/02/23 13:08:07 Related Activity: action=PLAN, workspaceID=us-east.workspace.mongodb-st-da-s6ixic.bef18192, processedBy=orchestrator-6cb446ddb7-gx9wh
         2025/02/23 13:08:07 Related Workspace: name=mongodb-st-da-s6ixic, sourcerelease=(not specified), sourceurl=, folder=solutions/standard
         2025/02/23 13:08:11  --- Ready to execute the command --- 
         2025/02/23 13:08:13 workspace.template.EnvFile: 54c57457-c6df-4049-813b-b84de3727105
         2025/02/23 13:08:14 workspace.template.SecFile: 9863e485-84b4-4bc1-8ec2-42e11152491c
         2025/02/23 13:08:12 [1m-----  New Action  -----[21m[0m
         2025/02/23 13:08:12 Request: requestID=7fd15a70-01e0-468a-9c14-301ddd62ec1b
         2025/02/23 13:08:14 Related Activity: action=Plan, workspaceID=us-east.workspace.mongodb-st-da-s6ixic.bef18192, processedByOrchestrator=7fd15a70-01e0-468a-9c14-301ddd62ec1b_5a6ed1c596a9f24d2826f780c8963cc3, processedByJob=job12-7b594d589-6f824, actionType=Terraform
         
         2025/02/23 13:08:19 [1m-----  Terraform INIT  -----[21m[0m
         
         2025/02/23 13:08:20 [34mStarting command: terraform1.9 init -input=false -no-color[39m[0m
         2025/02/23 13:08:20 Starting command: terraform1.9 init -input=false -no-color
         2025/02/23 13:08:20 Terraform init | Initializing the backend...
         2025/02/23 13:08:20 Terraform init | Initializing modules...
         2025/02/23 13:08:20 Terraform init | Downloading registry.terraform.io/terraform-ibm-modules/kms-all-inclusive/ibm 4.19.7 for kms...
         2025/02/23 13:08:22 Terraform init | - kms in .terraform/modules/kms
         2025/02/23 13:08:22 Terraform init | Downloading registry.terraform.io/terraform-ibm-modules/kms-key/ibm 1.3.1 for kms.existing_key_ring_keys...
         2025/02/23 13:08:25 Terraform init | - kms.existing_key_ring_keys in .terraform/modules/kms.existing_key_ring_keys
         2025/02/23 13:08:25 Terraform init | Downloading registry.terraform.io/terraform-ibm-modules/key-protect/ibm 2.10.0 for kms.key_protect...
         2025/02/23 13:08:28 Terraform init | - kms.key_protect in .terraform/modules/kms.key_protect
         2025/02/23 13:08:28 Terraform init | Downloading registry.terraform.io/terraform-ibm-modules/cbr/ibm 1.29.0 for kms.key_protect.cbr_rule...
         2025/02/23 13:08:30 Terraform init | - kms.key_protect.cbr_rule in .terraform/modules/kms.key_protect.cbr_rule/modules/cbr-rule-module
         2025/02/23 13:08:30 Terraform init | Downloading registry.terraform.io/terraform-ibm-modules/kms-key-ring/ibm 2.5.0 for kms.kms_key_rings...
         2025/02/23 13:08:33 Terraform init | - kms.kms_key_rings in .terraform/modules/kms.kms_key_rings
         2025/02/23 13:08:33 Terraform init | Downloading registry.terraform.io/terraform-ibm-modules/kms-key/ibm 1.3.1 for kms.kms_keys...
         2025/02/23 13:08:33 Terraform init | - kms.kms_keys in .terraform/modules/kms.kms_keys
         2025/02/23 13:08:33 Terraform init | Downloading registry.terraform.io/terraform-ibm-modules/common-utilities/ibm 1.1.0 for kms_backup_key_crn_parser...
         2025/02/23 13:08:35 Terraform init | - kms_backup_key_crn_parser in .terraform/modules/kms_backup_key_crn_parser/modules/crn-parser
         2025/02/23 13:08:35 Terraform init | Downloading registry.terraform.io/terraform-ibm-modules/common-utilities/ibm 1.1.0 for kms_instance_crn_parser...
         2025/02/23 13:08:35 Terraform init | - kms_instance_crn_parser in .terraform/modules/kms_instance_crn_parser/modules/crn-parser
         2025/02/23 13:08:35 Terraform init | Downloading registry.terraform.io/terraform-ibm-modules/common-utilities/ibm 1.1.0 for kms_key_crn_parser...
         2025/02/23 13:08:35 Terraform init | - kms_key_crn_parser in .terraform/modules/kms_key_crn_parser/modules/crn-parser
         2025/02/23 13:08:35 Terraform init | - mongodb in ../../modules/fscloud
         2025/02/23 13:08:35 Terraform init | - mongodb.mongodb in ../..
         2025/02/23 13:08:35 Terraform init | Downloading registry.terraform.io/terraform-ibm-modules/common-utilities/ibm 1.1.0 for mongodb.mongodb.backup_key_crn_parser...
         2025/02/23 13:08:35 Terraform init | - mongodb.mongodb.backup_key_crn_parser in .terraform/modules/mongodb.mongodb.backup_key_crn_parser/modules/crn-parser
         2025/02/23 13:08:35 Terraform init | Downloading registry.terraform.io/terraform-ibm-modules/cbr/ibm 1.29.0 for mongodb.mongodb.cbr_rule...
         2025/02/23 13:08:35 Terraform init | - mongodb.mongodb.cbr_rule in .terraform/modules/mongodb.mongodb.cbr_rule/modules/cbr-rule-module
         2025/02/23 13:08:35 Terraform init | Downloading registry.terraform.io/terraform-ibm-modules/common-utilities/ibm 1.1.0 for mongodb.mongodb.kms_key_crn_parser...
         2025/02/23 13:08:35 Terraform init | - mongodb.mongodb.kms_key_crn_parser in .terraform/modules/mongodb.mongodb.kms_key_crn_parser/modules/crn-parser
         2025/02/23 13:08:35 Terraform init | Downloading registry.terraform.io/terraform-ibm-modules/common-utilities/ibm 1.1.0 for mongodb_instance_crn_parser...
         2025/02/23 13:08:35 Terraform init | - mongodb_instance_crn_parser in .terraform/modules/mongodb_instance_crn_parser/modules/crn-parser
         2025/02/23 13:08:35 Terraform init | Downloading registry.terraform.io/terraform-ibm-modules/resource-group/ibm 1.1.6 for resource_group...
         2025/02/23 13:08:38 Terraform init | - resource_group in .terraform/modules/resource_group
         2025/02/23 13:08:38 Terraform init | Downloading registry.terraform.io/terraform-ibm-modules/secrets-manager/ibm 1.23.6 for secrets_manager_service_credentials...
         2025/02/23 13:08:40 Terraform init | - secrets_manager_service_credentials in .terraform/modules/secrets_manager_service_credentials/modules/secrets
         2025/02/23 13:08:40 Terraform init | Downloading registry.terraform.io/terraform-ibm-modules/secrets-manager-secret-group/ibm 1.2.2 for secrets_manager_service_credentials.secret_groups...
         2025/02/23 13:08:43 Terraform init | - secrets_manager_service_credentials.secret_groups in .terraform/modules/secrets_manager_service_credentials.secret_groups
         2025/02/23 13:08:43 Terraform init | Downloading registry.terraform.io/terraform-ibm-modules/secrets-manager-secret/ibm 1.6.0 for secrets_manager_service_credentials.secrets...
         2025/02/23 13:08:45 Terraform init | - secrets_manager_service_credentials.secrets in .terraform/modules/secrets_manager_service_credentials.secrets
         2025/02/23 13:08:45 Terraform init | Downloading registry.terraform.io/terraform-ibm-modules/common-utilities/ibm 1.1.0 for sm_instance_crn_parser...
         2025/02/23 13:08:45 Terraform init | - sm_instance_crn_parser in .terraform/modules/sm_instance_crn_parser/modules/crn-parser
         2025/02/23 13:08:45 Terraform init | Initializing provider plugins...
         2025/02/23 13:08:45 Terraform init | - Finding ibm-cloud/ibm versions matching ">= 1.49.0, >= 1.51.0, >= 1.62.0, >= 1.69.0, >= 1.70.0, 1.75.2, < 2.0.0"...
         2025/02/23 13:08:45 Terraform init | - Finding hashicorp/time versions matching ">= 0.9.1, 0.12.1, < 1.0.0"...
         2025/02/23 13:08:45 Terraform init | - Finding hashicorp/random versions matching "3.6.3"...
         2025/02/23 13:08:47 Terraform init | - Installing ibm-cloud/ibm v1.75.2...
         2025/02/23 13:08:50 Terraform init | - Installed ibm-cloud/ibm v1.75.2 (self-signed, key ID AAD3B791C49CC253)
         2025/02/23 13:08:53 Terraform init | - Installing hashicorp/time v0.12.1...
         2025/02/23 13:08:53 Terraform init | - Installed hashicorp/time v0.12.1 (signed by HashiCorp)
         2025/02/23 13:08:53 Terraform init | - Installing hashicorp/random v3.6.3...
         2025/02/23 13:08:53 Terraform init | - Installed hashicorp/random v3.6.3 (signed by HashiCorp)
         2025/02/23 13:08:53 Terraform init | Partner and community providers are signed by their developers.
         2025/02/23 13:08:53 Terraform init | If you'd like to know more about provider signing, you can read about it here:
         2025/02/23 13:08:53 Terraform init | https://www.terraform.io/docs/cli/plugins/signing.html
         2025/02/23 13:08:53 Terraform init | Terraform has created a lock file .terraform.lock.hcl to record the provider
         2025/02/23 13:08:53 Terraform init | selections it made above. Include this file in your version control repository
         2025/02/23 13:08:53 Terraform init | so that Terraform can guarantee to make the same selections by default when
         2025/02/23 13:08:53 Terraform init | you run "terraform init" in the future.
         2025/02/23 13:08:53 Terraform init | 
         2025/02/23 13:08:53 Terraform init | Terraform has been successfully initialized!
         2025/02/23 13:08:53 Command finished successfully.
         
         2025/02/23 13:08:53 [1m-----  Terraform PLAN  -----[21m[0m
         
         2025/02/23 13:08:53 [34mStarting command: terraform1.9 plan -input=false -refresh=true -state=terraform.tfstate -var-file=schematics.tfvars -no-color -out=tfplan.binary[39m[0m
         2025/02/23 13:08:53 Starting command: terraform1.9 plan -input=false -refresh=true -state=terraform.tfstate -var-file=schematics.tfvars -no-color -out=tfplan.binary
         2025/02/23 13:09:01 Terraform plan | 
         2025/02/23 13:09:01 Terraform plan | Warning: Value for undeclared variable
         2025/02/23 13:09:01 Terraform plan | 
         2025/02/23 13:09:01 Terraform plan | The root module does not declare a variable named
         2025/02/23 13:09:01 Terraform plan | "admin_pass_secrets_manager_secret_name" but a value was found in file
         2025/02/23 13:09:01 Terraform plan | "schematics.tfvars". If you meant to use this value, add a "variable" block
         2025/02/23 13:09:01 Terraform plan | to the configuration.
         2025/02/23 13:09:01 Terraform plan | 
         2025/02/23 13:09:01 Terraform plan | To silence these warnings, use TF_VAR_... environment variables to provide
         2025/02/23 13:09:01 Terraform plan | certain "global" settings to all configurations in your organization. To
         2025/02/23 13:09:01 Terraform plan | reduce the verbosity of these warnings, use the -compact-warnings option.
         2025/02/23 13:09:01 Terraform plan | 
         2025/02/23 13:09:01 Terraform plan | Warning: Value for undeclared variable
         2025/02/23 13:09:01 Terraform plan | 
         2025/02/23 13:09:01 Terraform plan | The root module does not declare a variable named "enable_kibana_dashboard"
         2025/02/23 13:09:01 Terraform plan | but a value was found in file "schematics.tfvars". If you meant to use this
         2025/02/23 13:09:01 Terraform plan | value, add a "variable" block to the configuration.
         2025/02/23 13:09:01 Terraform plan | 
         2025/02/23 13:09:01 Terraform plan | To silence these warnings, use TF_VAR_... environment variables to provide
         2025/02/23 13:09:01 Terraform plan | certain "global" settings to all configurations in your organization. To
         2025/02/23 13:09:01 Terraform plan | reduce the verbosity of these warnings, use the -compact-warnings option.
         2025/02/23 13:09:01 Terraform plan | 
         2025/02/23 13:09:01 Terraform plan | Warning: Values for undeclared variables
         2025/02/23 13:09:01 Terraform plan | 
         2025/02/23 13:09:01 Terraform plan | In addition to the other similar warnings shown, 2 other variable(s) defined
         2025/02/23 13:09:01 Terraform plan | without being declared.
         2025/02/23 13:09:02 Terraform plan | 
         2025/02/23 13:09:02 Terraform plan | Error: Reference to undeclared local value
         2025/02/23 13:09:02 Terraform plan | 
         2025/02/23 13:09:02 Terraform plan |   on main.tf line 268, in data "ibm_resource_instance" "existing_instance_resource":
         2025/02/23 13:09:02 Terraform plan |  268:   identifier = local.existing_redis_guid
         2025/02/23 13:09:02 Terraform plan | 
         2025/02/23 13:09:02 Terraform plan | A local value with the name "existing_redis_guid" has not been declared.
         2025/02/23 13:09:02 Terraform plan | 
         2025/02/23 13:09:02 Terraform plan | Error: Unsupported attribute
         2025/02/23 13:09:02 Terraform plan | 
         2025/02/23 13:09:02 Terraform plan |   on main.tf line 360, in resource "ibm_iam_authorization_policy" "secrets_manager_key_manager":
         2025/02/23 13:09:02 Terraform plan |  360:   target_resource_instance_id = module.mongodb.guid
         2025/02/23 13:09:02 Terraform plan |     ├────────────────
         2025/02/23 13:09:02 Terraform plan |     │ module.mongodb is a list of object
         2025/02/23 13:09:02 Terraform plan | 
         2025/02/23 13:09:02 Terraform plan | Can't access attributes on a list of objects. Did you mean to access
         2025/02/23 13:09:02 Terraform plan | attribute "guid" for a specific element of the list, or across all elements
         2025/02/23 13:09:02 Terraform plan | of the list?
         2025/02/23 13:09:02 Terraform plan | 
         2025/02/23 13:09:02 Terraform plan | Error: Unsupported attribute
         2025/02/23 13:09:02 Terraform plan | 
         2025/02/23 13:09:02 Terraform plan |   on outputs.tf line 7, in output "id":
         2025/02/23 13:09:02 Terraform plan |    7:   value       = module.mongodb.id
         2025/02/23 13:09:02 Terraform plan |     ├────────────────
         2025/02/23 13:09:02 Terraform plan |     │ module.mongodb is a list of object
         2025/02/23 13:09:02 Terraform plan | 
         2025/02/23 13:09:02 Terraform plan | Can't access attributes on a list of objects. Did you mean to access
         2025/02/23 13:09:02 Terraform plan | attribute "id" for a specific element of the list, or across all elements of
         2025/02/23 13:09:02 Terraform plan | the list?
         2025/02/23 13:09:02 Terraform plan | 
         2025/02/23 13:09:02 Terraform plan | Error: Unsupported attribute
         2025/02/23 13:09:02 Terraform plan | 
         2025/02/23 13:09:02 Terraform plan |   on outputs.tf line 12, in output "version":
         2025/02/23 13:09:02 Terraform plan |   12:   value       = module.mongodb.version
         2025/02/23 13:09:02 Terraform plan |     ├────────────────
         2025/02/23 13:09:02 Terraform plan |     │ module.mongodb is a list of object
         2025/02/23 13:09:02 Terraform plan | 
         2025/02/23 13:09:02 Terraform plan | Can't access attributes on a list of objects. Did you mean to access
         2025/02/23 13:09:02 Terraform plan | attribute "version" for a specific element of the list, or across all
         2025/02/23 13:09:02 Terraform plan | elements of the list?
         2025/02/23 13:09:02 Terraform plan | 
         2025/02/23 13:09:02 Terraform plan | Error: Unsupported attribute
         2025/02/23 13:09:02 Terraform plan | 
         2025/02/23 13:09:02 Terraform plan |   on outputs.tf line 17, in output "guid":
         2025/02/23 13:09:02 Terraform plan |   17:   value       = module.mongodb.guid
         2025/02/23 13:09:02 Terraform plan |     ├────────────────
         2025/02/23 13:09:02 Terraform plan |     │ module.mongodb is a list of object
         2025/02/23 13:09:02 Terraform plan | 
         2025/02/23 13:09:02 Terraform plan | Can't access attributes on a list of objects. Did you mean to access
         2025/02/23 13:09:02 Terraform plan | attribute "guid" for a specific element of the list, or across all elements
         2025/02/23 13:09:02 Terraform plan | of the list?
         2025/02/23 13:09:02 Terraform plan | 
         2025/02/23 13:09:02 Terraform plan | Error: Unsupported attribute
         2025/02/23 13:09:02 Terraform plan | 
         2025/02/23 13:09:02 Terraform plan |   on outputs.tf line 22, in output "crn":
         2025/02/23 13:09:02 Terraform plan |   22:   value       = module.mongodb.crn
         2025/02/23 13:09:02 Terraform plan |     ├────────────────
         2025/02/23 13:09:02 Terraform plan |     │ module.mongodb is a list of object
         2025/02/23 13:09:02 Terraform plan | 
         2025/02/23 13:09:02 Terraform plan | Can't access attributes on a list of objects. Did you mean to access
         2025/02/23 13:09:02 Terraform plan | attribute "crn" for a specific element of the list, or across all elements of
         2025/02/23 13:09:02 Terraform plan | the list?
         2025/02/23 13:09:02 Terraform plan | 
         2025/02/23 13:09:02 Terraform plan | Error: Unsupported attribute
         2025/02/23 13:09:02 Terraform plan | 
         2025/02/23 13:09:02 Terraform plan |   on outputs.tf line 27, in output "cbr_rule_ids":
         2025/02/23 13:09:02 Terraform plan |   27:   value       = module.mongodb.cbr_rule_ids
         2025/02/23 13:09:02 Terraform plan |     ├────────────────
         2025/02/23 13:09:02 Terraform plan |     │ module.mongodb is a list of object
         2025/02/23 13:09:02 Terraform plan | 
         2025/02/23 13:09:02 Terraform plan | Can't access attributes on a list of objects. Did you mean to access
         2025/02/23 13:09:02 Terraform plan | attribute "cbr_rule_ids" for a specific element of the list, or across all
         2025/02/23 13:09:02 Terraform plan | elements of the list?
         2025/02/23 13:09:02 Terraform plan | 
         2025/02/23 13:09:02 Terraform plan | Error: Unsupported attribute
         2025/02/23 13:09:02 Terraform plan | 
         2025/02/23 13:09:02 Terraform plan |   on outputs.tf line 32, in output "service_credentials_json":
         2025/02/23 13:09:02 Terraform plan |   32:   value       = module.mongodb.service_credentials_json
         2025/02/23 13:09:02 Terraform plan |     ├────────────────
         2025/02/23 13:09:02 Terraform plan |     │ module.mongodb is a list of object
         2025/02/23 13:09:02 Terraform plan | 
         2025/02/23 13:09:02 Terraform plan | Can't access attributes on a list of objects. Did you mean to access
         2025/02/23 13:09:02 Terraform plan | attribute "service_credentials_json" for a specific element of the list, or
         2025/02/23 13:09:02 Terraform plan | across all elements of the list?
         2025/02/23 13:09:02 Terraform plan | 
         2025/02/23 13:09:02 Terraform plan | Error: Unsupported attribute
         2025/02/23 13:09:02 Terraform plan | 
         2025/02/23 13:09:02 Terraform plan |   on outputs.tf line 38, in output "service_credentials_object":
         2025/02/23 13:09:02 Terraform plan |   38:   value       = module.mongodb.service_credentials_object
         2025/02/23 13:09:02 Terraform plan |     ├────────────────
         2025/02/23 13:09:02 Terraform plan |     │ module.mongodb is a list of object
         2025/02/23 13:09:02 Terraform plan | 
         2025/02/23 13:09:02 Terraform plan | Can't access attributes on a list of objects. Did you mean to access
         2025/02/23 13:09:02 Terraform plan | attribute "service_credentials_object" for a specific element of the list, or
         2025/02/23 13:09:02 Terraform plan | across all elements of the list?
         2025/02/23 13:09:02 Terraform plan | 
         2025/02/23 13:09:02 Terraform plan | Error: Unsupported attribute
         2025/02/23 13:09:02 Terraform plan | 
         2025/02/23 13:09:02 Terraform plan |   on outputs.tf line 44, in output "adminuser":
         2025/02/23 13:09:02 Terraform plan |   44:   value       = module.mongodb.adminuser
         2025/02/23 13:09:02 Terraform plan |     ├────────────────
         2025/02/23 13:09:02 Terraform plan |     │ module.mongodb is a list of object
         2025/02/23 13:09:02 Terraform plan | 
         2025/02/23 13:09:02 Terraform plan | Can't access attributes on a list of objects. Did you mean to access
         2025/02/23 13:09:02 Terraform plan | attribute "adminuser" for a specific element of the list, or across all
         2025/02/23 13:09:02 Terraform plan | elements of the list?
         2025/02/23 13:09:02 Terraform plan | 
         2025/02/23 13:09:02 Terraform plan | Error: Reference to undeclared input variable
         2025/02/23 13:09:02 Terraform plan | 
         2025/02/23 13:09:02 Terraform plan |   on ../../main.tf line 386, in data "ibm_database_connection" "database_connection":
         2025/02/23 13:09:02 Terraform plan |  386:   endpoint_type = var.endpoints == "public-and-private" ? "public" : var.endpoints
         2025/02/23 13:09:02 Terraform plan | 
         2025/02/23 13:09:02 Terraform plan | An input variable with the name "endpoints" has not been declared. This
         2025/02/23 13:09:02 Terraform plan | variable can be declared with a variable "endpoints" {} block.
         2025/02/23 13:09:02 Terraform plan | 
         2025/02/23 13:09:02 Terraform plan | Error: Reference to undeclared input variable
         2025/02/23 13:09:02 Terraform plan | 
         2025/02/23 13:09:02 Terraform plan |   on ../../main.tf line 386, in data "ibm_database_connection" "database_connection":
         2025/02/23 13:09:02 Terraform plan |  386:   endpoint_type = var.endpoints == "public-and-private" ? "public" : var.endpoints
         2025/02/23 13:09:02 Terraform plan | 
         2025/02/23 13:09:02 Terraform plan | An input variable with the name "endpoints" has not been declared. This
         2025/02/23 13:09:02 Terraform plan | variable can be declared with a variable "endpoints" {} block.
         2025/02/23 13:09:02 [1m[31mTerraform PLAN error: Terraform PLAN errorexit status 1[39m[0m
         2025/02/23 13:09:02 [1m[31mCould not execute job: Error : Terraform PLAN errorexit status 1[39m[0m
        
        =============== END PLAN JOB LOG (us-east.workspace.mongodb-st-da-s6ixic.bef18192) ===============
TestRunStandardUpgradeSolution 2025-02-23T18:40:06+05:30 logger.go:67: [0m[1mmodule.mongodb.module.mongodb.ibm_database.mongodb: Still creating... [1m51s elapsed][0m[0m
TestRunStandardUpgradeSolution 2025-02-23T18:40:16+05:30 logger.go:67: [0m[1mmodule.mongodb.module.mongodb.ibm_database.mongodb: Still creating... [2m1s elapsed][0m[0m
TestRunStandardUpgradeSolution 2025-02-23T18:40:26+05:30 logger.go:67: [0m[1mmodule.mongodb.module.mongodb.ibm_database.mongodb: Still creating... [2m11s elapsed][0m[0m
TestRunStandardUpgradeSolution 2025-02-23T18:40:36+05:30 logger.go:67: [0m[1mmodule.mongodb.module.mongodb.ibm_database.mongodb: Still creating... [2m21s elapsed][0m[0m
    schematics.go:593: [SCHEMATICS] RETRY GetWorkspaceOutputs, status code: 404
TestRunStandardUpgradeSolution 2025-02-23T18:40:46+05:30 logger.go:67: [0m[1mmodule.mongodb.module.mongodb.ibm_database.mongodb: Still creating... [2m31s elapsed][0m[0m
TestRunStandardUpgradeSolution 2025-02-23T18:40:56+05:30 logger.go:67: [0m[1mmodule.mongodb.module.mongodb.ibm_database.mongodb: Still creating... [2m41s elapsed][0m[0m
TestRunStandardUpgradeSolution 2025-02-23T18:41:06+05:30 logger.go:67: [0m[1mmodule.mongodb.module.mongodb.ibm_database.mongodb: Still creating... [2m51s elapsed][0m[0m
    schematics.go:593: [SCHEMATICS] RETRY GetWorkspaceOutputs, status code: 404
TestRunStandardUpgradeSolution 2025-02-23T18:41:16+05:30 logger.go:67: [0m[1mmodule.mongodb.module.mongodb.ibm_database.mongodb: Still creating... [3m1s elapsed][0m[0m
TestRunStandardUpgradeSolution 2025-02-23T18:41:26+05:30 logger.go:67: [0m[1mmodule.mongodb.module.mongodb.ibm_database.mongodb: Still creating... [3m11s elapsed][0m[0m
TestRunStandardUpgradeSolution 2025-02-23T18:41:36+05:30 logger.go:67: [0m[1mmodule.mongodb.module.mongodb.ibm_database.mongodb: Still creating... [3m21s elapsed][0m[0m
    schematics.go:593: [SCHEMATICS] RETRY GetWorkspaceOutputs, status code: 404
TestRunStandardUpgradeSolution 2025-02-23T18:41:46+05:30 logger.go:67: [0m[1mmodule.mongodb.module.mongodb.ibm_database.mongodb: Still creating... [3m31s elapsed][0m[0m
TestRunStandardUpgradeSolution 2025-02-23T18:41:56+05:30 logger.go:67: [0m[1mmodule.mongodb.module.mongodb.ibm_database.mongodb: Still creating... [3m41s elapsed][0m[0m
TestRunStandardUpgradeSolution 2025-02-23T18:42:06+05:30 logger.go:67: [0m[1mmodule.mongodb.module.mongodb.ibm_database.mongodb: Still creating... [3m51s elapsed][0m[0m
    schematics.go:593: [SCHEMATICS] RETRY GetWorkspaceOutputs, status code: 404
TestRunStandardUpgradeSolution 2025-02-23T18:42:16+05:30 logger.go:67: [0m[1mmodule.mongodb.module.mongodb.ibm_database.mongodb: Still creating... [4m1s elapsed][0m[0m
TestRunStandardUpgradeSolution 2025-02-23T18:42:26+05:30 logger.go:67: [0m[1mmodule.mongodb.module.mongodb.ibm_database.mongodb: Still creating... [4m11s elapsed][0m[0m
TestRunStandardUpgradeSolution 2025-02-23T18:42:36+05:30 logger.go:67: [0m[1mmodule.mongodb.module.mongodb.ibm_database.mongodb: Still creating... [4m21s elapsed][0m[0m
    schematics.go:593: [SCHEMATICS] RETRY GetWorkspaceOutputs, status code: 404
    tests.go:393: [SCHEMATICS] There was an error retrieving output values: The requested statefile cannot be located. Run apply action to create a statefile.
--- FAIL: TestRunStandardSolutionSchematics (378.42s)
TestRunStandardUpgradeSolution 2025-02-23T18:42:46+05:30 logger.go:67: [0m[1mmodule.mongodb.module.mongodb.ibm_database.mongodb: Still creating... [4m31s elapsed][0m[0m
TestRunStandardUpgradeSolution 2025-02-23T18:42:56+05:30 logger.go:67: [0m[1mmodule.mongodb.module.mongodb.ibm_database.mongodb: Still creating... [4m41s elapsed][0m[0m
TestRunStandardUpgradeSolution 2025-02-23T18:43:06+05:30 logger.go:67: [0m[1mmodule.mongodb.module.mongodb.ibm_database.mongodb: Still creating... [4m51s elapsed][0m[0m
TestRunStandardUpgradeSolution 2025-02-23T18:43:16+05:30 logger.go:67: [0m[1mmodule.mongodb.module.mongodb.ibm_database.mongodb: Still creating... [5m1s elapsed][0m[0m
TestRunStandardUpgradeSolution 2025-02-23T18:43:26+05:30 logger.go:67: [0m[1mmodule.mongodb.module.mongodb.ibm_database.mongodb: Still creating... [5m11s elapsed][0m[0m
TestRunStandardUpgradeSolution 2025-02-23T18:43:36+05:30 logger.go:67: [0m[1mmodule.mongodb.module.mongodb.ibm_database.mongodb: Still creating... [5m21s elapsed][0m[0m
TestRunStandardUpgradeSolution 2025-02-23T18:43:46+05:30 logger.go:67: [0m[1mmodule.mongodb.module.mongodb.ibm_database.mongodb: Still creating... [5m31s elapsed][0m[0m
TestRunStandardUpgradeSolution 2025-02-23T18:43:56+05:30 logger.go:67: [0m[1mmodule.mongodb.module.mongodb.ibm_database.mongodb: Still creating... [5m41s elapsed][0m[0m
TestRunStandardUpgradeSolution 2025-02-23T18:44:06+05:30 logger.go:67: [0m[1mmodule.mongodb.module.mongodb.ibm_database.mongodb: Still creating... [5m51s elapsed][0m[0m
TestRunStandardUpgradeSolution 2025-02-23T18:44:16+05:30 logger.go:67: [0m[1mmodule.mongodb.module.mongodb.ibm_database.mongodb: Still creating... [6m1s elapsed][0m[0m
TestRunStandardUpgradeSolution 2025-02-23T18:44:17+05:30 logger.go:67: [0m[1mmodule.mongodb.module.mongodb.ibm_database.mongodb: Creation complete after 6m2s [id=crn:v1:bluemix:public:databases-for-mongodb:us-south:a/abac0df06b644a9cabc6e44f55b3880e:20d107d9-ff45-4131-90fa-f149001a6d8b::][0m
TestRunStandardUpgradeSolution 2025-02-23T18:44:17+05:30 logger.go:67: [0m[1mmodule.mongodb.module.mongodb.ibm_resource_tag.mongodb_tag[0]: Creating...[0m[0m
TestRunStandardUpgradeSolution 2025-02-23T18:44:17+05:30 logger.go:67: [0m[1mmodule.mongodb.module.mongodb.data.ibm_database_connection.database_connection: Reading...[0m[0m
TestRunStandardUpgradeSolution 2025-02-23T18:44:18+05:30 logger.go:67: [0m[1mmodule.mongodb.module.mongodb.data.ibm_database_connection.database_connection: Read complete after 1s [id=2025-02-23 13:14:18.808933 +0000 UTC][0m
TestRunStandardUpgradeSolution 2025-02-23T18:44:27+05:30 logger.go:67: [0m[1mmodule.mongodb.module.mongodb.ibm_resource_tag.mongodb_tag[0]: Still creating... [10s elapsed][0m[0m
TestRunStandardUpgradeSolution 2025-02-23T18:44:37+05:30 logger.go:67: [0m[1mmodule.mongodb.module.mongodb.ibm_resource_tag.mongodb_tag[0]: Still creating... [20s elapsed][0m[0m
TestRunStandardUpgradeSolution 2025-02-23T18:44:47+05:30 logger.go:67: [0m[1mmodule.mongodb.module.mongodb.ibm_resource_tag.mongodb_tag[0]: Still creating... [30s elapsed][0m[0m
TestRunStandardUpgradeSolution 2025-02-23T18:44:50+05:30 logger.go:67: [0m[1mmodule.mongodb.module.mongodb.ibm_resource_tag.mongodb_tag[0]: Creation complete after 32s [id=crn:v1:bluemix:public:databases-for-mongodb:us-south:a/abac0df06b644a9cabc6e44f55b3880e:20d107d9-ff45-4131-90fa-f149001a6d8b::][0m
TestRunStandardUpgradeSolution 2025-02-23T18:44:50+05:30 logger.go:67: [0m[1m[32m
TestRunStandardUpgradeSolution 2025-02-23T18:44:50+05:30 logger.go:67: Apply complete! Resources: 9 added, 0 changed, 0 destroyed.
TestRunStandardUpgradeSolution 2025-02-23T18:44:50+05:30 logger.go:67: [0m[0m[1m[32m
TestRunStandardUpgradeSolution 2025-02-23T18:44:50+05:30 logger.go:67: Outputs:
TestRunStandardUpgradeSolution 2025-02-23T18:44:50+05:30 logger.go:67: 
TestRunStandardUpgradeSolution 2025-02-23T18:44:50+05:30 logger.go:67: [0madminuser = "admin"
TestRunStandardUpgradeSolution 2025-02-23T18:44:50+05:30 logger.go:67: cbr_rule_ids = []
TestRunStandardUpgradeSolution 2025-02-23T18:44:50+05:30 logger.go:67: certificate_base64 = <sensitive>
TestRunStandardUpgradeSolution 2025-02-23T18:44:50+05:30 logger.go:67: crn = "crn:v1:bluemix:public:databases-for-mongodb:us-south:a/abac0df06b644a9cabc6e44f55b3880e:20d107d9-ff45-4131-90fa-f149001a6d8b::"
TestRunStandardUpgradeSolution 2025-02-23T18:44:50+05:30 logger.go:67: guid = "20d107d9-ff45-4131-90fa-f149001a6d8b"
TestRunStandardUpgradeSolution 2025-02-23T18:44:50+05:30 logger.go:67: hostname = "20d107d9-ff45-4131-90fa-f149001a6d8b-0.c5kmhkid0ujpmrucb800.private.databases.appdomain.cloud"
TestRunStandardUpgradeSolution 2025-02-23T18:44:50+05:30 logger.go:67: id = "crn:v1:bluemix:public:databases-for-mongodb:us-south:a/abac0df06b644a9cabc6e44f55b3880e:20d107d9-ff45-4131-90fa-f149001a6d8b::"
TestRunStandardUpgradeSolution 2025-02-23T18:44:50+05:30 logger.go:67: port = 30639
TestRunStandardUpgradeSolution 2025-02-23T18:44:50+05:30 logger.go:67: version = "7.0"
TestRunStandardUpgradeSolution 2025-02-23T18:44:50+05:30 retry.go:91: terraform [output -no-color -json]
TestRunStandardUpgradeSolution 2025-02-23T18:44:50+05:30 tests.go:521: State file copied to PR branch dir: /var/folders/7h/xm7wtf_j44j8zpcwyyz23kbc0000gn/T/terraform-pr-mongodb-st-da-upg-wqj45p848702331/solutions/standard/terraform.tfstate
TestRunStandardUpgradeSolution 2025-02-23T18:44:50+05:30 tests.go:524: Init / Plan on PR Branch: test-coverage
TestRunStandardUpgradeSolution 2025-02-23T18:44:50+05:30 tests.go:525: Init / Plan on PR Branch dir: /var/folders/7h/xm7wtf_j44j8zpcwyyz23kbc0000gn/T/terraform-pr-mongodb-st-da-upg-wqj45p848702331/solutions/standard
TestRunStandardUpgradeSolution 2025-02-23T18:44:50+05:30 tests.go:618: START: Init / Plan / Show w/Struct
TestRunStandardUpgradeSolution 2025-02-23T18:44:50+05:30 retry.go:91: terraform [init -upgrade=true]
TestRunStandardUpgradeSolution 2025-02-23T18:45:24+05:30 retry.go:91: terraform [plan -input=false -lock=false -var existing_kms_instance_crn=crn:v1:bluemix:public:hs-crypto:us-south:a/abac0df06b644a9cabc6e44f55b3880e:e6dce284-e80f-46e1-a3c1-830f7adff7a9:: -var kms_endpoint_type=public -var provider_visibility=public -var resource_group_name=mongodb-st-da-upg-wqj45p -var access_tags=["geretain-dev:permanent-test-tag-1", "geretain-dev-1:permanent-test-tag-4"] -lock=false -out=/var/folders/7h/xm7wtf_j44j8zpcwyyz23kbc0000gn/T/terraform-pr-mongodb-st-da-upg-wqj45p848702331/solutions/standard/terratest-plan-file-2112165992]
TestRunStandardUpgradeSolution 2025-02-23T18:45:26+05:30 retry.go:99: Returning due to fatal error: FatalError{Underlying: error while running command: exit status 1; [31m╷[0m[0m
[31m│[0m [0m[1m[31mError: [0m[0m[1mReference to undeclared local value[0m
[31m│[0m [0m
[31m│[0m [0m[0m  on main.tf line 268, in data "ibm_resource_instance" "existing_instance_resource":
[31m│[0m [0m 268:   identifier = [4mlocal.existing_redis_guid[0m[0m
[31m│[0m [0m
[31m│[0m [0mA local value with the name "existing_redis_guid" has not been declared.
[31m╵[0m[0m
[31m╷[0m[0m
[31m│[0m [0m[1m[31mError: [0m[0m[1mUnsupported attribute[0m
[31m│[0m [0m
[31m│[0m [0m[0m  on main.tf line 360, in resource "ibm_iam_authorization_policy" "secrets_manager_key_manager":
[31m│[0m [0m 360:   target_resource_instance_id = module.mongodb[4m.guid[0m[0m
[31m│[0m [0m    [90m├────────────────[0m
[31m│[0m [0m[0m    [90m│[0m [1mmodule.mongodb[0m is a list of object
[31m│[0m [0m[0m
[31m│[0m [0mCan't access attributes on a list of objects. Did you mean to access
[31m│[0m [0mattribute "guid" for a specific element of the list, or across all elements
[31m│[0m [0mof the list?
[31m╵[0m[0m
[31m╷[0m[0m
[31m│[0m [0m[1m[31mError: [0m[0m[1mUnsupported attribute[0m
[31m│[0m [0m
[31m│[0m [0m[0m  on outputs.tf line 7, in output "id":
[31m│[0m [0m   7:   value       = module.mongodb[4m.id[0m[0m
[31m│[0m [0m    [90m├────────────────[0m
[31m│[0m [0m[0m    [90m│[0m [1mmodule.mongodb[0m is a list of object
[31m│[0m [0m[0m
[31m│[0m [0mCan't access attributes on a list of objects. Did you mean to access
[31m│[0m [0mattribute "id" for a specific element of the list, or across all elements
[31m│[0m [0mof the list?
[31m╵[0m[0m
[31m╷[0m[0m
[31m│[0m [0m[1m[31mError: [0m[0m[1mUnsupported attribute[0m
[31m│[0m [0m
[31m│[0m [0m[0m  on outputs.tf line 12, in output "version":
[31m│[0m [0m  12:   value       = module.mongodb[4m.version[0m[0m
[31m│[0m [0m    [90m├────────────────[0m
[31m│[0m [0m[0m    [90m│[0m [1mmodule.mongodb[0m is a list of object
[31m│[0m [0m[0m
[31m│[0m [0mCan't access attributes on a list of objects. Did you mean to access
[31m│[0m [0mattribute "version" for a specific element of the list, or across all
[31m│[0m [0melements of the list?
[31m╵[0m[0m
[31m╷[0m[0m
[31m│[0m [0m[1m[31mError: [0m[0m[1mUnsupported attribute[0m
[31m│[0m [0m
[31m│[0m [0m[0m  on outputs.tf line 17, in output "guid":
[31m│[0m [0m  17:   value       = module.mongodb[4m.guid[0m[0m
[31m│[0m [0m    [90m├────────────────[0m
[31m│[0m [0m[0m    [90m│[0m [1mmodule.mongodb[0m is a list of object
[31m│[0m [0m[0m
[31m│[0m [0mCan't access attributes on a list of objects. Did you mean to access
[31m│[0m [0mattribute "guid" for a specific element of the list, or across all elements
[31m│[0m [0mof the list?
[31m╵[0m[0m
[31m╷[0m[0m
[31m│[0m [0m[1m[31mError: [0m[0m[1mUnsupported attribute[0m
[31m│[0m [0m
[31m│[0m [0m[0m  on outputs.tf line 22, in output "crn":
[31m│[0m [0m  22:   value       = module.mongodb[4m.crn[0m[0m
[31m│[0m [0m    [90m├────────────────[0m
[31m│[0m [0m[0m    [90m│[0m [1mmodule.mongodb[0m is a list of object
[31m│[0m [0m[0m
[31m│[0m [0mCan't access attributes on a list of objects. Did you mean to access
[31m│[0m [0mattribute "crn" for a specific element of the list, or across all elements
[31m│[0m [0mof the list?
[31m╵[0m[0m
[31m╷[0m[0m
[31m│[0m [0m[1m[31mError: [0m[0m[1mUnsupported attribute[0m
[31m│[0m [0m
[31m│[0m [0m[0m  on outputs.tf line 27, in output "cbr_rule_ids":
[31m│[0m [0m  27:   value       = module.mongodb[4m.cbr_rule_ids[0m[0m
[31m│[0m [0m    [90m├────────────────[0m
[31m│[0m [0m[0m    [90m│[0m [1mmodule.mongodb[0m is a list of object
[31m│[0m [0m[0m
[31m│[0m [0mCan't access attributes on a list of objects. Did you mean to access
[31m│[0m [0mattribute "cbr_rule_ids" for a specific element of the list, or across all
[31m│[0m [0melements of the list?
[31m╵[0m[0m
[31m╷[0m[0m
[31m│[0m [0m[1m[31mError: [0m[0m[1mUnsupported attribute[0m
[31m│[0m [0m
[31m│[0m [0m[0m  on outputs.tf line 32, in output "service_credentials_json":
[31m│[0m [0m  32:   value       = module.mongodb[4m.service_credentials_json[0m[0m
[31m│[0m [0m    [90m├────────────────[0m
[31m│[0m [0m[0m    [90m│[0m [1mmodule.mongodb[0m is a list of object
[31m│[0m [0m[0m
[31m│[0m [0mCan't access attributes on a list of objects. Did you mean to access
[31m│[0m [0mattribute "service_credentials_json" for a specific element of the list, or
[31m│[0m [0macross all elements of the list?
[31m╵[0m[0m
[31m╷[0m[0m
[31m│[0m [0m[1m[31mError: [0m[0m[1mUnsupported attribute[0m
[31m│[0m [0m
[31m│[0m [0m[0m  on outputs.tf line 38, in output "service_credentials_object":
[31m│[0m [0m  38:   value       = module.mongodb[4m.service_credentials_object[0m[0m
[31m│[0m [0m    [90m├────────────────[0m
[31m│[0m [0m[0m    [90m│[0m [1mmodule.mongodb[0m is a list of object
[31m│[0m [0m[0m
[31m│[0m [0mCan't access attributes on a list of objects. Did you mean to access
[31m│[0m [0mattribute "service_credentials_object" for a specific element of the list,
[31m│[0m [0mor across all elements of the list?
[31m╵[0m[0m
[31m╷[0m[0m
[31m│[0m [0m[1m[31mError: [0m[0m[1mUnsupported attribute[0m
[31m│[0m [0m
[31m│[0m [0m[0m  on outputs.tf line 44, in output "adminuser":
[31m│[0m [0m  44:   value       = module.mongodb[4m.adminuser[0m[0m
[31m│[0m [0m    [90m├────────────────[0m
[31m│[0m [0m[0m    [90m│[0m [1mmodule.mongodb[0m is a list of object
[31m│[0m [0m[0m
[31m│[0m [0mCan't access attributes on a list of objects. Did you mean to access
[31m│[0m [0mattribute "adminuser" for a specific element of the list, or across all
[31m│[0m [0melements of the list?
[31m╵[0m[0m
[31m╷[0m[0m
[31m│[0m [0m[1m[31mError: [0m[0m[1mReference to undeclared input variable[0m
[31m│[0m [0m
[31m│[0m [0m[0m  on ../../main.tf line 386, in data "ibm_database_connection" "database_connection":
[31m│[0m [0m 386:   endpoint_type = [4mvar.endpoints[0m == "public-and-private" ? "public" : var.endpoints[0m
[31m│[0m [0m
[31m│[0m [0mAn input variable with the name "endpoints" has not been declared. This
[31m│[0m [0mvariable can be declared with a variable "endpoints" {} block.
[31m╵[0m[0m
[31m╷[0m[0m
[31m│[0m [0m[1m[31mError: [0m[0m[1mReference to undeclared input variable[0m
[31m│[0m [0m
[31m│[0m [0m[0m  on ../../main.tf line 386, in data "ibm_database_connection" "database_connection":
[31m│[0m [0m 386:   endpoint_type = var.endpoints == "public-and-private" ? "public" : [4mvar.endpoints[0m[0m
[31m│[0m [0m
[31m│[0m [0mAn input variable with the name "endpoints" has not been declared. This
[31m│[0m [0mvariable can be declared with a variable "endpoints" {} block.
[31m╵[0m[0m}
=== NAME  TestRunStandardUpgradeSolution
    tests.go:635: 
        	Error Trace:	/Users/aatreyeemukherjee/go/pkg/mod/github.com/terraform-ibm-modules/ibmcloud-terratest-wrapper@v1.46.1/testhelper/tests.go:635
        	            				/Users/aatreyeemukherjee/go/pkg/mod/github.com/terraform-ibm-modules/ibmcloud-terratest-wrapper@v1.46.1/testhelper/tests.go:528
        	            				/Users/aatreyeemukherjee/Work/terraform-ibm-icd-mongodb/tests/pr_test.go:136
        	Error:      	Expected nil, but got: retry.FatalError{Underlying:(*shell.ErrWithCmdOutput)(0x140017120d8)}
        	Test:       	TestRunStandardUpgradeSolution
        	Messages:   	Failed to create plan: %!(EXTRA retry.FatalError=FatalError{Underlying: error while running command: exit status 1; [31m╷[0m[0m
        	            	[31m│[0m [0m[1m[31mError: [0m[0m[1mReference to undeclared local value[0m
        	            	[31m│[0m [0m
        	            	[31m│[0m [0m[0m  on main.tf line 268, in data "ibm_resource_instance" "existing_instance_resource":
        	            	[31m│[0m [0m 268:   identifier = [4mlocal.existing_redis_guid[0m[0m
        	            	[31m│[0m [0m
        	            	[31m│[0m [0mA local value with the name "existing_redis_guid" has not been declared.
        	            	[31m╵[0m[0m
        	            	[31m╷[0m[0m
        	            	[31m│[0m [0m[1m[31mError: [0m[0m[1mUnsupported attribute[0m
        	            	[31m│[0m [0m
        	            	[31m│[0m [0m[0m  on main.tf line 360, in resource "ibm_iam_authorization_policy" "secrets_manager_key_manager":
        	            	[31m│[0m [0m 360:   target_resource_instance_id = module.mongodb[4m.guid[0m[0m
        	            	[31m│[0m [0m    [90m├────────────────[0m
        	            	[31m│[0m [0m[0m    [90m│[0m [1mmodule.mongodb[0m is a list of object
        	            	[31m│[0m [0m[0m
        	            	[31m│[0m [0mCan't access attributes on a list of objects. Did you mean to access
        	            	[31m│[0m [0mattribute "guid" for a specific element of the list, or across all elements
        	            	[31m│[0m [0mof the list?
        	            	[31m╵[0m[0m
        	            	[31m╷[0m[0m
        	            	[31m│[0m [0m[1m[31mError: [0m[0m[1mUnsupported attribute[0m
        	            	[31m│[0m [0m
        	            	[31m│[0m [0m[0m  on outputs.tf line 7, in output "id":
        	            	[31m│[0m [0m   7:   value       = module.mongodb[4m.id[0m[0m
        	            	[31m│[0m [0m    [90m├────────────────[0m
        	            	[31m│[0m [0m[0m    [90m│[0m [1mmodule.mongodb[0m is a list of object
        	            	[31m│[0m [0m[0m
        	            	[31m│[0m [0mCan't access attributes on a list of objects. Did you mean to access
        	            	[31m│[0m [0mattribute "id" for a specific element of the list, or across all elements
        	            	[31m│[0m [0mof the list?
        	            	[31m╵[0m[0m
        	            	[31m╷[0m[0m
        	            	[31m│[0m [0m[1m[31mError: [0m[0m[1mUnsupported attribute[0m
        	            	[31m│[0m [0m
        	            	[31m│[0m [0m[0m  on outputs.tf line 12, in output "version":
        	            	[31m│[0m [0m  12:   value       = module.mongodb[4m.version[0m[0m
        	            	[31m│[0m [0m    [90m├────────────────[0m
        	            	[31m│[0m [0m[0m    [90m│[0m [1mmodule.mongodb[0m is a list of object
        	            	[31m│[0m [0m[0m
        	            	[31m│[0m [0mCan't access attributes on a list of objects. Did you mean to access
        	            	[31m│[0m [0mattribute "version" for a specific element of the list, or across all
        	            	[31m│[0m [0melements of the list?
        	            	[31m╵[0m[0m
        	            	[31m╷[0m[0m
        	            	[31m│[0m [0m[1m[31mError: [0m[0m[1mUnsupported attribute[0m
        	            	[31m│[0m [0m
        	            	[31m│[0m [0m[0m  on outputs.tf line 17, in output "guid":
        	            	[31m│[0m [0m  17:   value       = module.mongodb[4m.guid[0m[0m
        	            	[31m│[0m [0m    [90m├────────────────[0m
        	            	[31m│[0m [0m[0m    [90m│[0m [1mmodule.mongodb[0m is a list of object
        	            	[31m│[0m [0m[0m
        	            	[31m│[0m [0mCan't access attributes on a list of objects. Did you mean to access
        	            	[31m│[0m [0mattribute "guid" for a specific element of the list, or across all elements
        	            	[31m│[0m [0mof the list?
        	            	[31m╵[0m[0m
        	            	[31m╷[0m[0m
        	            	[31m│[0m [0m[1m[31mError: [0m[0m[1mUnsupported attribute[0m
        	            	[31m│[0m [0m
        	            	[31m│[0m [0m[0m  on outputs.tf line 22, in output "crn":
        	            	[31m│[0m [0m  22:   value       = module.mongodb[4m.crn[0m[0m
        	            	[31m│[0m [0m    [90m├────────────────[0m
        	            	[31m│[0m [0m[0m    [90m│[0m [1mmodule.mongodb[0m is a list of object
        	            	[31m│[0m [0m[0m
        	            	[31m│[0m [0mCan't access attributes on a list of objects. Did you mean to access
        	            	[31m│[0m [0mattribute "crn" for a specific element of the list, or across all elements
        	            	[31m│[0m [0mof the list?
        	            	[31m╵[0m[0m
        	            	[31m╷[0m[0m
        	            	[31m│[0m [0m[1m[31mError: [0m[0m[1mUnsupported attribute[0m
        	            	[31m│[0m [0m
        	            	[31m│[0m [0m[0m  on outputs.tf line 27, in output "cbr_rule_ids":
        	            	[31m│[0m [0m  27:   value       = module.mongodb[4m.cbr_rule_ids[0m[0m
        	            	[31m│[0m [0m    [90m├────────────────[0m
        	            	[31m│[0m [0m[0m    [90m│[0m [1mmodule.mongodb[0m is a list of object
        	            	[31m│[0m [0m[0m
        	            	[31m│[0m [0mCan't access attributes on a list of objects. Did you mean to access
        	            	[31m│[0m [0mattribute "cbr_rule_ids" for a specific element of the list, or across all
        	            	[31m│[0m [0melements of the list?
        	            	[31m╵[0m[0m
        	            	[31m╷[0m[0m
        	            	[31m│[0m [0m[1m[31mError: [0m[0m[1mUnsupported attribute[0m
        	            	[31m│[0m [0m
        	            	[31m│[0m [0m[0m  on outputs.tf line 32, in output "service_credentials_json":
        	            	[31m│[0m [0m  32:   value       = module.mongodb[4m.service_credentials_json[0m[0m
        	            	[31m│[0m [0m    [90m├────────────────[0m
        	            	[31m│[0m [0m[0m    [90m│[0m [1mmodule.mongodb[0m is a list of object
        	            	[31m│[0m [0m[0m
        	            	[31m│[0m [0mCan't access attributes on a list of objects. Did you mean to access
        	            	[31m│[0m [0mattribute "service_credentials_json" for a specific element of the list, or
        	            	[31m│[0m [0macross all elements of the list?
        	            	[31m╵[0m[0m
        	            	[31m╷[0m[0m
        	            	[31m│[0m [0m[1m[31mError: [0m[0m[1mUnsupported attribute[0m
        	            	[31m│[0m [0m
        	            	[31m│[0m [0m[0m  on outputs.tf line 38, in output "service_credentials_object":
        	            	[31m│[0m [0m  38:   value       = module.mongodb[4m.service_credentials_object[0m[0m
        	            	[31m│[0m [0m    [90m├────────────────[0m
        	            	[31m│[0m [0m[0m    [90m│[0m [1mmodule.mongodb[0m is a list of object
        	            	[31m│[0m [0m[0m
        	            	[31m│[0m [0mCan't access attributes on a list of objects. Did you mean to access
        	            	[31m│[0m [0mattribute "service_credentials_object" for a specific element of the list,
        	            	[31m│[0m [0mor across all elements of the list?
        	            	[31m╵[0m[0m
        	            	[31m╷[0m[0m
        	            	[31m│[0m [0m[1m[31mError: [0m[0m[1mUnsupported attribute[0m
        	            	[31m│[0m [0m
        	            	[31m│[0m [0m[0m  on outputs.tf line 44, in output "adminuser":
        	            	[31m│[0m [0m  44:   value       = module.mongodb[4m.adminuser[0m[0m
        	            	[31m│[0m [0m    [90m├────────────────[0m
        	            	[31m│[0m [0m[0m    [90m│[0m [1mmodule.mongodb[0m is a list of object
        	            	[31m│[0m [0m[0m
        	            	[31m│[0m [0mCan't access attributes on a list of objects. Did you mean to access
        	            	[31m│[0m [0mattribute "adminuser" for a specific element of the list, or across all
        	            	[31m│[0m [0melements of the list?
        	            	[31m╵[0m[0m
        	            	[31m╷[0m[0m
        	            	[31m│[0m [0m[1m[31mError: [0m[0m[1mReference to undeclared input variable[0m
        	            	[31m│[0m [0m
        	            	[31m│[0m [0m[0m  on ../../main.tf line 386, in data "ibm_database_connection" "database_connection":
        	            	[31m│[0m [0m 386:   endpoint_type = [4mvar.endpoints[0m == "public-and-private" ? "public" : var.endpoints[0m
        	            	[31m│[0m [0m
        	            	[31m│[0m [0mAn input variable with the name "endpoints" has not been declared. This
        	            	[31m│[0m [0mvariable can be declared with a variable "endpoints" {} block.
        	            	[31m╵[0m[0m
        	            	[31m╷[0m[0m
        	            	[31m│[0m [0m[1m[31mError: [0m[0m[1mReference to undeclared input variable[0m
        	            	[31m│[0m [0m
        	            	[31m│[0m [0m[0m  on ../../main.tf line 386, in data "ibm_database_connection" "database_connection":
        	            	[31m│[0m [0m 386:   endpoint_type = var.endpoints == "public-and-private" ? "public" : [4mvar.endpoints[0m[0m
        	            	[31m│[0m [0m
        	            	[31m│[0m [0mAn input variable with the name "endpoints" has not been declared. This
        	            	[31m│[0m [0mvariable can be declared with a variable "endpoints" {} block.
        	            	[31m╵[0m[0m})
TestRunStandardUpgradeSolution 2025-02-23T18:45:26+05:30 tests.go:636: FINISHED: Init / Plan / Show w/Struct
TestRunStandardUpgradeSolution 2025-02-23T18:45:26+05:30 tests.go:531: Error during Terraform Plan on PR branch: FatalError{Underlying: error while running command: exit status 1; [31m╷[0m[0m
[31m│[0m [0m[1m[31mError: [0m[0m[1mReference to undeclared local value[0m
[31m│[0m [0m
[31m│[0m [0m[0m  on main.tf line 268, in data "ibm_resource_instance" "existing_instance_resource":
[31m│[0m [0m 268:   identifier = [4mlocal.existing_redis_guid[0m[0m
[31m│[0m [0m
[31m│[0m [0mA local value with the name "existing_redis_guid" has not been declared.
[31m╵[0m[0m
[31m╷[0m[0m
[31m│[0m [0m[1m[31mError: [0m[0m[1mUnsupported attribute[0m
[31m│[0m [0m
[31m│[0m [0m[0m  on main.tf line 360, in resource "ibm_iam_authorization_policy" "secrets_manager_key_manager":
[31m│[0m [0m 360:   target_resource_instance_id = module.mongodb[4m.guid[0m[0m
[31m│[0m [0m    [90m├────────────────[0m
[31m│[0m [0m[0m    [90m│[0m [1mmodule.mongodb[0m is a list of object
[31m│[0m [0m[0m
[31m│[0m [0mCan't access attributes on a list of objects. Did you mean to access
[31m│[0m [0mattribute "guid" for a specific element of the list, or across all elements
[31m│[0m [0mof the list?
[31m╵[0m[0m
[31m╷[0m[0m
[31m│[0m [0m[1m[31mError: [0m[0m[1mUnsupported attribute[0m
[31m│[0m [0m
[31m│[0m [0m[0m  on outputs.tf line 7, in output "id":
[31m│[0m [0m   7:   value       = module.mongodb[4m.id[0m[0m
[31m│[0m [0m    [90m├────────────────[0m
[31m│[0m [0m[0m    [90m│[0m [1mmodule.mongodb[0m is a list of object
[31m│[0m [0m[0m
[31m│[0m [0mCan't access attributes on a list of objects. Did you mean to access
[31m│[0m [0mattribute "id" for a specific element of the list, or across all elements
[31m│[0m [0mof the list?
[31m╵[0m[0m
[31m╷[0m[0m
[31m│[0m [0m[1m[31mError: [0m[0m[1mUnsupported attribute[0m
[31m│[0m [0m
[31m│[0m [0m[0m  on outputs.tf line 12, in output "version":
[31m│[0m [0m  12:   value       = module.mongodb[4m.version[0m[0m
[31m│[0m [0m    [90m├────────────────[0m
[31m│[0m [0m[0m    [90m│[0m [1mmodule.mongodb[0m is a list of object
[31m│[0m [0m[0m
[31m│[0m [0mCan't access attributes on a list of objects. Did you mean to access
[31m│[0m [0mattribute "version" for a specific element of the list, or across all
[31m│[0m [0melements of the list?
[31m╵[0m[0m
[31m╷[0m[0m
[31m│[0m [0m[1m[31mError: [0m[0m[1mUnsupported attribute[0m
[31m│[0m [0m
[31m│[0m [0m[0m  on outputs.tf line 17, in output "guid":
[31m│[0m [0m  17:   value       = module.mongodb[4m.guid[0m[0m
[31m│[0m [0m    [90m├────────────────[0m
[31m│[0m [0m[0m    [90m│[0m [1mmodule.mongodb[0m is a list of object
[31m│[0m [0m[0m
[31m│[0m [0mCan't access attributes on a list of objects. Did you mean to access
[31m│[0m [0mattribute "guid" for a specific element of the list, or across all elements
[31m│[0m [0mof the list?
[31m╵[0m[0m
[31m╷[0m[0m
[31m│[0m [0m[1m[31mError: [0m[0m[1mUnsupported attribute[0m
[31m│[0m [0m
[31m│[0m [0m[0m  on outputs.tf line 22, in output "crn":
[31m│[0m [0m  22:   value       = module.mongodb[4m.crn[0m[0m
[31m│[0m [0m    [90m├────────────────[0m
[31m│[0m [0m[0m    [90m│[0m [1mmodule.mongodb[0m is a list of object
[31m│[0m [0m[0m
[31m│[0m [0mCan't access attributes on a list of objects. Did you mean to access
[31m│[0m [0mattribute "crn" for a specific element of the list, or across all elements
[31m│[0m [0mof the list?
[31m╵[0m[0m
[31m╷[0m[0m
[31m│[0m [0m[1m[31mError: [0m[0m[1mUnsupported attribute[0m
[31m│[0m [0m
[31m│[0m [0m[0m  on outputs.tf line 27, in output "cbr_rule_ids":
[31m│[0m [0m  27:   value       = module.mongodb[4m.cbr_rule_ids[0m[0m
[31m│[0m [0m    [90m├────────────────[0m
[31m│[0m [0m[0m    [90m│[0m [1mmodule.mongodb[0m is a list of object
[31m│[0m [0m[0m
[31m│[0m [0mCan't access attributes on a list of objects. Did you mean to access
[31m│[0m [0mattribute "cbr_rule_ids" for a specific element of the list, or across all
[31m│[0m [0melements of the list?
[31m╵[0m[0m
[31m╷[0m[0m
[31m│[0m [0m[1m[31mError: [0m[0m[1mUnsupported attribute[0m
[31m│[0m [0m
[31m│[0m [0m[0m  on outputs.tf line 32, in output "service_credentials_json":
[31m│[0m [0m  32:   value       = module.mongodb[4m.service_credentials_json[0m[0m
[31m│[0m [0m    [90m├────────────────[0m
[31m│[0m [0m[0m    [90m│[0m [1mmodule.mongodb[0m is a list of object
[31m│[0m [0m[0m
[31m│[0m [0mCan't access attributes on a list of objects. Did you mean to access
[31m│[0m [0mattribute "service_credentials_json" for a specific element of the list, or
[31m│[0m [0macross all elements of the list?
[31m╵[0m[0m
[31m╷[0m[0m
[31m│[0m [0m[1m[31mError: [0m[0m[1mUnsupported attribute[0m
[31m│[0m [0m
[31m│[0m [0m[0m  on outputs.tf line 38, in output "service_credentials_object":
[31m│[0m [0m  38:   value       = module.mongodb[4m.service_credentials_object[0m[0m
[31m│[0m [0m    [90m├────────────────[0m
[31m│[0m [0m[0m    [90m│[0m [1mmodule.mongodb[0m is a list of object
[31m│[0m [0m[0m
[31m│[0m [0mCan't access attributes on a list of objects. Did you mean to access
[31m│[0m [0mattribute "service_credentials_object" for a specific element of the list,
[31m│[0m [0mor across all elements of the list?
[31m╵[0m[0m
[31m╷[0m[0m
[31m│[0m [0m[1m[31mError: [0m[0m[1mUnsupported attribute[0m
[31m│[0m [0m
[31m│[0m [0m[0m  on outputs.tf line 44, in output "adminuser":
[31m│[0m [0m  44:   value       = module.mongodb[4m.adminuser[0m[0m
[31m│[0m [0m    [90m├────────────────[0m
[31m│[0m [0m[0m    [90m│[0m [1mmodule.mongodb[0m is a list of object
[31m│[0m [0m[0m
[31m│[0m [0mCan't access attributes on a list of objects. Did you mean to access
[31m│[0m [0mattribute "adminuser" for a specific element of the list, or across all
[31m│[0m [0melements of the list?
[31m╵[0m[0m
[31m╷[0m[0m
[31m│[0m [0m[1m[31mError: [0m[0m[1mReference to undeclared input variable[0m
[31m│[0m [0m
[31m│[0m [0m[0m  on ../../main.tf line 386, in data "ibm_database_connection" "database_connection":
[31m│[0m [0m 386:   endpoint_type = [4mvar.endpoints[0m == "public-and-private" ? "public" : var.endpoints[0m
[31m│[0m [0m
[31m│[0m [0mAn input variable with the name "endpoints" has not been declared. This
[31m│[0m [0mvariable can be declared with a variable "endpoints" {} block.
[31m╵[0m[0m
[31m╷[0m[0m
[31m│[0m [0m[1m[31mError: [0m[0m[1mReference to undeclared input variable[0m
[31m│[0m [0m
[31m│[0m [0m[0m  on ../../main.tf line 386, in data "ibm_database_connection" "database_connection":
[31m│[0m [0m 386:   endpoint_type = var.endpoints == "public-and-private" ? "public" : [4mvar.endpoints[0m[0m
[31m│[0m [0m
[31m│[0m [0mAn input variable with the name "endpoints" has not been declared. This
[31m│[0m [0mvariable can be declared with a variable "endpoints" {} block.
[31m╵[0m[0m}
    tests.go:532: 
        	Error Trace:	/Users/aatreyeemukherjee/go/pkg/mod/github.com/terraform-ibm-modules/ibmcloud-terratest-wrapper@v1.46.1/testhelper/tests.go:532
        	            				/Users/aatreyeemukherjee/Work/terraform-ibm-icd-mongodb/tests/pr_test.go:136
        	Error:      	Expected nil, but got: retry.FatalError{Underlying:(*shell.ErrWithCmdOutput)(0x140017120d8)}
        	Test:       	TestRunStandardUpgradeSolution
        	Messages:   	Terraform Plan on PR branch has failed
TestRunStandardUpgradeSolution 2025-02-23T18:45:26+05:30 retry.go:91: terraform [output -no-color -json]
TestRunStandardUpgradeSolution 2025-02-23T18:45:26+05:30 tests.go:196: START: Destroy
TestRunStandardUpgradeSolution 2025-02-23T18:45:26+05:30 retry.go:91: terraform [destroy -auto-approve -input=false -var resource_group_name=mongodb-st-da-upg-wqj45p -var access_tags=["geretain-dev:permanent-test-tag-1", "geretain-dev-1:permanent-test-tag-4"] -var existing_kms_instance_crn=crn:v1:bluemix:public:hs-crypto:us-south:a/abac0df06b644a9cabc6e44f55b3880e:e6dce284-e80f-46e1-a3c1-830f7adff7a9:: -var kms_endpoint_type=public -var provider_visibility=public -lock=false]
TestRunStandardUpgradeSolution 2025-02-23T18:45:26+05:30 command.go:121: Running command terraform with args [destroy -auto-approve -input=false -var resource_group_name=mongodb-st-da-upg-wqj45p -var access_tags=["geretain-dev:permanent-test-tag-1", "geretain-dev-1:permanent-test-tag-4"] -var existing_kms_instance_crn=crn:v1:bluemix:public:hs-crypto:us-south:a/abac0df06b644a9cabc6e44f55b3880e:e6dce284-e80f-46e1-a3c1-830f7adff7a9:: -var kms_endpoint_type=public -var provider_visibility=public -lock=false]
TestRunStandardUpgradeSolution 2025-02-23T18:45:27+05:30 command.go:206: [31m╷[0m[0m
TestRunStandardUpgradeSolution 2025-02-23T18:45:27+05:30 command.go:206: [31m│[0m [0m[1m[31mError: [0m[0m[1mReference to undeclared local value[0m
TestRunStandardUpgradeSolution 2025-02-23T18:45:27+05:30 command.go:206: [31m│[0m [0m
TestRunStandardUpgradeSolution 2025-02-23T18:45:27+05:30 command.go:206: [31m│[0m [0m[0m  on main.tf line 268, in data "ibm_resource_instance" "existing_instance_resource":
TestRunStandardUpgradeSolution 2025-02-23T18:45:27+05:30 command.go:206: [31m│[0m [0m 268:   identifier = [4mlocal.existing_redis_guid[0m[0m
TestRunStandardUpgradeSolution 2025-02-23T18:45:27+05:30 command.go:206: [31m│[0m [0m
TestRunStandardUpgradeSolution 2025-02-23T18:45:27+05:30 command.go:206: [31m│[0m [0mA local value with the name "existing_redis_guid" has not been declared.
TestRunStandardUpgradeSolution 2025-02-23T18:45:27+05:30 command.go:206: [31m╵[0m[0m
TestRunStandardUpgradeSolution 2025-02-23T18:45:27+05:30 command.go:206: [31m╷[0m[0m
TestRunStandardUpgradeSolution 2025-02-23T18:45:27+05:30 command.go:206: [31m│[0m [0m[1m[31mError: [0m[0m[1mUnsupported attribute[0m
TestRunStandardUpgradeSolution 2025-02-23T18:45:27+05:30 command.go:206: [31m│[0m [0m
TestRunStandardUpgradeSolution 2025-02-23T18:45:27+05:30 command.go:206: [31m│[0m [0m[0m  on main.tf line 360, in resource "ibm_iam_authorization_policy" "secrets_manager_key_manager":
TestRunStandardUpgradeSolution 2025-02-23T18:45:27+05:30 command.go:206: [31m│[0m [0m 360:   target_resource_instance_id = module.mongodb[4m.guid[0m[0m
TestRunStandardUpgradeSolution 2025-02-23T18:45:27+05:30 command.go:206: [31m│[0m [0m    [90m├────────────────[0m
TestRunStandardUpgradeSolution 2025-02-23T18:45:27+05:30 command.go:206: [31m│[0m [0m[0m    [90m│[0m [1mmodule.mongodb[0m is a list of object
TestRunStandardUpgradeSolution 2025-02-23T18:45:27+05:30 command.go:206: [31m│[0m [0m[0m
TestRunStandardUpgradeSolution 2025-02-23T18:45:27+05:30 command.go:206: [31m│[0m [0mCan't access attributes on a list of objects. Did you mean to access
TestRunStandardUpgradeSolution 2025-02-23T18:45:27+05:30 command.go:206: [31m│[0m [0mattribute "guid" for a specific element of the list, or across all elements
TestRunStandardUpgradeSolution 2025-02-23T18:45:27+05:30 command.go:206: [31m│[0m [0mof the list?
TestRunStandardUpgradeSolution 2025-02-23T18:45:27+05:30 command.go:206: [31m╵[0m[0m
TestRunStandardUpgradeSolution 2025-02-23T18:45:27+05:30 command.go:206: [31m╷[0m[0m
TestRunStandardUpgradeSolution 2025-02-23T18:45:27+05:30 command.go:206: [31m│[0m [0m[1m[31mError: [0m[0m[1mUnsupported attribute[0m
TestRunStandardUpgradeSolution 2025-02-23T18:45:27+05:30 command.go:206: [31m│[0m [0m
TestRunStandardUpgradeSolution 2025-02-23T18:45:27+05:30 command.go:206: [31m│[0m [0m[0m  on outputs.tf line 7, in output "id":
TestRunStandardUpgradeSolution 2025-02-23T18:45:27+05:30 command.go:206: [31m│[0m [0m   7:   value       = module.mongodb[4m.id[0m[0m
TestRunStandardUpgradeSolution 2025-02-23T18:45:27+05:30 command.go:206: [31m│[0m [0m    [90m├────────────────[0m
TestRunStandardUpgradeSolution 2025-02-23T18:45:27+05:30 command.go:206: [31m│[0m [0m[0m    [90m│[0m [1mmodule.mongodb[0m is a list of object
TestRunStandardUpgradeSolution 2025-02-23T18:45:27+05:30 command.go:206: [31m│[0m [0m[0m
TestRunStandardUpgradeSolution 2025-02-23T18:45:27+05:30 command.go:206: [31m│[0m [0mCan't access attributes on a list of objects. Did you mean to access
TestRunStandardUpgradeSolution 2025-02-23T18:45:27+05:30 command.go:206: [31m│[0m [0mattribute "id" for a specific element of the list, or across all elements
TestRunStandardUpgradeSolution 2025-02-23T18:45:27+05:30 command.go:206: [31m│[0m [0mof the list?
TestRunStandardUpgradeSolution 2025-02-23T18:45:27+05:30 command.go:206: [31m╵[0m[0m
TestRunStandardUpgradeSolution 2025-02-23T18:45:27+05:30 command.go:206: [31m╷[0m[0m
TestRunStandardUpgradeSolution 2025-02-23T18:45:27+05:30 command.go:206: [31m│[0m [0m[1m[31mError: [0m[0m[1mUnsupported attribute[0m
TestRunStandardUpgradeSolution 2025-02-23T18:45:27+05:30 command.go:206: [31m│[0m [0m
TestRunStandardUpgradeSolution 2025-02-23T18:45:27+05:30 command.go:206: [31m│[0m [0m[0m  on outputs.tf line 12, in output "version":
TestRunStandardUpgradeSolution 2025-02-23T18:45:27+05:30 command.go:206: [31m│[0m [0m  12:   value       = module.mongodb[4m.version[0m[0m
TestRunStandardUpgradeSolution 2025-02-23T18:45:27+05:30 command.go:206: [31m│[0m [0m    [90m├────────────────[0m
TestRunStandardUpgradeSolution 2025-02-23T18:45:27+05:30 command.go:206: [31m│[0m [0m[0m    [90m│[0m [1mmodule.mongodb[0m is a list of object
TestRunStandardUpgradeSolution 2025-02-23T18:45:27+05:30 command.go:206: [31m│[0m [0m[0m
TestRunStandardUpgradeSolution 2025-02-23T18:45:27+05:30 command.go:206: [31m│[0m [0mCan't access attributes on a list of objects. Did you mean to access
TestRunStandardUpgradeSolution 2025-02-23T18:45:27+05:30 command.go:206: [31m│[0m [0mattribute "version" for a specific element of the list, or across all
TestRunStandardUpgradeSolution 2025-02-23T18:45:27+05:30 command.go:206: [31m│[0m [0melements of the list?
TestRunStandardUpgradeSolution 2025-02-23T18:45:27+05:30 command.go:206: [31m╵[0m[0m
TestRunStandardUpgradeSolution 2025-02-23T18:45:27+05:30 command.go:206: [31m╷[0m[0m
TestRunStandardUpgradeSolution 2025-02-23T18:45:27+05:30 command.go:206: [31m│[0m [0m[1m[31mError: [0m[0m[1mUnsupported attribute[0m
TestRunStandardUpgradeSolution 2025-02-23T18:45:27+05:30 command.go:206: [31m│[0m [0m
TestRunStandardUpgradeSolution 2025-02-23T18:45:27+05:30 command.go:206: [31m│[0m [0m[0m  on outputs.tf line 17, in output "guid":
TestRunStandardUpgradeSolution 2025-02-23T18:45:27+05:30 command.go:206: [31m│[0m [0m  17:   value       = module.mongodb[4m.guid[0m[0m
TestRunStandardUpgradeSolution 2025-02-23T18:45:27+05:30 command.go:206: [31m│[0m [0m    [90m├────────────────[0m
TestRunStandardUpgradeSolution 2025-02-23T18:45:27+05:30 command.go:206: [31m│[0m [0m[0m    [90m│[0m [1mmodule.mongodb[0m is a list of object
TestRunStandardUpgradeSolution 2025-02-23T18:45:27+05:30 command.go:206: [31m│[0m [0m[0m
TestRunStandardUpgradeSolution 2025-02-23T18:45:27+05:30 command.go:206: [31m│[0m [0mCan't access attributes on a list of objects. Did you mean to access
TestRunStandardUpgradeSolution 2025-02-23T18:45:27+05:30 command.go:206: [31m│[0m [0mattribute "guid" for a specific element of the list, or across all elements
TestRunStandardUpgradeSolution 2025-02-23T18:45:27+05:30 command.go:206: [31m│[0m [0mof the list?
TestRunStandardUpgradeSolution 2025-02-23T18:45:27+05:30 command.go:206: [31m╵[0m[0m
TestRunStandardUpgradeSolution 2025-02-23T18:45:27+05:30 command.go:206: [31m╷[0m[0m
TestRunStandardUpgradeSolution 2025-02-23T18:45:27+05:30 command.go:206: [31m│[0m [0m[1m[31mError: [0m[0m[1mUnsupported attribute[0m
TestRunStandardUpgradeSolution 2025-02-23T18:45:27+05:30 command.go:206: [31m│[0m [0m
TestRunStandardUpgradeSolution 2025-02-23T18:45:27+05:30 command.go:206: [31m│[0m [0m[0m  on outputs.tf line 22, in output "crn":
TestRunStandardUpgradeSolution 2025-02-23T18:45:27+05:30 command.go:206: [31m│[0m [0m  22:   value       = module.mongodb[4m.crn[0m[0m
TestRunStandardUpgradeSolution 2025-02-23T18:45:27+05:30 command.go:206: [31m│[0m [0m    [90m├────────────────[0m
TestRunStandardUpgradeSolution 2025-02-23T18:45:27+05:30 command.go:206: [31m│[0m [0m[0m    [90m│[0m [1mmodule.mongodb[0m is a list of object
TestRunStandardUpgradeSolution 2025-02-23T18:45:27+05:30 command.go:206: [31m│[0m [0m[0m
TestRunStandardUpgradeSolution 2025-02-23T18:45:27+05:30 command.go:206: [31m│[0m [0mCan't access attributes on a list of objects. Did you mean to access
TestRunStandardUpgradeSolution 2025-02-23T18:45:27+05:30 command.go:206: [31m│[0m [0mattribute "crn" for a specific element of the list, or across all elements
TestRunStandardUpgradeSolution 2025-02-23T18:45:27+05:30 command.go:206: [31m│[0m [0mof the list?
TestRunStandardUpgradeSolution 2025-02-23T18:45:27+05:30 command.go:206: [31m╵[0m[0m
TestRunStandardUpgradeSolution 2025-02-23T18:45:27+05:30 command.go:206: [31m╷[0m[0m
TestRunStandardUpgradeSolution 2025-02-23T18:45:27+05:30 command.go:206: [31m│[0m [0m[1m[31mError: [0m[0m[1mUnsupported attribute[0m
TestRunStandardUpgradeSolution 2025-02-23T18:45:27+05:30 command.go:206: [31m│[0m [0m
TestRunStandardUpgradeSolution 2025-02-23T18:45:27+05:30 command.go:206: [31m│[0m [0m[0m  on outputs.tf line 27, in output "cbr_rule_ids":
TestRunStandardUpgradeSolution 2025-02-23T18:45:27+05:30 command.go:206: [31m│[0m [0m  27:   value       = module.mongodb[4m.cbr_rule_ids[0m[0m
TestRunStandardUpgradeSolution 2025-02-23T18:45:27+05:30 command.go:206: [31m│[0m [0m    [90m├────────────────[0m
TestRunStandardUpgradeSolution 2025-02-23T18:45:27+05:30 command.go:206: [31m│[0m [0m[0m    [90m│[0m [1mmodule.mongodb[0m is a list of object
TestRunStandardUpgradeSolution 2025-02-23T18:45:27+05:30 command.go:206: [31m│[0m [0m[0m
TestRunStandardUpgradeSolution 2025-02-23T18:45:27+05:30 command.go:206: [31m│[0m [0mCan't access attributes on a list of objects. Did you mean to access
TestRunStandardUpgradeSolution 2025-02-23T18:45:27+05:30 command.go:206: [31m│[0m [0mattribute "cbr_rule_ids" for a specific element of the list, or across all
TestRunStandardUpgradeSolution 2025-02-23T18:45:27+05:30 command.go:206: [31m│[0m [0melements of the list?
TestRunStandardUpgradeSolution 2025-02-23T18:45:27+05:30 command.go:206: [31m╵[0m[0m
TestRunStandardUpgradeSolution 2025-02-23T18:45:27+05:30 command.go:206: [31m╷[0m[0m
TestRunStandardUpgradeSolution 2025-02-23T18:45:27+05:30 command.go:206: [31m│[0m [0m[1m[31mError: [0m[0m[1mUnsupported attribute[0m
TestRunStandardUpgradeSolution 2025-02-23T18:45:27+05:30 command.go:206: [31m│[0m [0m
TestRunStandardUpgradeSolution 2025-02-23T18:45:27+05:30 command.go:206: [31m│[0m [0m[0m  on outputs.tf line 32, in output "service_credentials_json":
TestRunStandardUpgradeSolution 2025-02-23T18:45:27+05:30 command.go:206: [31m│[0m [0m  32:   value       = module.mongodb[4m.service_credentials_json[0m[0m
TestRunStandardUpgradeSolution 2025-02-23T18:45:27+05:30 command.go:206: [31m│[0m [0m    [90m├────────────────[0m
TestRunStandardUpgradeSolution 2025-02-23T18:45:27+05:30 command.go:206: [31m│[0m [0m[0m    [90m│[0m [1mmodule.mongodb[0m is a list of object
TestRunStandardUpgradeSolution 2025-02-23T18:45:27+05:30 command.go:206: [31m│[0m [0m[0m
TestRunStandardUpgradeSolution 2025-02-23T18:45:27+05:30 command.go:206: [31m│[0m [0mCan't access attributes on a list of objects. Did you mean to access
TestRunStandardUpgradeSolution 2025-02-23T18:45:27+05:30 command.go:206: [31m│[0m [0mattribute "service_credentials_json" for a specific element of the list, or
TestRunStandardUpgradeSolution 2025-02-23T18:45:27+05:30 command.go:206: [31m│[0m [0macross all elements of the list?
TestRunStandardUpgradeSolution 2025-02-23T18:45:27+05:30 command.go:206: [31m╵[0m[0m
TestRunStandardUpgradeSolution 2025-02-23T18:45:27+05:30 command.go:206: [31m╷[0m[0m
TestRunStandardUpgradeSolution 2025-02-23T18:45:27+05:30 command.go:206: [31m│[0m [0m[1m[31mError: [0m[0m[1mUnsupported attribute[0m
TestRunStandardUpgradeSolution 2025-02-23T18:45:27+05:30 command.go:206: [31m│[0m [0m
TestRunStandardUpgradeSolution 2025-02-23T18:45:27+05:30 command.go:206: [31m│[0m [0m[0m  on outputs.tf line 38, in output "service_credentials_object":
TestRunStandardUpgradeSolution 2025-02-23T18:45:27+05:30 command.go:206: [31m│[0m [0m  38:   value       = module.mongodb[4m.service_credentials_object[0m[0m
TestRunStandardUpgradeSolution 2025-02-23T18:45:27+05:30 command.go:206: [31m│[0m [0m    [90m├────────────────[0m
TestRunStandardUpgradeSolution 2025-02-23T18:45:27+05:30 command.go:206: [31m│[0m [0m[0m    [90m│[0m [1mmodule.mongodb[0m is a list of object
TestRunStandardUpgradeSolution 2025-02-23T18:45:27+05:30 command.go:206: [31m│[0m [0m[0m
TestRunStandardUpgradeSolution 2025-02-23T18:45:27+05:30 command.go:206: [31m│[0m [0mCan't access attributes on a list of objects. Did you mean to access
TestRunStandardUpgradeSolution 2025-02-23T18:45:27+05:30 command.go:206: [31m│[0m [0mattribute "service_credentials_object" for a specific element of the list,
TestRunStandardUpgradeSolution 2025-02-23T18:45:27+05:30 command.go:206: [31m│[0m [0mor across all elements of the list?
TestRunStandardUpgradeSolution 2025-02-23T18:45:27+05:30 command.go:206: [31m╵[0m[0m
TestRunStandardUpgradeSolution 2025-02-23T18:45:27+05:30 command.go:206: [31m╷[0m[0m
TestRunStandardUpgradeSolution 2025-02-23T18:45:27+05:30 command.go:206: [31m│[0m [0m[1m[31mError: [0m[0m[1mUnsupported attribute[0m
TestRunStandardUpgradeSolution 2025-02-23T18:45:27+05:30 command.go:206: [31m│[0m [0m
TestRunStandardUpgradeSolution 2025-02-23T18:45:27+05:30 command.go:206: [31m│[0m [0m[0m  on outputs.tf line 44, in output "adminuser":
TestRunStandardUpgradeSolution 2025-02-23T18:45:27+05:30 command.go:206: [31m│[0m [0m  44:   value       = module.mongodb[4m.adminuser[0m[0m
TestRunStandardUpgradeSolution 2025-02-23T18:45:27+05:30 command.go:206: [31m│[0m [0m    [90m├────────────────[0m
TestRunStandardUpgradeSolution 2025-02-23T18:45:27+05:30 command.go:206: [31m│[0m [0m[0m    [90m│[0m [1mmodule.mongodb[0m is a list of object
TestRunStandardUpgradeSolution 2025-02-23T18:45:27+05:30 command.go:206: [31m│[0m [0m[0m
TestRunStandardUpgradeSolution 2025-02-23T18:45:27+05:30 command.go:206: [31m│[0m [0mCan't access attributes on a list of objects. Did you mean to access
TestRunStandardUpgradeSolution 2025-02-23T18:45:27+05:30 command.go:206: [31m│[0m [0mattribute "adminuser" for a specific element of the list, or across all
TestRunStandardUpgradeSolution 2025-02-23T18:45:27+05:30 command.go:206: [31m│[0m [0melements of the list?
TestRunStandardUpgradeSolution 2025-02-23T18:45:27+05:30 command.go:206: [31m╵[0m[0m
TestRunStandardUpgradeSolution 2025-02-23T18:45:27+05:30 command.go:206: [31m╷[0m[0m
TestRunStandardUpgradeSolution 2025-02-23T18:45:27+05:30 command.go:206: [31m│[0m [0m[1m[31mError: [0m[0m[1mReference to undeclared input variable[0m
TestRunStandardUpgradeSolution 2025-02-23T18:45:27+05:30 command.go:206: [31m│[0m [0m
TestRunStandardUpgradeSolution 2025-02-23T18:45:27+05:30 command.go:206: [31m│[0m [0m[0m  on ../../main.tf line 386, in data "ibm_database_connection" "database_connection":
TestRunStandardUpgradeSolution 2025-02-23T18:45:27+05:30 command.go:206: [31m│[0m [0m 386:   endpoint_type = [4mvar.endpoints[0m == "public-and-private" ? "public" : var.endpoints[0m
TestRunStandardUpgradeSolution 2025-02-23T18:45:27+05:30 command.go:206: [31m│[0m [0m
TestRunStandardUpgradeSolution 2025-02-23T18:45:27+05:30 command.go:206: [31m│[0m [0mAn input variable with the name "endpoints" has not been declared. This
TestRunStandardUpgradeSolution 2025-02-23T18:45:27+05:30 command.go:206: [31m│[0m [0mvariable can be declared with a variable "endpoints" {} block.
TestRunStandardUpgradeSolution 2025-02-23T18:45:27+05:30 command.go:206: [31m╵[0m[0m
TestRunStandardUpgradeSolution 2025-02-23T18:45:27+05:30 command.go:206: [31m╷[0m[0m
TestRunStandardUpgradeSolution 2025-02-23T18:45:27+05:30 command.go:206: [31m│[0m [0m[1m[31mError: [0m[0m[1mReference to undeclared input variable[0m
TestRunStandardUpgradeSolution 2025-02-23T18:45:27+05:30 command.go:206: [31m│[0m [0m
TestRunStandardUpgradeSolution 2025-02-23T18:45:27+05:30 command.go:206: [31m│[0m [0m[0m  on ../../main.tf line 386, in data "ibm_database_connection" "database_connection":
TestRunStandardUpgradeSolution 2025-02-23T18:45:27+05:30 command.go:206: [31m│[0m [0m 386:   endpoint_type = var.endpoints == "public-and-private" ? "public" : [4mvar.endpoints[0m[0m
TestRunStandardUpgradeSolution 2025-02-23T18:45:27+05:30 command.go:206: [31m│[0m [0m
TestRunStandardUpgradeSolution 2025-02-23T18:45:27+05:30 command.go:206: [31m│[0m [0mAn input variable with the name "endpoints" has not been declared. This
TestRunStandardUpgradeSolution 2025-02-23T18:45:27+05:30 command.go:206: [31m│[0m [0mvariable can be declared with a variable "endpoints" {} block.
TestRunStandardUpgradeSolution 2025-02-23T18:45:27+05:30 command.go:206: [31m╵[0m[0m
TestRunStandardUpgradeSolution 2025-02-23T18:45:27+05:30 retry.go:99: Returning due to fatal error: FatalError{Underlying: error while running command: exit status 1; [31m╷[0m[0m
[31m│[0m [0m[1m[31mError: [0m[0m[1mReference to undeclared local value[0m
[31m│[0m [0m
[31m│[0m [0m[0m  on main.tf line 268, in data "ibm_resource_instance" "existing_instance_resource":
[31m│[0m [0m 268:   identifier = [4mlocal.existing_redis_guid[0m[0m
[31m│[0m [0m
[31m│[0m [0mA local value with the name "existing_redis_guid" has not been declared.
[31m╵[0m[0m
[31m╷[0m[0m
[31m│[0m [0m[1m[31mError: [0m[0m[1mUnsupported attribute[0m
[31m│[0m [0m
[31m│[0m [0m[0m  on main.tf line 360, in resource "ibm_iam_authorization_policy" "secrets_manager_key_manager":
[31m│[0m [0m 360:   target_resource_instance_id = module.mongodb[4m.guid[0m[0m
[31m│[0m [0m    [90m├────────────────[0m
[31m│[0m [0m[0m    [90m│[0m [1mmodule.mongodb[0m is a list of object
[31m│[0m [0m[0m
[31m│[0m [0mCan't access attributes on a list of objects. Did you mean to access
[31m│[0m [0mattribute "guid" for a specific element of the list, or across all elements
[31m│[0m [0mof the list?
[31m╵[0m[0m
[31m╷[0m[0m
[31m│[0m [0m[1m[31mError: [0m[0m[1mUnsupported attribute[0m
[31m│[0m [0m
[31m│[0m [0m[0m  on outputs.tf line 7, in output "id":
[31m│[0m [0m   7:   value       = module.mongodb[4m.id[0m[0m
[31m│[0m [0m    [90m├────────────────[0m
[31m│[0m [0m[0m    [90m│[0m [1mmodule.mongodb[0m is a list of object
[31m│[0m [0m[0m
[31m│[0m [0mCan't access attributes on a list of objects. Did you mean to access
[31m│[0m [0mattribute "id" for a specific element of the list, or across all elements
[31m│[0m [0mof the list?
[31m╵[0m[0m
[31m╷[0m[0m
[31m│[0m [0m[1m[31mError: [0m[0m[1mUnsupported attribute[0m
[31m│[0m [0m
[31m│[0m [0m[0m  on outputs.tf line 12, in output "version":
[31m│[0m [0m  12:   value       = module.mongodb[4m.version[0m[0m
[31m│[0m [0m    [90m├────────────────[0m
[31m│[0m [0m[0m    [90m│[0m [1mmodule.mongodb[0m is a list of object
[31m│[0m [0m[0m
[31m│[0m [0mCan't access attributes on a list of objects. Did you mean to access
[31m│[0m [0mattribute "version" for a specific element of the list, or across all
[31m│[0m [0melements of the list?
[31m╵[0m[0m
[31m╷[0m[0m
[31m│[0m [0m[1m[31mError: [0m[0m[1mUnsupported attribute[0m
[31m│[0m [0m
[31m│[0m [0m[0m  on outputs.tf line 17, in output "guid":
[31m│[0m [0m  17:   value       = module.mongodb[4m.guid[0m[0m
[31m│[0m [0m    [90m├────────────────[0m
[31m│[0m [0m[0m    [90m│[0m [1mmodule.mongodb[0m is a list of object
[31m│[0m [0m[0m
[31m│[0m [0mCan't access attributes on a list of objects. Did you mean to access
[31m│[0m [0mattribute "guid" for a specific element of the list, or across all elements
[31m│[0m [0mof the list?
[31m╵[0m[0m
[31m╷[0m[0m
[31m│[0m [0m[1m[31mError: [0m[0m[1mUnsupported attribute[0m
[31m│[0m [0m
[31m│[0m [0m[0m  on outputs.tf line 22, in output "crn":
[31m│[0m [0m  22:   value       = module.mongodb[4m.crn[0m[0m
[31m│[0m [0m    [90m├────────────────[0m
[31m│[0m [0m[0m    [90m│[0m [1mmodule.mongodb[0m is a list of object
[31m│[0m [0m[0m
[31m│[0m [0mCan't access attributes on a list of objects. Did you mean to access
[31m│[0m [0mattribute "crn" for a specific element of the list, or across all elements
[31m│[0m [0mof the list?
[31m╵[0m[0m
[31m╷[0m[0m
[31m│[0m [0m[1m[31mError: [0m[0m[1mUnsupported attribute[0m
[31m│[0m [0m
[31m│[0m [0m[0m  on outputs.tf line 27, in output "cbr_rule_ids":
[31m│[0m [0m  27:   value       = module.mongodb[4m.cbr_rule_ids[0m[0m
[31m│[0m [0m    [90m├────────────────[0m
[31m│[0m [0m[0m    [90m│[0m [1mmodule.mongodb[0m is a list of object
[31m│[0m [0m[0m
[31m│[0m [0mCan't access attributes on a list of objects. Did you mean to access
[31m│[0m [0mattribute "cbr_rule_ids" for a specific element of the list, or across all
[31m│[0m [0melements of the list?
[31m╵[0m[0m
[31m╷[0m[0m
[31m│[0m [0m[1m[31mError: [0m[0m[1mUnsupported attribute[0m
[31m│[0m [0m
[31m│[0m [0m[0m  on outputs.tf line 32, in output "service_credentials_json":
[31m│[0m [0m  32:   value       = module.mongodb[4m.service_credentials_json[0m[0m
[31m│[0m [0m    [90m├────────────────[0m
[31m│[0m [0m[0m    [90m│[0m [1mmodule.mongodb[0m is a list of object
[31m│[0m [0m[0m
[31m│[0m [0mCan't access attributes on a list of objects. Did you mean to access
[31m│[0m [0mattribute "service_credentials_json" for a specific element of the list, or
[31m│[0m [0macross all elements of the list?
[31m╵[0m[0m
[31m╷[0m[0m
[31m│[0m [0m[1m[31mError: [0m[0m[1mUnsupported attribute[0m
[31m│[0m [0m
[31m│[0m [0m[0m  on outputs.tf line 38, in output "service_credentials_object":
[31m│[0m [0m  38:   value       = module.mongodb[4m.service_credentials_object[0m[0m
[31m│[0m [0m    [90m├────────────────[0m
[31m│[0m [0m[0m    [90m│[0m [1mmodule.mongodb[0m is a list of object
[31m│[0m [0m[0m
[31m│[0m [0mCan't access attributes on a list of objects. Did you mean to access
[31m│[0m [0mattribute "service_credentials_object" for a specific element of the list,
[31m│[0m [0mor across all elements of the list?
[31m╵[0m[0m
[31m╷[0m[0m
[31m│[0m [0m[1m[31mError: [0m[0m[1mUnsupported attribute[0m
[31m│[0m [0m
[31m│[0m [0m[0m  on outputs.tf line 44, in output "adminuser":
[31m│[0m [0m  44:   value       = module.mongodb[4m.adminuser[0m[0m
[31m│[0m [0m    [90m├────────────────[0m
[31m│[0m [0m[0m    [90m│[0m [1mmodule.mongodb[0m is a list of object
[31m│[0m [0m[0m
[31m│[0m [0mCan't access attributes on a list of objects. Did you mean to access
[31m│[0m [0mattribute "adminuser" for a specific element of the list, or across all
[31m│[0m [0melements of the list?
[31m╵[0m[0m
[31m╷[0m[0m
[31m│[0m [0m[1m[31mError: [0m[0m[1mReference to undeclared input variable[0m
[31m│[0m [0m
[31m│[0m [0m[0m  on ../../main.tf line 386, in data "ibm_database_connection" "database_connection":
[31m│[0m [0m 386:   endpoint_type = [4mvar.endpoints[0m == "public-and-private" ? "public" : var.endpoints[0m
[31m│[0m [0m
[31m│[0m [0mAn input variable with the name "endpoints" has not been declared. This
[31m│[0m [0mvariable can be declared with a variable "endpoints" {} block.
[31m╵[0m[0m
[31m╷[0m[0m
[31m│[0m [0m[1m[31mError: [0m[0m[1mReference to undeclared input variable[0m
[31m│[0m [0m
[31m│[0m [0m[0m  on ../../main.tf line 386, in data "ibm_database_connection" "database_connection":
[31m│[0m [0m 386:   endpoint_type = var.endpoints == "public-and-private" ? "public" : [4mvar.endpoints[0m[0m
[31m│[0m [0m
[31m│[0m [0mAn input variable with the name "endpoints" has not been declared. This
[31m│[0m [0mvariable can be declared with a variable "endpoints" {} block.
[31m╵[0m[0m}
    tests.go:198: 
        	Error Trace:	/Users/aatreyeemukherjee/go/pkg/mod/github.com/terraform-ibm-modules/ibmcloud-terratest-wrapper@v1.46.1/testhelper/tests.go:198
        	            				/Users/aatreyeemukherjee/go/pkg/mod/github.com/terraform-ibm-modules/ibmcloud-terratest-wrapper@v1.46.1/testhelper/tests.go:535
        	            				/Users/aatreyeemukherjee/Work/terraform-ibm-icd-mongodb/tests/pr_test.go:136
        	Error:      	Received unexpected error:
        	            	FatalError{Underlying: error while running command: exit status 1; [31m╷[0m[0m
        	            	[31m│[0m [0m[1m[31mError: [0m[0m[1mReference to undeclared local value[0m
        	            	[31m│[0m [0m
        	            	[31m│[0m [0m[0m  on main.tf line 268, in data "ibm_resource_instance" "existing_instance_resource":
        	            	[31m│[0m [0m 268:   identifier = [4mlocal.existing_redis_guid[0m[0m
        	            	[31m│[0m [0m
        	            	[31m│[0m [0mA local value with the name "existing_redis_guid" has not been declared.
        	            	[31m╵[0m[0m
        	            	[31m╷[0m[0m
        	            	[31m│[0m [0m[1m[31mError: [0m[0m[1mUnsupported attribute[0m
        	            	[31m│[0m [0m
        	            	[31m│[0m [0m[0m  on main.tf line 360, in resource "ibm_iam_authorization_policy" "secrets_manager_key_manager":
        	            	[31m│[0m [0m 360:   target_resource_instance_id = module.mongodb[4m.guid[0m[0m
        	            	[31m│[0m [0m    [90m├────────────────[0m
        	            	[31m│[0m [0m[0m    [90m│[0m [1mmodule.mongodb[0m is a list of object
        	            	[31m│[0m [0m[0m
        	            	[31m│[0m [0mCan't access attributes on a list of objects. Did you mean to access
        	            	[31m│[0m [0mattribute "guid" for a specific element of the list, or across all elements
        	            	[31m│[0m [0mof the list?
        	            	[31m╵[0m[0m
        	            	[31m╷[0m[0m
        	            	[31m│[0m [0m[1m[31mError: [0m[0m[1mUnsupported attribute[0m
        	            	[31m│[0m [0m
        	            	[31m│[0m [0m[0m  on outputs.tf line 7, in output "id":
        	            	[31m│[0m [0m   7:   value       = module.mongodb[4m.id[0m[0m
        	            	[31m│[0m [0m    [90m├────────────────[0m
        	            	[31m│[0m [0m[0m    [90m│[0m [1mmodule.mongodb[0m is a list of object
        	            	[31m│[0m [0m[0m
        	            	[31m│[0m [0mCan't access attributes on a list of objects. Did you mean to access
        	            	[31m│[0m [0mattribute "id" for a specific element of the list, or across all elements
        	            	[31m│[0m [0mof the list?
        	            	[31m╵[0m[0m
        	            	[31m╷[0m[0m
        	            	[31m│[0m [0m[1m[31mError: [0m[0m[1mUnsupported attribute[0m
        	            	[31m│[0m [0m
        	            	[31m│[0m [0m[0m  on outputs.tf line 12, in output "version":
        	            	[31m│[0m [0m  12:   value       = module.mongodb[4m.version[0m[0m
        	            	[31m│[0m [0m    [90m├────────────────[0m
        	            	[31m│[0m [0m[0m    [90m│[0m [1mmodule.mongodb[0m is a list of object
        	            	[31m│[0m [0m[0m
        	            	[31m│[0m [0mCan't access attributes on a list of objects. Did you mean to access
        	            	[31m│[0m [0mattribute "version" for a specific element of the list, or across all
        	            	[31m│[0m [0melements of the list?
        	            	[31m╵[0m[0m
        	            	[31m╷[0m[0m
        	            	[31m│[0m [0m[1m[31mError: [0m[0m[1mUnsupported attribute[0m
        	            	[31m│[0m [0m
        	            	[31m│[0m [0m[0m  on outputs.tf line 17, in output "guid":
        	            	[31m│[0m [0m  17:   value       = module.mongodb[4m.guid[0m[0m
        	            	[31m│[0m [0m    [90m├────────────────[0m
        	            	[31m│[0m [0m[0m    [90m│[0m [1mmodule.mongodb[0m is a list of object
        	            	[31m│[0m [0m[0m
        	            	[31m│[0m [0mCan't access attributes on a list of objects. Did you mean to access
        	            	[31m│[0m [0mattribute "guid" for a specific element of the list, or across all elements
        	            	[31m│[0m [0mof the list?
        	            	[31m╵[0m[0m
        	            	[31m╷[0m[0m
        	            	[31m│[0m [0m[1m[31mError: [0m[0m[1mUnsupported attribute[0m
        	            	[31m│[0m [0m
        	            	[31m│[0m [0m[0m  on outputs.tf line 22, in output "crn":
        	            	[31m│[0m [0m  22:   value       = module.mongodb[4m.crn[0m[0m
        	            	[31m│[0m [0m    [90m├────────────────[0m
        	            	[31m│[0m [0m[0m    [90m│[0m [1mmodule.mongodb[0m is a list of object
        	            	[31m│[0m [0m[0m
        	            	[31m│[0m [0mCan't access attributes on a list of objects. Did you mean to access
        	            	[31m│[0m [0mattribute "crn" for a specific element of the list, or across all elements
        	            	[31m│[0m [0mof the list?
        	            	[31m╵[0m[0m
        	            	[31m╷[0m[0m
        	            	[31m│[0m [0m[1m[31mError: [0m[0m[1mUnsupported attribute[0m
        	            	[31m│[0m [0m
        	            	[31m│[0m [0m[0m  on outputs.tf line 27, in output "cbr_rule_ids":
        	            	[31m│[0m [0m  27:   value       = module.mongodb[4m.cbr_rule_ids[0m[0m
        	            	[31m│[0m [0m    [90m├────────────────[0m
        	            	[31m│[0m [0m[0m    [90m│[0m [1mmodule.mongodb[0m is a list of object
        	            	[31m│[0m [0m[0m
        	            	[31m│[0m [0mCan't access attributes on a list of objects. Did you mean to access
        	            	[31m│[0m [0mattribute "cbr_rule_ids" for a specific element of the list, or across all
        	            	[31m│[0m [0melements of the list?
        	            	[31m╵[0m[0m
        	            	[31m╷[0m[0m
        	            	[31m│[0m [0m[1m[31mError: [0m[0m[1mUnsupported attribute[0m
        	            	[31m│[0m [0m
        	            	[31m│[0m [0m[0m  on outputs.tf line 32, in output "service_credentials_json":
        	            	[31m│[0m [0m  32:   value       = module.mongodb[4m.service_credentials_json[0m[0m
        	            	[31m│[0m [0m    [90m├────────────────[0m
        	            	[31m│[0m [0m[0m    [90m│[0m [1mmodule.mongodb[0m is a list of object
        	            	[31m│[0m [0m[0m
        	            	[31m│[0m [0mCan't access attributes on a list of objects. Did you mean to access
        	            	[31m│[0m [0mattribute "service_credentials_json" for a specific element of the list, or
        	            	[31m│[0m [0macross all elements of the list?
        	            	[31m╵[0m[0m
        	            	[31m╷[0m[0m
        	            	[31m│[0m [0m[1m[31mError: [0m[0m[1mUnsupported attribute[0m
        	            	[31m│[0m [0m
        	            	[31m│[0m [0m[0m  on outputs.tf line 38, in output "service_credentials_object":
        	            	[31m│[0m [0m  38:   value       = module.mongodb[4m.service_credentials_object[0m[0m
        	            	[31m│[0m [0m    [90m├────────────────[0m
        	            	[31m│[0m [0m[0m    [90m│[0m [1mmodule.mongodb[0m is a list of object
        	            	[31m│[0m [0m[0m
        	            	[31m│[0m [0mCan't access attributes on a list of objects. Did you mean to access
        	            	[31m│[0m [0mattribute "service_credentials_object" for a specific element of the list,
        	            	[31m│[0m [0mor across all elements of the list?
        	            	[31m╵[0m[0m
        	            	[31m╷[0m[0m
        	            	[31m│[0m [0m[1m[31mError: [0m[0m[1mUnsupported attribute[0m
        	            	[31m│[0m [0m
        	            	[31m│[0m [0m[0m  on outputs.tf line 44, in output "adminuser":
        	            	[31m│[0m [0m  44:   value       = module.mongodb[4m.adminuser[0m[0m
        	            	[31m│[0m [0m    [90m├────────────────[0m
        	            	[31m│[0m [0m[0m    [90m│[0m [1mmodule.mongodb[0m is a list of object
        	            	[31m│[0m [0m[0m
        	            	[31m│[0m [0mCan't access attributes on a list of objects. Did you mean to access
        	            	[31m│[0m [0mattribute "adminuser" for a specific element of the list, or across all
        	            	[31m│[0m [0melements of the list?
        	            	[31m╵[0m[0m
        	            	[31m╷[0m[0m
        	            	[31m│[0m [0m[1m[31mError: [0m[0m[1mReference to undeclared input variable[0m
        	            	[31m│[0m [0m
        	            	[31m│[0m [0m[0m  on ../../main.tf line 386, in data "ibm_database_connection" "database_connection":
        	            	[31m│[0m [0m 386:   endpoint_type = [4mvar.endpoints[0m == "public-and-private" ? "public" : var.endpoints[0m
        	            	[31m│[0m [0m
        	            	[31m│[0m [0mAn input variable with the name "endpoints" has not been declared. This
        	            	[31m│[0m [0mvariable can be declared with a variable "endpoints" {} block.
        	            	[31m╵[0m[0m
        	            	[31m╷[0m[0m
        	            	[31m│[0m [0m[1m[31mError: [0m[0m[1mReference to undeclared input variable[0m
        	            	[31m│[0m [0m
        	            	[31m│[0m [0m[0m  on ../../main.tf line 386, in data "ibm_database_connection" "database_connection":
        	            	[31m│[0m [0m 386:   endpoint_type = var.endpoints == "public-and-private" ? "public" : [4mvar.endpoints[0m[0m
        	            	[31m│[0m [0m
        	            	[31m│[0m [0mAn input variable with the name "endpoints" has not been declared. This
        	            	[31m│[0m [0mvariable can be declared with a variable "endpoints" {} block.
        	            	[31m╵[0m[0m}
        	Test:       	TestRunStandardUpgradeSolution
TestRunStandardUpgradeSolution 2025-02-23T18:45:27+05:30 tests.go:199: FatalError{Underlying: error while running command: exit status 1; [31m╷[0m[0m
[31m│[0m [0m[1m[31mError: [0m[0m[1mReference to undeclared local value[0m
[31m│[0m [0m
[31m│[0m [0m[0m  on main.tf line 268, in data "ibm_resource_instance" "existing_instance_resource":
[31m│[0m [0m 268:   identifier = [4mlocal.existing_redis_guid[0m[0m
[31m│[0m [0m
[31m│[0m [0mA local value with the name "existing_redis_guid" has not been declared.
[31m╵[0m[0m
[31m╷[0m[0m
[31m│[0m [0m[1m[31mError: [0m[0m[1mUnsupported attribute[0m
[31m│[0m [0m
[31m│[0m [0m[0m  on main.tf line 360, in resource "ibm_iam_authorization_policy" "secrets_manager_key_manager":
[31m│[0m [0m 360:   target_resource_instance_id = module.mongodb[4m.guid[0m[0m
[31m│[0m [0m    [90m├────────────────[0m
[31m│[0m [0m[0m    [90m│[0m [1mmodule.mongodb[0m is a list of object
[31m│[0m [0m[0m
[31m│[0m [0mCan't access attributes on a list of objects. Did you mean to access
[31m│[0m [0mattribute "guid" for a specific element of the list, or across all elements
[31m│[0m [0mof the list?
[31m╵[0m[0m
[31m╷[0m[0m
[31m│[0m [0m[1m[31mError: [0m[0m[1mUnsupported attribute[0m
[31m│[0m [0m
[31m│[0m [0m[0m  on outputs.tf line 7, in output "id":
[31m│[0m [0m   7:   value       = module.mongodb[4m.id[0m[0m
[31m│[0m [0m    [90m├────────────────[0m
[31m│[0m [0m[0m    [90m│[0m [1mmodule.mongodb[0m is a list of object
[31m│[0m [0m[0m
[31m│[0m [0mCan't access attributes on a list of objects. Did you mean to access
[31m│[0m [0mattribute "id" for a specific element of the list, or across all elements
[31m│[0m [0mof the list?
[31m╵[0m[0m
[31m╷[0m[0m
[31m│[0m [0m[1m[31mError: [0m[0m[1mUnsupported attribute[0m
[31m│[0m [0m
[31m│[0m [0m[0m  on outputs.tf line 12, in output "version":
[31m│[0m [0m  12:   value       = module.mongodb[4m.version[0m[0m
[31m│[0m [0m    [90m├────────────────[0m
[31m│[0m [0m[0m    [90m│[0m [1mmodule.mongodb[0m is a list of object
[31m│[0m [0m[0m
[31m│[0m [0mCan't access attributes on a list of objects. Did you mean to access
[31m│[0m [0mattribute "version" for a specific element of the list, or across all
[31m│[0m [0melements of the list?
[31m╵[0m[0m
[31m╷[0m[0m
[31m│[0m [0m[1m[31mError: [0m[0m[1mUnsupported attribute[0m
[31m│[0m [0m
[31m│[0m [0m[0m  on outputs.tf line 17, in output "guid":
[31m│[0m [0m  17:   value       = module.mongodb[4m.guid[0m[0m
[31m│[0m [0m    [90m├────────────────[0m
[31m│[0m [0m[0m    [90m│[0m [1mmodule.mongodb[0m is a list of object
[31m│[0m [0m[0m
[31m│[0m [0mCan't access attributes on a list of objects. Did you mean to access
[31m│[0m [0mattribute "guid" for a specific element of the list, or across all elements
[31m│[0m [0mof the list?
[31m╵[0m[0m
[31m╷[0m[0m
[31m│[0m [0m[1m[31mError: [0m[0m[1mUnsupported attribute[0m
[31m│[0m [0m
[31m│[0m [0m[0m  on outputs.tf line 22, in output "crn":
[31m│[0m [0m  22:   value       = module.mongodb[4m.crn[0m[0m
[31m│[0m [0m    [90m├────────────────[0m
[31m│[0m [0m[0m    [90m│[0m [1mmodule.mongodb[0m is a list of object
[31m│[0m [0m[0m
[31m│[0m [0mCan't access attributes on a list of objects. Did you mean to access
[31m│[0m [0mattribute "crn" for a specific element of the list, or across all elements
[31m│[0m [0mof the list?
[31m╵[0m[0m
[31m╷[0m[0m
[31m│[0m [0m[1m[31mError: [0m[0m[1mUnsupported attribute[0m
[31m│[0m [0m
[31m│[0m [0m[0m  on outputs.tf line 27, in output "cbr_rule_ids":
[31m│[0m [0m  27:   value       = module.mongodb[4m.cbr_rule_ids[0m[0m
[31m│[0m [0m    [90m├────────────────[0m
[31m│[0m [0m[0m    [90m│[0m [1mmodule.mongodb[0m is a list of object
[31m│[0m [0m[0m
[31m│[0m [0mCan't access attributes on a list of objects. Did you mean to access
[31m│[0m [0mattribute "cbr_rule_ids" for a specific element of the list, or across all
[31m│[0m [0melements of the list?
[31m╵[0m[0m
[31m╷[0m[0m
[31m│[0m [0m[1m[31mError: [0m[0m[1mUnsupported attribute[0m
[31m│[0m [0m
[31m│[0m [0m[0m  on outputs.tf line 32, in output "service_credentials_json":
[31m│[0m [0m  32:   value       = module.mongodb[4m.service_credentials_json[0m[0m
[31m│[0m [0m    [90m├────────────────[0m
[31m│[0m [0m[0m    [90m│[0m [1mmodule.mongodb[0m is a list of object
[31m│[0m [0m[0m
[31m│[0m [0mCan't access attributes on a list of objects. Did you mean to access
[31m│[0m [0mattribute "service_credentials_json" for a specific element of the list, or
[31m│[0m [0macross all elements of the list?
[31m╵[0m[0m
[31m╷[0m[0m
[31m│[0m [0m[1m[31mError: [0m[0m[1mUnsupported attribute[0m
[31m│[0m [0m
[31m│[0m [0m[0m  on outputs.tf line 38, in output "service_credentials_object":
[31m│[0m [0m  38:   value       = module.mongodb[4m.service_credentials_object[0m[0m
[31m│[0m [0m    [90m├────────────────[0m
[31m│[0m [0m[0m    [90m│[0m [1mmodule.mongodb[0m is a list of object
[31m│[0m [0m[0m
[31m│[0m [0mCan't access attributes on a list of objects. Did you mean to access
[31m│[0m [0mattribute "service_credentials_object" for a specific element of the list,
[31m│[0m [0mor across all elements of the list?
[31m╵[0m[0m
[31m╷[0m[0m
[31m│[0m [0m[1m[31mError: [0m[0m[1mUnsupported attribute[0m
[31m│[0m [0m
[31m│[0m [0m[0m  on outputs.tf line 44, in output "adminuser":
[31m│[0m [0m  44:   value       = module.mongodb[4m.adminuser[0m[0m
[31m│[0m [0m    [90m├────────────────[0m
[31m│[0m [0m[0m    [90m│[0m [1mmodule.mongodb[0m is a list of object
[31m│[0m [0m[0m
[31m│[0m [0mCan't access attributes on a list of objects. Did you mean to access
[31m│[0m [0mattribute "adminuser" for a specific element of the list, or across all
[31m│[0m [0melements of the list?
[31m╵[0m[0m
[31m╷[0m[0m
[31m│[0m [0m[1m[31mError: [0m[0m[1mReference to undeclared input variable[0m
[31m│[0m [0m
[31m│[0m [0m[0m  on ../../main.tf line 386, in data "ibm_database_connection" "database_connection":
[31m│[0m [0m 386:   endpoint_type = [4mvar.endpoints[0m == "public-and-private" ? "public" : var.endpoints[0m
[31m│[0m [0m
[31m│[0m [0mAn input variable with the name "endpoints" has not been declared. This
[31m│[0m [0mvariable can be declared with a variable "endpoints" {} block.
[31m╵[0m[0m
[31m╷[0m[0m
[31m│[0m [0m[1m[31mError: [0m[0m[1mReference to undeclared input variable[0m
[31m│[0m [0m
[31m│[0m [0m[0m  on ../../main.tf line 386, in data "ibm_database_connection" "database_connection":
[31m│[0m [0m 386:   endpoint_type = var.endpoints == "public-and-private" ? "public" : [4mvar.endpoints[0m[0m
[31m│[0m [0m
[31m│[0m [0mAn input variable with the name "endpoints" has not been declared. This
[31m│[0m [0mvariable can be declared with a variable "endpoints" {} block.
[31m╵[0m[0m}
TestRunStandardUpgradeSolution 2025-02-23T18:45:27+05:30 tests.go:266: END: Destroy
TestRunStandardUpgradeSolution 2025-02-23T18:45:28+05:30 tests.go:384: Restoring UseTerraformWorkspace and WorkspacePath to original values: false 
    pr_test.go:138: 
        	Error Trace:	/Users/aatreyeemukherjee/Work/terraform-ibm-icd-mongodb/tests/pr_test.go:138
        	Error:      	Expected nil, but got: retry.FatalError{Underlying:(*shell.ErrWithCmdOutput)(0x140017120d8)}
        	Test:       	TestRunStandardUpgradeSolution
        	Messages:   	This should not have errored
    pr_test.go:139: 
        	Error Trace:	/Users/aatreyeemukherjee/Work/terraform-ibm-icd-mongodb/tests/pr_test.go:139
        	Error:      	Expected value not to be nil.
        	Test:       	TestRunStandardUpgradeSolution
        	Messages:   	Expected some output
--- FAIL: TestRunStandardUpgradeSolution (545.11s)
FAIL
exit status 1
FAIL	github.com/terraform-ibm-modules/terraform-ibm-icd-mongodb	546.298s
